<?xml version="1.0" encoding="utf-8"?>
<Project ToolsVersion="4.0" xmlns="http://schemas.microsoft.com/developer/msbuild/2003">
  <ItemGroup>
    <Filter Include="Source Files">
      <UniqueIdentifier>{c76ff9f1-1e62-46d8-8d55-000000000000}</UniqueIdentifier>
    </Filter>
    <Filter Include="Header Files">
      <UniqueIdentifier>{c76ff9f1-1e62-46d8-8d55-000000000001}</UniqueIdentifier>
    </Filter>
    <Filter Include="Core Source Code">
      <UniqueIdentifier>{c76ff9f1-1e62-46d8-8d55-000000000002}</UniqueIdentifier>
    </Filter>
    <Filter Include="GUI Source Code">
      <UniqueIdentifier>{c76ff9f1-1e62-46d8-8d55-000000000003}</UniqueIdentifier>
    </Filter>
    <Filter Include="Widgets">
      <UniqueIdentifier>{c76ff9f1-1e62-46d8-8d55-000000000004}</UniqueIdentifier>
    </Filter>
    <Filter Include="Command handlers">
      <UniqueIdentifier>{c76ff9f1-1e62-46d8-8d55-000000000005}</UniqueIdentifier>
    </Filter>
    <Filter Include="Save/Load handlers">
      <UniqueIdentifier>{c76ff9f1-1e62-46d8-8d55-000000000006}</UniqueIdentifier>
    </Filter>
    <Filter Include="Tables">
      <UniqueIdentifier>{c76ff9f1-1e62-46d8-8d55-000000000007}</UniqueIdentifier>
    </Filter>
    <Filter Include="MD5">
      <UniqueIdentifier>{c76ff9f1-1e62-46d8-8d55-000000000008}</UniqueIdentifier>
    </Filter>
    <Filter Include="Script">
      <UniqueIdentifier>{c76ff9f1-1e62-46d8-8d55-000000000009}</UniqueIdentifier>
    </Filter>
    <Filter Include="Squirrel">
      <UniqueIdentifier>{c76ff9f1-1e62-46d8-8d55-000000000010}</UniqueIdentifier>
    </Filter>
    <Filter Include="Squirrel headers">
      <UniqueIdentifier>{c76ff9f1-1e62-46d8-8d55-000000000011}</UniqueIdentifier>
    </Filter>
    <Filter Include="AI Core">
      <UniqueIdentifier>{c76ff9f1-1e62-46d8-8d55-000000000012}</UniqueIdentifier>
    </Filter>
    <Filter Include="AI API">
      <UniqueIdentifier>{c76ff9f1-1e62-46d8-8d55-000000000013}</UniqueIdentifier>
    </Filter>
    <Filter Include="AI API Implementation">
      <UniqueIdentifier>{c76ff9f1-1e62-46d8-8d55-000000000014}</UniqueIdentifier>
    </Filter>
    <Filter Include="Blitters">
      <UniqueIdentifier>{c76ff9f1-1e62-46d8-8d55-000000000015}</UniqueIdentifier>
    </Filter>
    <Filter Include="Drivers">
      <UniqueIdentifier>{c76ff9f1-1e62-46d8-8d55-000000000016}</UniqueIdentifier>
    </Filter>
    <Filter Include="Sprite loaders">
      <UniqueIdentifier>{c76ff9f1-1e62-46d8-8d55-000000000017}</UniqueIdentifier>
    </Filter>
    <Filter Include="NewGRF">
      <UniqueIdentifier>{c76ff9f1-1e62-46d8-8d55-000000000018}</UniqueIdentifier>
    </Filter>
    <Filter Include="Map Accessors">
      <UniqueIdentifier>{c76ff9f1-1e62-46d8-8d55-000000000019}</UniqueIdentifier>
    </Filter>
    <Filter Include="Misc">
      <UniqueIdentifier>{c76ff9f1-1e62-46d8-8d55-000000000020}</UniqueIdentifier>
    </Filter>
    <Filter Include="Network Core">
      <UniqueIdentifier>{c76ff9f1-1e62-46d8-8d55-000000000021}</UniqueIdentifier>
    </Filter>
    <Filter Include="Pathfinder">
      <UniqueIdentifier>{c76ff9f1-1e62-46d8-8d55-000000000022}</UniqueIdentifier>
    </Filter>
    <Filter Include="NPF">
      <UniqueIdentifier>{c76ff9f1-1e62-46d8-8d55-000000000023}</UniqueIdentifier>
    </Filter>
    <Filter Include="YAPF">
      <UniqueIdentifier>{c76ff9f1-1e62-46d8-8d55-000000000024}</UniqueIdentifier>
    </Filter>
    <Filter Include="Video">
      <UniqueIdentifier>{c76ff9f1-1e62-46d8-8d55-000000000025}</UniqueIdentifier>
    </Filter>
    <Filter Include="Music">
      <UniqueIdentifier>{c76ff9f1-1e62-46d8-8d55-000000000026}</UniqueIdentifier>
    </Filter>
    <Filter Include="Sound">
      <UniqueIdentifier>{c76ff9f1-1e62-46d8-8d55-000000000027}</UniqueIdentifier>
    </Filter>
    <Filter Include="Windows files">
      <UniqueIdentifier>{c76ff9f1-1e62-46d8-8d55-000000000028}</UniqueIdentifier>
    </Filter>
    <Filter Include="Threading">
      <UniqueIdentifier>{c76ff9f1-1e62-46d8-8d55-000000000029}</UniqueIdentifier>
    </Filter>
  </ItemGroup>
  <ItemGroup>
    <ClCompile Include="..\src\airport.cpp">
      <Filter>Source Files</Filter>
    </ClCompile>
    <ClCompile Include="..\src\animated_tile.cpp">
      <Filter>Source Files</Filter>
    </ClCompile>
    <ClCompile Include="..\src\articulated_vehicles.cpp">
      <Filter>Source Files</Filter>
    </ClCompile>
    <ClCompile Include="..\src\autoreplace.cpp">
      <Filter>Source Files</Filter>
    </ClCompile>
    <ClCompile Include="..\src\bmp.cpp">
      <Filter>Source Files</Filter>
    </ClCompile>
    <ClCompile Include="..\src\cargopacket.cpp">
      <Filter>Source Files</Filter>
    </ClCompile>
    <ClCompile Include="..\src\cargotype.cpp">
      <Filter>Source Files</Filter>
    </ClCompile>
    <ClCompile Include="..\src\cheat.cpp">
      <Filter>Source Files</Filter>
    </ClCompile>
    <ClCompile Include="..\src\command.cpp">
      <Filter>Source Files</Filter>
    </ClCompile>
    <ClCompile Include="..\src\console.cpp">
      <Filter>Source Files</Filter>
    </ClCompile>
    <ClCompile Include="..\src\console_cmds.cpp">
      <Filter>Source Files</Filter>
    </ClCompile>
    <ClCompile Include="..\src\crashlog.cpp">
      <Filter>Source Files</Filter>
    </ClCompile>
    <ClCompile Include="..\src\currency.cpp">
      <Filter>Source Files</Filter>
    </ClCompile>
    <ClCompile Include="..\src\date.cpp">
      <Filter>Source Files</Filter>
    </ClCompile>
    <ClCompile Include="..\src\debug.cpp">
      <Filter>Source Files</Filter>
    </ClCompile>
    <ClCompile Include="..\src\dedicated.cpp">
      <Filter>Source Files</Filter>
    </ClCompile>
    <ClCompile Include="..\src\depot.cpp">
      <Filter>Source Files</Filter>
    </ClCompile>
    <ClCompile Include="..\src\driver.cpp">
      <Filter>Source Files</Filter>
    </ClCompile>
    <ClCompile Include="..\src\economy.cpp">
      <Filter>Source Files</Filter>
    </ClCompile>
    <ClCompile Include="..\src\effectvehicle.cpp">
      <Filter>Source Files</Filter>
    </ClCompile>
    <ClCompile Include="..\src\elrail.cpp">
      <Filter>Source Files</Filter>
    </ClCompile>
    <ClCompile Include="..\src\engine.cpp">
      <Filter>Source Files</Filter>
    </ClCompile>
    <ClCompile Include="..\src\fileio.cpp">
      <Filter>Source Files</Filter>
    </ClCompile>
    <ClCompile Include="..\src\fios.cpp">
      <Filter>Source Files</Filter>
    </ClCompile>
    <ClCompile Include="..\src\fontcache.cpp">
      <Filter>Source Files</Filter>
    </ClCompile>
    <ClCompile Include="..\src\gamelog.cpp">
      <Filter>Source Files</Filter>
    </ClCompile>
    <ClCompile Include="..\src\genworld.cpp">
      <Filter>Source Files</Filter>
    </ClCompile>
    <ClCompile Include="..\src\gfx.cpp">
      <Filter>Source Files</Filter>
    </ClCompile>
    <ClCompile Include="..\src\gfxinit.cpp">
      <Filter>Source Files</Filter>
    </ClCompile>
    <ClCompile Include="..\src\ground_vehicle.cpp">
      <Filter>Source Files</Filter>
    </ClCompile>
    <ClCompile Include="..\src\heightmap.cpp">
      <Filter>Source Files</Filter>
    </ClCompile>
    <ClCompile Include="..\src\highscore.cpp">
      <Filter>Source Files</Filter>
    </ClCompile>
    <ClCompile Include="..\src\hotkeys.cpp">
      <Filter>Source Files</Filter>
    </ClCompile>
    <ClCompile Include="..\src\ini.cpp">
      <Filter>Source Files</Filter>
    </ClCompile>
    <ClCompile Include="..\src\landscape.cpp">
      <Filter>Source Files</Filter>
    </ClCompile>
    <ClCompile Include="..\src\map.cpp">
      <Filter>Source Files</Filter>
    </ClCompile>
    <ClCompile Include="..\src\misc.cpp">
      <Filter>Source Files</Filter>
    </ClCompile>
    <ClCompile Include="..\src\mixer.cpp">
      <Filter>Source Files</Filter>
    </ClCompile>
    <ClCompile Include="..\src\music.cpp">
      <Filter>Source Files</Filter>
    </ClCompile>
    <ClCompile Include="..\src\network\network.cpp">
      <Filter>Source Files</Filter>
    </ClCompile>
    <ClCompile Include="..\src\network\network_admin.cpp">
      <Filter>Source Files</Filter>
    </ClCompile>
    <ClCompile Include="..\src\network\network_client.cpp">
      <Filter>Source Files</Filter>
    </ClCompile>
    <ClCompile Include="..\src\network\network_command.cpp">
      <Filter>Source Files</Filter>
    </ClCompile>
    <ClCompile Include="..\src\network\network_content.cpp">
      <Filter>Source Files</Filter>
    </ClCompile>
    <ClCompile Include="..\src\network\network_gamelist.cpp">
      <Filter>Source Files</Filter>
    </ClCompile>
    <ClCompile Include="..\src\network\network_server.cpp">
      <Filter>Source Files</Filter>
    </ClCompile>
    <ClCompile Include="..\src\network\network_udp.cpp">
      <Filter>Source Files</Filter>
    </ClCompile>
    <ClCompile Include="..\src\openttd.cpp">
      <Filter>Source Files</Filter>
    </ClCompile>
    <ClCompile Include="..\src\order_backup.cpp">
      <Filter>Source Files</Filter>
    </ClCompile>
    <ClCompile Include="..\src\os_timer.cpp">
      <Filter>Source Files</Filter>
    </ClCompile>
    <ClCompile Include="..\src\pbs.cpp">
      <Filter>Source Files</Filter>
    </ClCompile>
    <ClCompile Include="..\src\rail.cpp">
      <Filter>Source Files</Filter>
    </ClCompile>
    <ClCompile Include="..\src\rev.cpp">
      <Filter>Source Files</Filter>
    </ClCompile>
    <ClCompile Include="..\src\road.cpp">
      <Filter>Source Files</Filter>
    </ClCompile>
    <ClCompile Include="..\src\roadstop.cpp">
      <Filter>Source Files</Filter>
    </ClCompile>
    <ClCompile Include="..\src\screenshot.cpp">
      <Filter>Source Files</Filter>
    </ClCompile>
    <ClCompile Include="..\src\sdl.cpp">
      <Filter>Source Files</Filter>
    </ClCompile>
    <ClCompile Include="..\src\settings.cpp">
      <Filter>Source Files</Filter>
    </ClCompile>
    <ClCompile Include="..\src\signal.cpp">
      <Filter>Source Files</Filter>
    </ClCompile>
    <ClCompile Include="..\src\signs.cpp">
      <Filter>Source Files</Filter>
    </ClCompile>
    <ClCompile Include="..\src\sound.cpp">
      <Filter>Source Files</Filter>
    </ClCompile>
    <ClCompile Include="..\src\sprite.cpp">
      <Filter>Source Files</Filter>
    </ClCompile>
    <ClCompile Include="..\src\spritecache.cpp">
      <Filter>Source Files</Filter>
    </ClCompile>
    <ClCompile Include="..\src\station.cpp">
      <Filter>Source Files</Filter>
    </ClCompile>
    <ClCompile Include="..\src\string.cpp">
      <Filter>Source Files</Filter>
    </ClCompile>
    <ClCompile Include="..\src\strings.cpp">
      <Filter>Source Files</Filter>
    </ClCompile>
    <ClCompile Include="..\src\subsidy.cpp">
      <Filter>Source Files</Filter>
    </ClCompile>
    <ClCompile Include="..\src\texteff.cpp">
      <Filter>Source Files</Filter>
    </ClCompile>
    <ClCompile Include="..\src\tgp.cpp">
      <Filter>Source Files</Filter>
    </ClCompile>
    <ClCompile Include="..\src\tile_map.cpp">
      <Filter>Source Files</Filter>
    </ClCompile>
    <ClCompile Include="..\src\tilearea.cpp">
      <Filter>Source Files</Filter>
    </ClCompile>
    <ClCompile Include="..\src\townname.cpp">
      <Filter>Source Files</Filter>
    </ClCompile>
    <ClCompile Include="..\src\vehicle.cpp">
      <Filter>Source Files</Filter>
    </ClCompile>
    <ClCompile Include="..\src\vehiclelist.cpp">
      <Filter>Source Files</Filter>
    </ClCompile>
    <ClCompile Include="..\src\viewport.cpp">
      <Filter>Source Files</Filter>
    </ClCompile>
    <ClCompile Include="..\src\waypoint.cpp">
      <Filter>Source Files</Filter>
    </ClCompile>
    <ClCompile Include="..\src\widget.cpp">
      <Filter>Source Files</Filter>
    </ClCompile>
    <ClCompile Include="..\src\window.cpp">
      <Filter>Source Files</Filter>
    </ClCompile>
    <ClInclude Include="..\src\aircraft.h">
      <Filter>Header Files</Filter>
    </ClInclude>
    <ClInclude Include="..\src\airport.h">
      <Filter>Header Files</Filter>
    </ClInclude>
    <ClInclude Include="..\src\animated_tile_func.h">
      <Filter>Header Files</Filter>
    </ClInclude>
    <ClInclude Include="..\src\articulated_vehicles.h">
      <Filter>Header Files</Filter>
    </ClInclude>
    <ClInclude Include="..\src\autoreplace_base.h">
      <Filter>Header Files</Filter>
    </ClInclude>
    <ClInclude Include="..\src\autoreplace_func.h">
      <Filter>Header Files</Filter>
    </ClInclude>
    <ClInclude Include="..\src\autoreplace_gui.h">
      <Filter>Header Files</Filter>
    </ClInclude>
    <ClInclude Include="..\src\autoreplace_type.h">
      <Filter>Header Files</Filter>
    </ClInclude>
    <ClInclude Include="..\src\autoslope.h">
      <Filter>Header Files</Filter>
    </ClInclude>
    <ClInclude Include="..\src\base_media_base.h">
      <Filter>Header Files</Filter>
    </ClInclude>
    <ClInclude Include="..\src\base_media_func.h">
      <Filter>Header Files</Filter>
    </ClInclude>
    <ClInclude Include="..\src\base_station_base.h">
      <Filter>Header Files</Filter>
    </ClInclude>
    <ClInclude Include="..\src\bmp.h">
      <Filter>Header Files</Filter>
    </ClInclude>
    <ClInclude Include="..\src\bridge.h">
      <Filter>Header Files</Filter>
    </ClInclude>
    <ClInclude Include="..\src\cargo_type.h">
      <Filter>Header Files</Filter>
    </ClInclude>
    <ClInclude Include="..\src\cargopacket.h">
      <Filter>Header Files</Filter>
    </ClInclude>
    <ClInclude Include="..\src\cargotype.h">
      <Filter>Header Files</Filter>
    </ClInclude>
    <ClInclude Include="..\src\cheat_func.h">
      <Filter>Header Files</Filter>
    </ClInclude>
    <ClInclude Include="..\src\cheat_type.h">
      <Filter>Header Files</Filter>
    </ClInclude>
    <ClInclude Include="..\src\clear_func.h">
      <Filter>Header Files</Filter>
    </ClInclude>
    <ClInclude Include="..\src\cmd_helper.h">
      <Filter>Header Files</Filter>
    </ClInclude>
    <ClInclude Include="..\src\command_func.h">
      <Filter>Header Files</Filter>
    </ClInclude>
    <ClInclude Include="..\src\command_type.h">
      <Filter>Header Files</Filter>
    </ClInclude>
    <ClInclude Include="..\src\company_base.h">
      <Filter>Header Files</Filter>
    </ClInclude>
    <ClInclude Include="..\src\company_func.h">
      <Filter>Header Files</Filter>
    </ClInclude>
    <ClInclude Include="..\src\company_gui.h">
      <Filter>Header Files</Filter>
    </ClInclude>
    <ClInclude Include="..\src\company_manager_face.h">
      <Filter>Header Files</Filter>
    </ClInclude>
    <ClInclude Include="..\src\company_type.h">
      <Filter>Header Files</Filter>
    </ClInclude>
    <ClInclude Include="..\src\console_func.h">
      <Filter>Header Files</Filter>
    </ClInclude>
    <ClInclude Include="..\src\console_gui.h">
      <Filter>Header Files</Filter>
    </ClInclude>
    <ClInclude Include="..\src\console_internal.h">
      <Filter>Header Files</Filter>
    </ClInclude>
    <ClInclude Include="..\src\console_type.h">
      <Filter>Header Files</Filter>
    </ClInclude>
    <ClInclude Include="..\src\crashlog.h">
      <Filter>Header Files</Filter>
    </ClInclude>
    <ClInclude Include="..\src\currency.h">
      <Filter>Header Files</Filter>
    </ClInclude>
    <ClInclude Include="..\src\date_func.h">
      <Filter>Header Files</Filter>
    </ClInclude>
    <ClInclude Include="..\src\date_gui.h">
      <Filter>Header Files</Filter>
    </ClInclude>
    <ClInclude Include="..\src\date_type.h">
      <Filter>Header Files</Filter>
    </ClInclude>
    <ClInclude Include="..\src\debug.h">
      <Filter>Header Files</Filter>
    </ClInclude>
    <ClInclude Include="..\src\video\dedicated_v.h">
      <Filter>Header Files</Filter>
    </ClInclude>
    <ClInclude Include="..\src\depot_base.h">
      <Filter>Header Files</Filter>
    </ClInclude>
    <ClInclude Include="..\src\depot_func.h">
      <Filter>Header Files</Filter>
    </ClInclude>
    <ClInclude Include="..\src\depot_map.h">
      <Filter>Header Files</Filter>
    </ClInclude>
    <ClInclude Include="..\src\depot_type.h">
      <Filter>Header Files</Filter>
    </ClInclude>
    <ClInclude Include="..\src\direction_func.h">
      <Filter>Header Files</Filter>
    </ClInclude>
    <ClInclude Include="..\src\direction_type.h">
      <Filter>Header Files</Filter>
    </ClInclude>
    <ClInclude Include="..\src\music\dmusic.h">
      <Filter>Header Files</Filter>
    </ClInclude>
    <ClInclude Include="..\src\driver.h">
      <Filter>Header Files</Filter>
    </ClInclude>
    <ClInclude Include="..\src\economy_base.h">
      <Filter>Header Files</Filter>
    </ClInclude>
    <ClInclude Include="..\src\economy_func.h">
      <Filter>Header Files</Filter>
    </ClInclude>
    <ClInclude Include="..\src\economy_type.h">
      <Filter>Header Files</Filter>
    </ClInclude>
    <ClInclude Include="..\src\effectvehicle_base.h">
      <Filter>Header Files</Filter>
    </ClInclude>
    <ClInclude Include="..\src\effectvehicle_func.h">
      <Filter>Header Files</Filter>
    </ClInclude>
    <ClInclude Include="..\src\elrail_func.h">
      <Filter>Header Files</Filter>
    </ClInclude>
    <ClInclude Include="..\src\engine_base.h">
      <Filter>Header Files</Filter>
    </ClInclude>
    <ClInclude Include="..\src\engine_func.h">
      <Filter>Header Files</Filter>
    </ClInclude>
    <ClInclude Include="..\src\engine_gui.h">
      <Filter>Header Files</Filter>
    </ClInclude>
    <ClInclude Include="..\src\engine_type.h">
      <Filter>Header Files</Filter>
    </ClInclude>
    <ClInclude Include="..\src\fileio_func.h">
      <Filter>Header Files</Filter>
    </ClInclude>
    <ClInclude Include="..\src\fileio_type.h">
      <Filter>Header Files</Filter>
    </ClInclude>
    <ClInclude Include="..\src\fios.h">
      <Filter>Header Files</Filter>
    </ClInclude>
    <ClInclude Include="..\src\fontcache.h">
      <Filter>Header Files</Filter>
    </ClInclude>
    <ClInclude Include="..\src\gamelog.h">
      <Filter>Header Files</Filter>
    </ClInclude>
    <ClInclude Include="..\src\gamelog_internal.h">
      <Filter>Header Files</Filter>
    </ClInclude>
    <ClInclude Include="..\src\genworld.h">
      <Filter>Header Files</Filter>
    </ClInclude>
    <ClInclude Include="..\src\gfx_func.h">
      <Filter>Header Files</Filter>
    </ClInclude>
    <ClInclude Include="..\src\gfx_type.h">
      <Filter>Header Files</Filter>
    </ClInclude>
    <ClInclude Include="..\src\gfxinit.h">
      <Filter>Header Files</Filter>
    </ClInclude>
    <ClInclude Include="..\src\graph_gui.h">
      <Filter>Header Files</Filter>
    </ClInclude>
    <ClInclude Include="..\src\ground_vehicle.hpp">
      <Filter>Header Files</Filter>
    </ClInclude>
    <ClInclude Include="..\src\group.h">
      <Filter>Header Files</Filter>
    </ClInclude>
    <ClInclude Include="..\src\group_gui.h">
      <Filter>Header Files</Filter>
    </ClInclude>
    <ClInclude Include="..\src\group_type.h">
      <Filter>Header Files</Filter>
    </ClInclude>
    <ClInclude Include="..\src\gui.h">
      <Filter>Header Files</Filter>
    </ClInclude>
    <ClInclude Include="..\src\heightmap.h">
      <Filter>Header Files</Filter>
    </ClInclude>
    <ClInclude Include="..\src\highscore.h">
      <Filter>Header Files</Filter>
    </ClInclude>
    <ClInclude Include="..\src\hotkeys.h">
      <Filter>Header Files</Filter>
    </ClInclude>
    <ClInclude Include="..\src\house.h">
      <Filter>Header Files</Filter>
    </ClInclude>
    <ClInclude Include="..\src\house_type.h">
      <Filter>Header Files</Filter>
    </ClInclude>
    <ClInclude Include="..\src\industry.h">
      <Filter>Header Files</Filter>
    </ClInclude>
    <ClInclude Include="..\src\industry_type.h">
      <Filter>Header Files</Filter>
    </ClInclude>
    <ClInclude Include="..\src\industrytype.h">
      <Filter>Header Files</Filter>
    </ClInclude>
    <ClInclude Include="..\src\ini_type.h">
      <Filter>Header Files</Filter>
    </ClInclude>
    <ClInclude Include="..\src\landscape.h">
      <Filter>Header Files</Filter>
    </ClInclude>
    <ClInclude Include="..\src\landscape_type.h">
      <Filter>Header Files</Filter>
    </ClInclude>
    <ClInclude Include="..\src\language.h">
      <Filter>Header Files</Filter>
    </ClInclude>
    <ClInclude Include="..\src\livery.h">
      <Filter>Header Files</Filter>
    </ClInclude>
    <ClInclude Include="..\src\map_func.h">
      <Filter>Header Files</Filter>
    </ClInclude>
    <ClInclude Include="..\src\map_type.h">
      <Filter>Header Files</Filter>
    </ClInclude>
    <ClInclude Include="..\src\mixer.h">
      <Filter>Header Files</Filter>
    </ClInclude>
    <ClInclude Include="..\src\network\network.h">
      <Filter>Header Files</Filter>
    </ClInclude>
    <ClInclude Include="..\src\network\network_admin.h">
      <Filter>Header Files</Filter>
    </ClInclude>
    <ClInclude Include="..\src\network\network_base.h">
      <Filter>Header Files</Filter>
    </ClInclude>
    <ClInclude Include="..\src\network\network_client.h">
      <Filter>Header Files</Filter>
    </ClInclude>
    <ClInclude Include="..\src\network\network_content.h">
      <Filter>Header Files</Filter>
    </ClInclude>
    <ClInclude Include="..\src\network\network_func.h">
      <Filter>Header Files</Filter>
    </ClInclude>
    <ClInclude Include="..\src\network\network_gamelist.h">
      <Filter>Header Files</Filter>
    </ClInclude>
    <ClInclude Include="..\src\network\network_gui.h">
      <Filter>Header Files</Filter>
    </ClInclude>
    <ClInclude Include="..\src\network\network_internal.h">
      <Filter>Header Files</Filter>
    </ClInclude>
    <ClInclude Include="..\src\network\network_server.h">
      <Filter>Header Files</Filter>
    </ClInclude>
    <ClInclude Include="..\src\network\network_type.h">
      <Filter>Header Files</Filter>
    </ClInclude>
    <ClInclude Include="..\src\network\network_udp.h">
      <Filter>Header Files</Filter>
    </ClInclude>
    <ClInclude Include="..\src\newgrf.h">
      <Filter>Header Files</Filter>
    </ClInclude>
    <ClInclude Include="..\src\newgrf_airport.h">
      <Filter>Header Files</Filter>
    </ClInclude>
    <ClInclude Include="..\src\newgrf_airporttiles.h">
      <Filter>Header Files</Filter>
    </ClInclude>
    <ClInclude Include="..\src\newgrf_animation_base.h">
      <Filter>Header Files</Filter>
    </ClInclude>
    <ClInclude Include="..\src\newgrf_animation_type.h">
      <Filter>Header Files</Filter>
    </ClInclude>
    <ClInclude Include="..\src\newgrf_callbacks.h">
      <Filter>Header Files</Filter>
    </ClInclude>
    <ClInclude Include="..\src\newgrf_canal.h">
      <Filter>Header Files</Filter>
    </ClInclude>
    <ClInclude Include="..\src\newgrf_cargo.h">
      <Filter>Header Files</Filter>
    </ClInclude>
    <ClInclude Include="..\src\newgrf_class.h">
      <Filter>Header Files</Filter>
    </ClInclude>
    <ClInclude Include="..\src\newgrf_class_func.h">
      <Filter>Header Files</Filter>
    </ClInclude>
    <ClInclude Include="..\src\newgrf_commons.h">
      <Filter>Header Files</Filter>
    </ClInclude>
    <ClInclude Include="..\src\newgrf_config.h">
      <Filter>Header Files</Filter>
    </ClInclude>
    <ClInclude Include="..\src\newgrf_debug.h">
      <Filter>Header Files</Filter>
    </ClInclude>
    <ClInclude Include="..\src\newgrf_engine.h">
      <Filter>Header Files</Filter>
    </ClInclude>
    <ClInclude Include="..\src\newgrf_generic.h">
      <Filter>Header Files</Filter>
    </ClInclude>
    <ClInclude Include="..\src\newgrf_house.h">
      <Filter>Header Files</Filter>
    </ClInclude>
    <ClInclude Include="..\src\newgrf_industries.h">
      <Filter>Header Files</Filter>
    </ClInclude>
    <ClInclude Include="..\src\newgrf_industrytiles.h">
      <Filter>Header Files</Filter>
    </ClInclude>
    <ClInclude Include="..\src\newgrf_object.h">
      <Filter>Header Files</Filter>
    </ClInclude>
    <ClInclude Include="..\src\newgrf_properties.h">
      <Filter>Header Files</Filter>
    </ClInclude>
    <ClInclude Include="..\src\newgrf_railtype.h">
      <Filter>Header Files</Filter>
    </ClInclude>
    <ClInclude Include="..\src\newgrf_sound.h">
      <Filter>Header Files</Filter>
    </ClInclude>
    <ClInclude Include="..\src\newgrf_spritegroup.h">
      <Filter>Header Files</Filter>
    </ClInclude>
    <ClInclude Include="..\src\newgrf_station.h">
      <Filter>Header Files</Filter>
    </ClInclude>
    <ClInclude Include="..\src\newgrf_storage.h">
      <Filter>Header Files</Filter>
    </ClInclude>
    <ClInclude Include="..\src\newgrf_text.h">
      <Filter>Header Files</Filter>
    </ClInclude>
    <ClInclude Include="..\src\newgrf_town.h">
      <Filter>Header Files</Filter>
    </ClInclude>
    <ClInclude Include="..\src\newgrf_townname.h">
      <Filter>Header Files</Filter>
    </ClInclude>
    <ClInclude Include="..\src\news_func.h">
      <Filter>Header Files</Filter>
    </ClInclude>
    <ClInclude Include="..\src\news_gui.h">
      <Filter>Header Files</Filter>
    </ClInclude>
    <ClInclude Include="..\src\news_type.h">
      <Filter>Header Files</Filter>
    </ClInclude>
    <ClInclude Include="..\src\music\null_m.h">
      <Filter>Header Files</Filter>
    </ClInclude>
    <ClInclude Include="..\src\sound\null_s.h">
      <Filter>Header Files</Filter>
    </ClInclude>
    <ClInclude Include="..\src\video\null_v.h">
      <Filter>Header Files</Filter>
    </ClInclude>
    <ClInclude Include="..\src\object.h">
      <Filter>Header Files</Filter>
    </ClInclude>
    <ClInclude Include="..\src\object_base.h">
      <Filter>Header Files</Filter>
    </ClInclude>
    <ClInclude Include="..\src\object_type.h">
      <Filter>Header Files</Filter>
    </ClInclude>
    <ClInclude Include="..\src\openttd.h">
      <Filter>Header Files</Filter>
    </ClInclude>
    <ClInclude Include="..\src\order_backup.h">
      <Filter>Header Files</Filter>
    </ClInclude>
    <ClInclude Include="..\src\order_base.h">
      <Filter>Header Files</Filter>
    </ClInclude>
    <ClInclude Include="..\src\order_func.h">
      <Filter>Header Files</Filter>
    </ClInclude>
    <ClInclude Include="..\src\order_type.h">
      <Filter>Header Files</Filter>
    </ClInclude>
    <ClInclude Include="..\src\pbs.h">
      <Filter>Header Files</Filter>
    </ClInclude>
    <ClInclude Include="..\src\querystring_gui.h">
      <Filter>Header Files</Filter>
    </ClInclude>
    <ClInclude Include="..\src\rail.h">
      <Filter>Header Files</Filter>
    </ClInclude>
    <ClInclude Include="..\src\rail_gui.h">
      <Filter>Header Files</Filter>
    </ClInclude>
    <ClInclude Include="..\src\rail_type.h">
      <Filter>Header Files</Filter>
    </ClInclude>
    <ClInclude Include="..\src\rev.h">
      <Filter>Header Files</Filter>
    </ClInclude>
    <ClInclude Include="..\src\road_cmd.h">
      <Filter>Header Files</Filter>
    </ClInclude>
    <ClInclude Include="..\src\road_func.h">
      <Filter>Header Files</Filter>
    </ClInclude>
    <ClInclude Include="..\src\road_gui.h">
      <Filter>Header Files</Filter>
    </ClInclude>
    <ClInclude Include="..\src\road_internal.h">
      <Filter>Header Files</Filter>
    </ClInclude>
    <ClInclude Include="..\src\road_type.h">
      <Filter>Header Files</Filter>
    </ClInclude>
    <ClInclude Include="..\src\roadstop_base.h">
      <Filter>Header Files</Filter>
    </ClInclude>
    <ClInclude Include="..\src\roadveh.h">
      <Filter>Header Files</Filter>
    </ClInclude>
    <ClInclude Include="..\src\screenshot.h">
      <Filter>Header Files</Filter>
    </ClInclude>
    <ClInclude Include="..\src\sdl.h">
      <Filter>Header Files</Filter>
    </ClInclude>
    <ClInclude Include="..\src\smallmap_gui.h">
      <Filter>Header Files</Filter>
    </ClInclude>
    <ClInclude Include="..\src\sound\sdl_s.h">
      <Filter>Header Files</Filter>
    </ClInclude>
    <ClInclude Include="..\src\video\sdl_v.h">
      <Filter>Header Files</Filter>
    </ClInclude>
    <ClInclude Include="..\src\settings_func.h">
      <Filter>Header Files</Filter>
    </ClInclude>
    <ClInclude Include="..\src\settings_internal.h">
      <Filter>Header Files</Filter>
    </ClInclude>
    <ClInclude Include="..\src\settings_type.h">
      <Filter>Header Files</Filter>
    </ClInclude>
    <ClInclude Include="..\src\ship.h">
      <Filter>Header Files</Filter>
    </ClInclude>
    <ClInclude Include="..\src\signal_func.h">
      <Filter>Header Files</Filter>
    </ClInclude>
    <ClInclude Include="..\src\signal_type.h">
      <Filter>Header Files</Filter>
    </ClInclude>
    <ClInclude Include="..\src\signs_base.h">
      <Filter>Header Files</Filter>
    </ClInclude>
    <ClInclude Include="..\src\signs_func.h">
      <Filter>Header Files</Filter>
    </ClInclude>
    <ClInclude Include="..\src\signs_type.h">
      <Filter>Header Files</Filter>
    </ClInclude>
    <ClInclude Include="..\src\slope_func.h">
      <Filter>Header Files</Filter>
    </ClInclude>
    <ClInclude Include="..\src\slope_type.h">
      <Filter>Header Files</Filter>
    </ClInclude>
    <ClInclude Include="..\src\sortlist_type.h">
      <Filter>Header Files</Filter>
    </ClInclude>
    <ClInclude Include="..\src\sound_func.h">
      <Filter>Header Files</Filter>
    </ClInclude>
    <ClInclude Include="..\src\sound_type.h">
      <Filter>Header Files</Filter>
    </ClInclude>
    <ClInclude Include="..\src\sprite.h">
      <Filter>Header Files</Filter>
    </ClInclude>
    <ClInclude Include="..\src\spritecache.h">
      <Filter>Header Files</Filter>
    </ClInclude>
    <ClInclude Include="..\src\station_base.h">
      <Filter>Header Files</Filter>
    </ClInclude>
    <ClInclude Include="..\src\station_func.h">
      <Filter>Header Files</Filter>
    </ClInclude>
    <ClInclude Include="..\src\station_gui.h">
      <Filter>Header Files</Filter>
    </ClInclude>
    <ClInclude Include="..\src\station_type.h">
      <Filter>Header Files</Filter>
    </ClInclude>
    <ClInclude Include="..\src\statusbar_gui.h">
      <Filter>Header Files</Filter>
    </ClInclude>
    <ClInclude Include="..\src\stdafx.h">
      <Filter>Header Files</Filter>
    </ClInclude>
    <ClInclude Include="..\src\string_func.h">
      <Filter>Header Files</Filter>
    </ClInclude>
    <ClInclude Include="..\src\string_type.h">
      <Filter>Header Files</Filter>
    </ClInclude>
    <ClInclude Include="..\src\strings_func.h">
      <Filter>Header Files</Filter>
    </ClInclude>
    <ClInclude Include="..\src\strings_type.h">
      <Filter>Header Files</Filter>
    </ClInclude>
    <ClInclude Include="..\src\subsidy_base.h">
      <Filter>Header Files</Filter>
    </ClInclude>
    <ClInclude Include="..\src\subsidy_func.h">
      <Filter>Header Files</Filter>
    </ClInclude>
    <ClInclude Include="..\src\subsidy_type.h">
      <Filter>Header Files</Filter>
    </ClInclude>
    <ClInclude Include="..\src\tar_type.h">
      <Filter>Header Files</Filter>
    </ClInclude>
    <ClInclude Include="..\src\terraform_gui.h">
      <Filter>Header Files</Filter>
    </ClInclude>
    <ClInclude Include="..\src\textbuf_gui.h">
      <Filter>Header Files</Filter>
    </ClInclude>
    <ClInclude Include="..\src\texteff.hpp">
      <Filter>Header Files</Filter>
    </ClInclude>
    <ClInclude Include="..\src\tgp.h">
      <Filter>Header Files</Filter>
    </ClInclude>
    <ClInclude Include="..\src\tilearea_type.h">
      <Filter>Header Files</Filter>
    </ClInclude>
    <ClInclude Include="..\src\tile_cmd.h">
      <Filter>Header Files</Filter>
    </ClInclude>
    <ClInclude Include="..\src\tile_type.h">
      <Filter>Header Files</Filter>
    </ClInclude>
    <ClInclude Include="..\src\tilehighlight_func.h">
      <Filter>Header Files</Filter>
    </ClInclude>
    <ClInclude Include="..\src\tilehighlight_type.h">
      <Filter>Header Files</Filter>
    </ClInclude>
    <ClInclude Include="..\src\timetable.h">
      <Filter>Header Files</Filter>
    </ClInclude>
    <ClInclude Include="..\src\toolbar_gui.h">
      <Filter>Header Files</Filter>
    </ClInclude>
    <ClInclude Include="..\src\town.h">
      <Filter>Header Files</Filter>
    </ClInclude>
    <ClInclude Include="..\src\town_type.h">
      <Filter>Header Files</Filter>
    </ClInclude>
    <ClInclude Include="..\src\townname_func.h">
      <Filter>Header Files</Filter>
    </ClInclude>
    <ClInclude Include="..\src\townname_type.h">
      <Filter>Header Files</Filter>
    </ClInclude>
    <ClInclude Include="..\src\track_func.h">
      <Filter>Header Files</Filter>
    </ClInclude>
    <ClInclude Include="..\src\track_type.h">
      <Filter>Header Files</Filter>
    </ClInclude>
    <ClInclude Include="..\src\train.h">
      <Filter>Header Files</Filter>
    </ClInclude>
    <ClInclude Include="..\src\transparency.h">
      <Filter>Header Files</Filter>
    </ClInclude>
    <ClInclude Include="..\src\transparency_gui.h">
      <Filter>Header Files</Filter>
    </ClInclude>
    <ClInclude Include="..\src\transport_type.h">
      <Filter>Header Files</Filter>
    </ClInclude>
    <ClInclude Include="..\src\tunnelbridge.h">
      <Filter>Header Files</Filter>
    </ClInclude>
    <ClInclude Include="..\src\vehicle_base.h">
      <Filter>Header Files</Filter>
    </ClInclude>
    <ClInclude Include="..\src\vehicle_func.h">
      <Filter>Header Files</Filter>
    </ClInclude>
    <ClInclude Include="..\src\vehicle_gui.h">
      <Filter>Header Files</Filter>
    </ClInclude>
    <ClInclude Include="..\src\vehicle_gui_base.h">
      <Filter>Header Files</Filter>
    </ClInclude>
    <ClInclude Include="..\src\vehicle_type.h">
      <Filter>Header Files</Filter>
    </ClInclude>
    <ClInclude Include="..\src\vehiclelist.h">
      <Filter>Header Files</Filter>
    </ClInclude>
    <ClInclude Include="..\src\viewport_func.h">
      <Filter>Header Files</Filter>
    </ClInclude>
    <ClInclude Include="..\src\viewport_type.h">
      <Filter>Header Files</Filter>
    </ClInclude>
    <ClInclude Include="..\src\water.h">
      <Filter>Header Files</Filter>
    </ClInclude>
    <ClInclude Include="..\src\waypoint_base.h">
      <Filter>Header Files</Filter>
    </ClInclude>
    <ClInclude Include="..\src\waypoint_func.h">
      <Filter>Header Files</Filter>
    </ClInclude>
    <ClInclude Include="..\src\widget_type.h">
      <Filter>Header Files</Filter>
    </ClInclude>
    <ClInclude Include="..\src\os\windows\win32.h">
      <Filter>Header Files</Filter>
    </ClInclude>
    <ClInclude Include="..\src\music\win32_m.h">
      <Filter>Header Files</Filter>
    </ClInclude>
    <ClInclude Include="..\src\sound\win32_s.h">
      <Filter>Header Files</Filter>
    </ClInclude>
    <ClInclude Include="..\src\video\win32_v.h">
      <Filter>Header Files</Filter>
    </ClInclude>
    <ClInclude Include="..\src\window_func.h">
      <Filter>Header Files</Filter>
    </ClInclude>
    <ClInclude Include="..\src\window_gui.h">
      <Filter>Header Files</Filter>
    </ClInclude>
    <ClInclude Include="..\src\window_type.h">
      <Filter>Header Files</Filter>
    </ClInclude>
    <ClInclude Include="..\src\zoom_func.h">
      <Filter>Header Files</Filter>
    </ClInclude>
    <ClInclude Include="..\src\zoom_type.h">
      <Filter>Header Files</Filter>
    </ClInclude>
    <ClCompile Include="..\src\core\alloc_func.cpp">
      <Filter>Core Source Code</Filter>
    </ClCompile>
    <ClInclude Include="..\src\core\alloc_func.hpp">
      <Filter>Core Source Code</Filter>
    </ClInclude>
    <ClInclude Include="..\src\core\alloc_type.hpp">
      <Filter>Core Source Code</Filter>
    </ClInclude>
    <ClInclude Include="..\src\core\backup_type.hpp">
      <Filter>Core Source Code</Filter>
    </ClInclude>
    <ClCompile Include="..\src\core\bitmath_func.cpp">
      <Filter>Core Source Code</Filter>
    </ClCompile>
    <ClInclude Include="..\src\core\bitmath_func.hpp">
      <Filter>Core Source Code</Filter>
    </ClInclude>
    <ClInclude Include="..\src\core\endian_func.hpp">
      <Filter>Core Source Code</Filter>
    </ClInclude>
    <ClInclude Include="..\src\core\endian_type.hpp">
      <Filter>Core Source Code</Filter>
    </ClInclude>
    <ClInclude Include="..\src\core\enum_type.hpp">
      <Filter>Core Source Code</Filter>
    </ClInclude>
    <ClCompile Include="..\src\core\geometry_func.cpp">
      <Filter>Core Source Code</Filter>
    </ClCompile>
    <ClInclude Include="..\src\core\geometry_func.hpp">
      <Filter>Core Source Code</Filter>
    </ClInclude>
    <ClInclude Include="..\src\core\geometry_type.hpp">
      <Filter>Core Source Code</Filter>
    </ClInclude>
    <ClCompile Include="..\src\core\math_func.cpp">
      <Filter>Core Source Code</Filter>
    </ClCompile>
    <ClInclude Include="..\src\core\math_func.hpp">
      <Filter>Core Source Code</Filter>
    </ClInclude>
    <ClInclude Include="..\src\core\mem_func.hpp">
      <Filter>Core Source Code</Filter>
    </ClInclude>
    <ClInclude Include="..\src\core\overflowsafe_type.hpp">
      <Filter>Core Source Code</Filter>
    </ClInclude>
    <ClInclude Include="..\src\core\pool_func.hpp">
      <Filter>Core Source Code</Filter>
    </ClInclude>
    <ClInclude Include="..\src\core\pool_type.hpp">
      <Filter>Core Source Code</Filter>
    </ClInclude>
    <ClCompile Include="..\src\core\random_func.cpp">
      <Filter>Core Source Code</Filter>
    </ClCompile>
    <ClInclude Include="..\src\core\random_func.hpp">
      <Filter>Core Source Code</Filter>
    </ClInclude>
    <ClInclude Include="..\src\core\smallmap_type.hpp">
      <Filter>Core Source Code</Filter>
    </ClInclude>
    <ClInclude Include="..\src\core\smallvec_type.hpp">
      <Filter>Core Source Code</Filter>
    </ClInclude>
    <ClInclude Include="..\src\core\sort_func.hpp">
      <Filter>Core Source Code</Filter>
    </ClInclude>
    <ClInclude Include="..\src\core\string_compare_type.hpp">
      <Filter>Core Source Code</Filter>
    </ClInclude>
    <ClCompile Include="..\src\aircraft_gui.cpp">
      <Filter>GUI Source Code</Filter>
    </ClCompile>
    <ClCompile Include="..\src\airport_gui.cpp">
      <Filter>GUI Source Code</Filter>
    </ClCompile>
    <ClCompile Include="..\src\autoreplace_gui.cpp">
      <Filter>GUI Source Code</Filter>
    </ClCompile>
    <ClCompile Include="..\src\bridge_gui.cpp">
      <Filter>GUI Source Code</Filter>
    </ClCompile>
    <ClCompile Include="..\src\build_vehicle_gui.cpp">
      <Filter>GUI Source Code</Filter>
    </ClCompile>
    <ClCompile Include="..\src\cheat_gui.cpp">
      <Filter>GUI Source Code</Filter>
    </ClCompile>
    <ClCompile Include="..\src\company_gui.cpp">
      <Filter>GUI Source Code</Filter>
    </ClCompile>
    <ClCompile Include="..\src\console_gui.cpp">
      <Filter>GUI Source Code</Filter>
    </ClCompile>
    <ClCompile Include="..\src\date_gui.cpp">
      <Filter>GUI Source Code</Filter>
    </ClCompile>
    <ClCompile Include="..\src\depot_gui.cpp">
      <Filter>GUI Source Code</Filter>
    </ClCompile>
    <ClCompile Include="..\src\dock_gui.cpp">
      <Filter>GUI Source Code</Filter>
    </ClCompile>
    <ClCompile Include="..\src\engine_gui.cpp">
      <Filter>GUI Source Code</Filter>
    </ClCompile>
    <ClCompile Include="..\src\fios_gui.cpp">
      <Filter>GUI Source Code</Filter>
    </ClCompile>
    <ClCompile Include="..\src\genworld_gui.cpp">
      <Filter>GUI Source Code</Filter>
    </ClCompile>
    <ClCompile Include="..\src\graph_gui.cpp">
      <Filter>GUI Source Code</Filter>
    </ClCompile>
    <ClCompile Include="..\src\group_gui.cpp">
      <Filter>GUI Source Code</Filter>
    </ClCompile>
    <ClCompile Include="..\src\highscore_gui.cpp">
      <Filter>GUI Source Code</Filter>
    </ClCompile>
    <ClCompile Include="..\src\industry_gui.cpp">
      <Filter>GUI Source Code</Filter>
    </ClCompile>
    <ClCompile Include="..\src\intro_gui.cpp">
      <Filter>GUI Source Code</Filter>
    </ClCompile>
    <ClCompile Include="..\src\main_gui.cpp">
      <Filter>GUI Source Code</Filter>
    </ClCompile>
    <ClCompile Include="..\src\misc_gui.cpp">
      <Filter>GUI Source Code</Filter>
    </ClCompile>
    <ClCompile Include="..\src\music_gui.cpp">
      <Filter>GUI Source Code</Filter>
    </ClCompile>
    <ClCompile Include="..\src\network\network_chat_gui.cpp">
      <Filter>GUI Source Code</Filter>
    </ClCompile>
    <ClCompile Include="..\src\network\network_content_gui.cpp">
      <Filter>GUI Source Code</Filter>
    </ClCompile>
    <ClCompile Include="..\src\network\network_gui.cpp">
      <Filter>GUI Source Code</Filter>
    </ClCompile>
    <ClCompile Include="..\src\newgrf_debug_gui.cpp">
      <Filter>GUI Source Code</Filter>
    </ClCompile>
    <ClCompile Include="..\src\newgrf_gui.cpp">
      <Filter>GUI Source Code</Filter>
    </ClCompile>
    <ClCompile Include="..\src\news_gui.cpp">
      <Filter>GUI Source Code</Filter>
    </ClCompile>
    <ClCompile Include="..\src\object_gui.cpp">
      <Filter>GUI Source Code</Filter>
    </ClCompile>
    <ClCompile Include="..\src\order_gui.cpp">
      <Filter>GUI Source Code</Filter>
    </ClCompile>
    <ClCompile Include="..\src\osk_gui.cpp">
      <Filter>GUI Source Code</Filter>
    </ClCompile>
    <ClCompile Include="..\src\rail_gui.cpp">
      <Filter>GUI Source Code</Filter>
    </ClCompile>
    <ClCompile Include="..\src\road_gui.cpp">
      <Filter>GUI Source Code</Filter>
    </ClCompile>
    <ClCompile Include="..\src\roadveh_gui.cpp">
      <Filter>GUI Source Code</Filter>
    </ClCompile>
    <ClCompile Include="..\src\settings_gui.cpp">
      <Filter>GUI Source Code</Filter>
    </ClCompile>
    <ClCompile Include="..\src\ship_gui.cpp">
      <Filter>GUI Source Code</Filter>
    </ClCompile>
    <ClCompile Include="..\src\signs_gui.cpp">
      <Filter>GUI Source Code</Filter>
    </ClCompile>
    <ClCompile Include="..\src\smallmap_gui.cpp">
      <Filter>GUI Source Code</Filter>
    </ClCompile>
    <ClCompile Include="..\src\station_gui.cpp">
      <Filter>GUI Source Code</Filter>
    </ClCompile>
    <ClCompile Include="..\src\statusbar_gui.cpp">
      <Filter>GUI Source Code</Filter>
    </ClCompile>
    <ClCompile Include="..\src\subsidy_gui.cpp">
      <Filter>GUI Source Code</Filter>
    </ClCompile>
    <ClCompile Include="..\src\terraform_gui.cpp">
      <Filter>GUI Source Code</Filter>
    </ClCompile>
    <ClCompile Include="..\src\timetable_gui.cpp">
      <Filter>GUI Source Code</Filter>
    </ClCompile>
    <ClCompile Include="..\src\toolbar_gui.cpp">
      <Filter>GUI Source Code</Filter>
    </ClCompile>
    <ClCompile Include="..\src\town_gui.cpp">
      <Filter>GUI Source Code</Filter>
    </ClCompile>
    <ClCompile Include="..\src\train_gui.cpp">
      <Filter>GUI Source Code</Filter>
    </ClCompile>
    <ClCompile Include="..\src\transparency_gui.cpp">
      <Filter>GUI Source Code</Filter>
    </ClCompile>
    <ClCompile Include="..\src\tree_gui.cpp">
      <Filter>GUI Source Code</Filter>
    </ClCompile>
    <ClCompile Include="..\src\vehicle_gui.cpp">
      <Filter>GUI Source Code</Filter>
    </ClCompile>
    <ClCompile Include="..\src\viewport_gui.cpp">
      <Filter>GUI Source Code</Filter>
    </ClCompile>
    <ClCompile Include="..\src\waypoint_gui.cpp">
      <Filter>GUI Source Code</Filter>
    </ClCompile>
    <ClCompile Include="..\src\widgets\dropdown.cpp">
      <Filter>Widgets</Filter>
    </ClCompile>
    <ClInclude Include="..\src\widgets\dropdown_func.h">
      <Filter>Widgets</Filter>
    </ClInclude>
    <ClInclude Include="..\src\widgets\dropdown_type.h">
      <Filter>Widgets</Filter>
    </ClInclude>
    <ClCompile Include="..\src\aircraft_cmd.cpp">
      <Filter>Command handlers</Filter>
    </ClCompile>
    <ClCompile Include="..\src\autoreplace_cmd.cpp">
      <Filter>Command handlers</Filter>
    </ClCompile>
    <ClCompile Include="..\src\clear_cmd.cpp">
      <Filter>Command handlers</Filter>
    </ClCompile>
    <ClCompile Include="..\src\company_cmd.cpp">
      <Filter>Command handlers</Filter>
    </ClCompile>
    <ClCompile Include="..\src\depot_cmd.cpp">
      <Filter>Command handlers</Filter>
    </ClCompile>
    <ClCompile Include="..\src\disaster_cmd.cpp">
      <Filter>Command handlers</Filter>
    </ClCompile>
    <ClCompile Include="..\src\group_cmd.cpp">
      <Filter>Command handlers</Filter>
    </ClCompile>
    <ClCompile Include="..\src\industry_cmd.cpp">
      <Filter>Command handlers</Filter>
    </ClCompile>
    <ClCompile Include="..\src\misc_cmd.cpp">
      <Filter>Command handlers</Filter>
    </ClCompile>
    <ClCompile Include="..\src\object_cmd.cpp">
      <Filter>Command handlers</Filter>
    </ClCompile>
    <ClCompile Include="..\src\order_cmd.cpp">
      <Filter>Command handlers</Filter>
    </ClCompile>
    <ClCompile Include="..\src\rail_cmd.cpp">
      <Filter>Command handlers</Filter>
    </ClCompile>
    <ClCompile Include="..\src\road_cmd.cpp">
      <Filter>Command handlers</Filter>
    </ClCompile>
    <ClCompile Include="..\src\roadveh_cmd.cpp">
      <Filter>Command handlers</Filter>
    </ClCompile>
    <ClCompile Include="..\src\ship_cmd.cpp">
      <Filter>Command handlers</Filter>
    </ClCompile>
    <ClCompile Include="..\src\signs_cmd.cpp">
      <Filter>Command handlers</Filter>
    </ClCompile>
    <ClCompile Include="..\src\station_cmd.cpp">
      <Filter>Command handlers</Filter>
    </ClCompile>
    <ClCompile Include="..\src\terraform_cmd.cpp">
      <Filter>Command handlers</Filter>
    </ClCompile>
    <ClCompile Include="..\src\timetable_cmd.cpp">
      <Filter>Command handlers</Filter>
    </ClCompile>
    <ClCompile Include="..\src\town_cmd.cpp">
      <Filter>Command handlers</Filter>
    </ClCompile>
    <ClCompile Include="..\src\train_cmd.cpp">
      <Filter>Command handlers</Filter>
    </ClCompile>
    <ClCompile Include="..\src\tree_cmd.cpp">
      <Filter>Command handlers</Filter>
    </ClCompile>
    <ClCompile Include="..\src\tunnelbridge_cmd.cpp">
      <Filter>Command handlers</Filter>
    </ClCompile>
    <ClCompile Include="..\src\vehicle_cmd.cpp">
      <Filter>Command handlers</Filter>
    </ClCompile>
    <ClCompile Include="..\src\void_cmd.cpp">
      <Filter>Command handlers</Filter>
    </ClCompile>
    <ClCompile Include="..\src\water_cmd.cpp">
      <Filter>Command handlers</Filter>
    </ClCompile>
    <ClCompile Include="..\src\waypoint_cmd.cpp">
      <Filter>Command handlers</Filter>
    </ClCompile>
    <ClCompile Include="..\src\saveload\afterload.cpp">
      <Filter>Save/Load handlers</Filter>
    </ClCompile>
    <ClCompile Include="..\src\saveload\ai_sl.cpp">
      <Filter>Save/Load handlers</Filter>
    </ClCompile>
    <ClCompile Include="..\src\saveload\airport_sl.cpp">
      <Filter>Save/Load handlers</Filter>
    </ClCompile>
    <ClCompile Include="..\src\saveload\animated_tile_sl.cpp">
      <Filter>Save/Load handlers</Filter>
    </ClCompile>
    <ClCompile Include="..\src\saveload\autoreplace_sl.cpp">
      <Filter>Save/Load handlers</Filter>
    </ClCompile>
    <ClCompile Include="..\src\saveload\cargopacket_sl.cpp">
      <Filter>Save/Load handlers</Filter>
    </ClCompile>
    <ClCompile Include="..\src\saveload\cheat_sl.cpp">
      <Filter>Save/Load handlers</Filter>
    </ClCompile>
    <ClCompile Include="..\src\saveload\company_sl.cpp">
      <Filter>Save/Load handlers</Filter>
    </ClCompile>
    <ClCompile Include="..\src\saveload\depot_sl.cpp">
      <Filter>Save/Load handlers</Filter>
    </ClCompile>
    <ClCompile Include="..\src\saveload\economy_sl.cpp">
      <Filter>Save/Load handlers</Filter>
    </ClCompile>
    <ClCompile Include="..\src\saveload\engine_sl.cpp">
      <Filter>Save/Load handlers</Filter>
    </ClCompile>
    <ClCompile Include="..\src\saveload\gamelog_sl.cpp">
      <Filter>Save/Load handlers</Filter>
    </ClCompile>
    <ClCompile Include="..\src\saveload\group_sl.cpp">
      <Filter>Save/Load handlers</Filter>
    </ClCompile>
    <ClCompile Include="..\src\saveload\industry_sl.cpp">
      <Filter>Save/Load handlers</Filter>
    </ClCompile>
    <ClCompile Include="..\src\saveload\labelmaps_sl.cpp">
      <Filter>Save/Load handlers</Filter>
    </ClCompile>
    <ClCompile Include="..\src\saveload\map_sl.cpp">
      <Filter>Save/Load handlers</Filter>
    </ClCompile>
    <ClCompile Include="..\src\saveload\misc_sl.cpp">
      <Filter>Save/Load handlers</Filter>
    </ClCompile>
    <ClCompile Include="..\src\saveload\newgrf_sl.cpp">
      <Filter>Save/Load handlers</Filter>
    </ClCompile>
    <ClInclude Include="..\src\saveload\newgrf_sl.h">
      <Filter>Save/Load handlers</Filter>
    </ClInclude>
    <ClCompile Include="..\src\saveload\object_sl.cpp">
      <Filter>Save/Load handlers</Filter>
    </ClCompile>
    <ClCompile Include="..\src\saveload\oldloader.cpp">
      <Filter>Save/Load handlers</Filter>
    </ClCompile>
    <ClInclude Include="..\src\saveload\oldloader.h">
      <Filter>Save/Load handlers</Filter>
    </ClInclude>
    <ClCompile Include="..\src\saveload\oldloader_sl.cpp">
      <Filter>Save/Load handlers</Filter>
    </ClCompile>
    <ClCompile Include="..\src\saveload\order_sl.cpp">
      <Filter>Save/Load handlers</Filter>
    </ClCompile>
    <ClCompile Include="..\src\saveload\saveload.cpp">
      <Filter>Save/Load handlers</Filter>
    </ClCompile>
    <ClInclude Include="..\src\saveload\saveload.h">
      <Filter>Save/Load handlers</Filter>
    </ClInclude>
    <ClInclude Include="..\src\saveload\saveload_filter.h">
      <Filter>Save/Load handlers</Filter>
    </ClInclude>
    <ClInclude Include="..\src\saveload\saveload_internal.h">
      <Filter>Save/Load handlers</Filter>
    </ClInclude>
    <ClCompile Include="..\src\saveload\signs_sl.cpp">
      <Filter>Save/Load handlers</Filter>
    </ClCompile>
    <ClCompile Include="..\src\saveload\station_sl.cpp">
      <Filter>Save/Load handlers</Filter>
    </ClCompile>
    <ClCompile Include="..\src\saveload\strings_sl.cpp">
      <Filter>Save/Load handlers</Filter>
    </ClCompile>
    <ClCompile Include="..\src\saveload\subsidy_sl.cpp">
      <Filter>Save/Load handlers</Filter>
    </ClCompile>
    <ClCompile Include="..\src\saveload\town_sl.cpp">
      <Filter>Save/Load handlers</Filter>
    </ClCompile>
    <ClCompile Include="..\src\saveload\vehicle_sl.cpp">
      <Filter>Save/Load handlers</Filter>
    </ClCompile>
    <ClCompile Include="..\src\saveload\waypoint_sl.cpp">
      <Filter>Save/Load handlers</Filter>
    </ClCompile>
    <ClInclude Include="..\src\table\airport_defaults.h">
      <Filter>Tables</Filter>
    </ClInclude>
    <ClInclude Include="..\src\table\airporttile_ids.h">
      <Filter>Tables</Filter>
    </ClInclude>
    <ClInclude Include="..\src\table\airporttiles.h">
      <Filter>Tables</Filter>
    </ClInclude>
    <ClInclude Include="..\src\table\airport_movement.h">
      <Filter>Tables</Filter>
    </ClInclude>
    <ClInclude Include="..\src\table\animcursors.h">
      <Filter>Tables</Filter>
    </ClInclude>
    <ClInclude Include="..\src\table\autorail.h">
      <Filter>Tables</Filter>
    </ClInclude>
    <ClInclude Include="..\src\table\bridge_land.h">
      <Filter>Tables</Filter>
    </ClInclude>
    <ClInclude Include="..\src\table\build_industry.h">
      <Filter>Tables</Filter>
    </ClInclude>
    <ClInclude Include="..\src\table\cargo_const.h">
      <Filter>Tables</Filter>
    </ClInclude>
    <ClInclude Include="..\src\table\clear_land.h">
      <Filter>Tables</Filter>
    </ClInclude>
    <ClInclude Include="..\src\table\control_codes.h">
      <Filter>Tables</Filter>
    </ClInclude>
    <ClInclude Include="..\src\table\elrail_data.h">
      <Filter>Tables</Filter>
    </ClInclude>
    <ClInclude Include="..\src\table\engines.h">
      <Filter>Tables</Filter>
    </ClInclude>
    <ClInclude Include="..\src\table\genland.h">
      <Filter>Tables</Filter>
    </ClInclude>
    <ClInclude Include="..\src\table\industry_land.h">
      <Filter>Tables</Filter>
    </ClInclude>
    <ClInclude Include="..\src\table\landscape_sprite.h">
      <Filter>Tables</Filter>
    </ClInclude>
    <ClInclude Include="..\src\table\newgrf_debug_data.h">
      <Filter>Tables</Filter>
    </ClInclude>
    <ClInclude Include="..\src\table\object_land.h">
      <Filter>Tables</Filter>
    </ClInclude>
    <ClInclude Include="..\src\table\palette_convert.h">
      <Filter>Tables</Filter>
    </ClInclude>
    <ClInclude Include="..\src\table\palettes.h">
      <Filter>Tables</Filter>
    </ClInclude>
    <ClInclude Include="..\src\table\pricebase.h">
      <Filter>Tables</Filter>
    </ClInclude>
    <ClInclude Include="..\src\table\railtypes.h">
      <Filter>Tables</Filter>
    </ClInclude>
    <ClInclude Include="..\src\table\road_land.h">
      <Filter>Tables</Filter>
    </ClInclude>
    <ClInclude Include="..\src\table\roadveh_movement.h">
      <Filter>Tables</Filter>
    </ClInclude>
    <ClInclude Include="..\src\table\settings.h">
      <Filter>Tables</Filter>
    </ClInclude>
    <ClInclude Include="..\src\table\sprites.h">
      <Filter>Tables</Filter>
    </ClInclude>
    <ClInclude Include="..\src\table\station_land.h">
      <Filter>Tables</Filter>
    </ClInclude>
    <ClInclude Include="..\src\table\strgen_tables.h">
      <Filter>Tables</Filter>
    </ClInclude>
    <ClInclude Include="..\src\..\objs\langs\table\strings.h">
      <Filter>Tables</Filter>
    </ClInclude>
    <ClInclude Include="..\src\table\town_land.h">
      <Filter>Tables</Filter>
    </ClInclude>
    <ClInclude Include="..\src\table\townname.h">
      <Filter>Tables</Filter>
    </ClInclude>
    <ClInclude Include="..\src\table\track_land.h">
      <Filter>Tables</Filter>
    </ClInclude>
    <ClInclude Include="..\src\table\train_cmd.h">
      <Filter>Tables</Filter>
    </ClInclude>
    <ClInclude Include="..\src\table\tree_land.h">
      <Filter>Tables</Filter>
    </ClInclude>
    <ClInclude Include="..\src\table\unicode.h">
      <Filter>Tables</Filter>
    </ClInclude>
    <ClInclude Include="..\src\table\water_land.h">
      <Filter>Tables</Filter>
    </ClInclude>
    <ClCompile Include="..\src\3rdparty\md5\md5.cpp">
      <Filter>MD5</Filter>
    </ClCompile>
    <ClInclude Include="..\src\3rdparty\md5\md5.h">
      <Filter>MD5</Filter>
    </ClInclude>
    <ClCompile Include="..\src\script\script_info.cpp">
      <Filter>Script</Filter>
    </ClCompile>
    <ClInclude Include="..\src\script\script_info.hpp">
      <Filter>Script</Filter>
    </ClInclude>
    <ClCompile Include="..\src\script\script_scanner.cpp">
      <Filter>Script</Filter>
    </ClCompile>
    <ClInclude Include="..\src\script\script_scanner.hpp">
      <Filter>Script</Filter>
    </ClInclude>
    <ClCompile Include="..\src\script\squirrel.cpp">
      <Filter>Script</Filter>
    </ClCompile>
    <ClInclude Include="..\src\script\squirrel.hpp">
      <Filter>Script</Filter>
    </ClInclude>
    <ClInclude Include="..\src\script\squirrel_class.hpp">
      <Filter>Script</Filter>
    </ClInclude>
    <ClInclude Include="..\src\script\squirrel_helper.hpp">
      <Filter>Script</Filter>
    </ClInclude>
    <ClInclude Include="..\src\script\squirrel_helper_type.hpp">
      <Filter>Script</Filter>
    </ClInclude>
    <ClCompile Include="..\src\script\squirrel_std.cpp">
      <Filter>Script</Filter>
    </ClCompile>
    <ClInclude Include="..\src\script\squirrel_std.hpp">
      <Filter>Script</Filter>
    </ClInclude>
    <ClCompile Include="..\src\3rdparty\squirrel\squirrel\sqapi.cpp">
      <Filter>Squirrel</Filter>
    </ClCompile>
    <ClCompile Include="..\src\3rdparty\squirrel\squirrel\sqbaselib.cpp">
      <Filter>Squirrel</Filter>
    </ClCompile>
    <ClCompile Include="..\src\3rdparty\squirrel\squirrel\sqclass.cpp">
      <Filter>Squirrel</Filter>
    </ClCompile>
    <ClCompile Include="..\src\3rdparty\squirrel\squirrel\sqcompiler.cpp">
      <Filter>Squirrel</Filter>
    </ClCompile>
    <ClCompile Include="..\src\3rdparty\squirrel\squirrel\sqdebug.cpp">
      <Filter>Squirrel</Filter>
    </ClCompile>
    <ClCompile Include="..\src\3rdparty\squirrel\squirrel\sqfuncstate.cpp">
      <Filter>Squirrel</Filter>
    </ClCompile>
    <ClCompile Include="..\src\3rdparty\squirrel\squirrel\sqlexer.cpp">
      <Filter>Squirrel</Filter>
    </ClCompile>
    <ClCompile Include="..\src\3rdparty\squirrel\squirrel\sqmem.cpp">
      <Filter>Squirrel</Filter>
    </ClCompile>
    <ClCompile Include="..\src\3rdparty\squirrel\squirrel\sqobject.cpp">
      <Filter>Squirrel</Filter>
    </ClCompile>
    <ClCompile Include="..\src\3rdparty\squirrel\squirrel\sqstate.cpp">
      <Filter>Squirrel</Filter>
    </ClCompile>
    <ClCompile Include="..\src\3rdparty\squirrel\sqstdlib\sqstdaux.cpp">
      <Filter>Squirrel</Filter>
    </ClCompile>
    <ClCompile Include="..\src\3rdparty\squirrel\sqstdlib\sqstdmath.cpp">
      <Filter>Squirrel</Filter>
    </ClCompile>
    <ClCompile Include="..\src\3rdparty\squirrel\squirrel\sqtable.cpp">
      <Filter>Squirrel</Filter>
    </ClCompile>
    <ClCompile Include="..\src\3rdparty\squirrel\squirrel\sqvm.cpp">
      <Filter>Squirrel</Filter>
    </ClCompile>
    <ClInclude Include="..\src\3rdparty\squirrel\squirrel\sqarray.h">
      <Filter>Squirrel headers</Filter>
    </ClInclude>
    <ClInclude Include="..\src\3rdparty\squirrel\squirrel\sqclass.h">
      <Filter>Squirrel headers</Filter>
    </ClInclude>
    <ClInclude Include="..\src\3rdparty\squirrel\squirrel\sqclosure.h">
      <Filter>Squirrel headers</Filter>
    </ClInclude>
    <ClInclude Include="..\src\3rdparty\squirrel\squirrel\sqcompiler.h">
      <Filter>Squirrel headers</Filter>
    </ClInclude>
    <ClInclude Include="..\src\3rdparty\squirrel\squirrel\sqfuncproto.h">
      <Filter>Squirrel headers</Filter>
    </ClInclude>
    <ClInclude Include="..\src\3rdparty\squirrel\squirrel\sqfuncstate.h">
      <Filter>Squirrel headers</Filter>
    </ClInclude>
    <ClInclude Include="..\src\3rdparty\squirrel\squirrel\sqlexer.h">
      <Filter>Squirrel headers</Filter>
    </ClInclude>
    <ClInclude Include="..\src\3rdparty\squirrel\squirrel\sqobject.h">
      <Filter>Squirrel headers</Filter>
    </ClInclude>
    <ClInclude Include="..\src\3rdparty\squirrel\squirrel\sqopcodes.h">
      <Filter>Squirrel headers</Filter>
    </ClInclude>
    <ClInclude Include="..\src\3rdparty\squirrel\squirrel\sqpcheader.h">
      <Filter>Squirrel headers</Filter>
    </ClInclude>
    <ClInclude Include="..\src\3rdparty\squirrel\squirrel\sqstate.h">
      <Filter>Squirrel headers</Filter>
    </ClInclude>
    <ClInclude Include="..\src\3rdparty\squirrel\include\sqstdaux.h">
      <Filter>Squirrel headers</Filter>
    </ClInclude>
    <ClInclude Include="..\src\3rdparty\squirrel\include\sqstdblob.h">
      <Filter>Squirrel headers</Filter>
    </ClInclude>
    <ClInclude Include="..\src\3rdparty\squirrel\sqstdlib\sqstdblobimpl.h">
      <Filter>Squirrel headers</Filter>
    </ClInclude>
    <ClInclude Include="..\src\3rdparty\squirrel\include\sqstdio.h">
      <Filter>Squirrel headers</Filter>
    </ClInclude>
    <ClInclude Include="..\src\3rdparty\squirrel\include\sqstdmath.h">
      <Filter>Squirrel headers</Filter>
    </ClInclude>
    <ClInclude Include="..\src\3rdparty\squirrel\sqstdlib\sqstdstream.h">
      <Filter>Squirrel headers</Filter>
    </ClInclude>
    <ClInclude Include="..\src\3rdparty\squirrel\include\sqstdstring.h">
      <Filter>Squirrel headers</Filter>
    </ClInclude>
    <ClInclude Include="..\src\3rdparty\squirrel\include\sqstdsystem.h">
      <Filter>Squirrel headers</Filter>
    </ClInclude>
    <ClInclude Include="..\src\3rdparty\squirrel\squirrel\sqstring.h">
      <Filter>Squirrel headers</Filter>
    </ClInclude>
    <ClInclude Include="..\src\3rdparty\squirrel\squirrel\sqtable.h">
      <Filter>Squirrel headers</Filter>
    </ClInclude>
    <ClInclude Include="..\src\3rdparty\squirrel\include\squirrel.h">
      <Filter>Squirrel headers</Filter>
    </ClInclude>
    <ClInclude Include="..\src\3rdparty\squirrel\squirrel\squserdata.h">
      <Filter>Squirrel headers</Filter>
    </ClInclude>
    <ClInclude Include="..\src\3rdparty\squirrel\squirrel\squtils.h">
      <Filter>Squirrel headers</Filter>
    </ClInclude>
    <ClInclude Include="..\src\3rdparty\squirrel\squirrel\sqvm.h">
      <Filter>Squirrel headers</Filter>
    </ClInclude>
    <ClInclude Include="..\src\ai\ai.hpp">
      <Filter>AI Core</Filter>
    </ClInclude>
    <ClCompile Include="..\src\ai\ai_config.cpp">
      <Filter>AI Core</Filter>
    </ClCompile>
    <ClInclude Include="..\src\ai\ai_config.hpp">
      <Filter>AI Core</Filter>
    </ClInclude>
    <ClCompile Include="..\src\ai\ai_core.cpp">
      <Filter>AI Core</Filter>
    </ClCompile>
    <ClCompile Include="..\src\ai\ai_gui.cpp">
      <Filter>AI Core</Filter>
    </ClCompile>
    <ClInclude Include="..\src\ai\ai_gui.hpp">
      <Filter>AI Core</Filter>
    </ClInclude>
    <ClCompile Include="..\src\ai\ai_info.cpp">
      <Filter>AI Core</Filter>
    </ClCompile>
    <ClInclude Include="..\src\ai\ai_info.hpp">
      <Filter>AI Core</Filter>
    </ClInclude>
    <ClCompile Include="..\src\ai\ai_info_dummy.cpp">
      <Filter>AI Core</Filter>
    </ClCompile>
    <ClCompile Include="..\src\ai\ai_instance.cpp">
      <Filter>AI Core</Filter>
    </ClCompile>
    <ClInclude Include="..\src\ai\ai_instance.hpp">
      <Filter>AI Core</Filter>
    </ClInclude>
    <ClCompile Include="..\src\ai\ai_scanner.cpp">
      <Filter>AI Core</Filter>
    </ClCompile>
    <ClInclude Include="..\src\ai\ai_scanner.hpp">
      <Filter>AI Core</Filter>
    </ClInclude>
    <ClInclude Include="..\src\ai\ai_storage.hpp">
      <Filter>AI Core</Filter>
    </ClInclude>
    <ClInclude Include="..\src\ai\api\ai_accounting.hpp">
      <Filter>AI API</Filter>
    </ClInclude>
    <ClInclude Include="..\src\ai\api\ai_airport.hpp">
      <Filter>AI API</Filter>
    </ClInclude>
    <ClInclude Include="..\src\ai\api\ai_base.hpp">
      <Filter>AI API</Filter>
    </ClInclude>
    <ClInclude Include="..\src\ai\api\ai_basestation.hpp">
      <Filter>AI API</Filter>
    </ClInclude>
    <ClInclude Include="..\src\ai\api\ai_bridge.hpp">
      <Filter>AI API</Filter>
    </ClInclude>
    <ClInclude Include="..\src\ai\api\ai_bridgelist.hpp">
      <Filter>AI API</Filter>
    </ClInclude>
    <ClInclude Include="..\src\ai\api\ai_cargo.hpp">
      <Filter>AI API</Filter>
    </ClInclude>
    <ClInclude Include="..\src\ai\api\ai_cargolist.hpp">
      <Filter>AI API</Filter>
    </ClInclude>
    <ClInclude Include="..\src\ai\api\ai_changelog.hpp">
      <Filter>AI API</Filter>
    </ClInclude>
    <ClInclude Include="..\src\ai\api\ai_company.hpp">
      <Filter>AI API</Filter>
    </ClInclude>
    <ClInclude Include="..\src\ai\api\ai_controller.hpp">
      <Filter>AI API</Filter>
    </ClInclude>
    <ClInclude Include="..\src\ai\api\ai_date.hpp">
      <Filter>AI API</Filter>
    </ClInclude>
    <ClInclude Include="..\src\ai\api\ai_depotlist.hpp">
      <Filter>AI API</Filter>
    </ClInclude>
    <ClInclude Include="..\src\ai\api\ai_engine.hpp">
      <Filter>AI API</Filter>
    </ClInclude>
    <ClInclude Include="..\src\ai\api\ai_enginelist.hpp">
      <Filter>AI API</Filter>
    </ClInclude>
    <ClInclude Include="..\src\ai\api\ai_error.hpp">
      <Filter>AI API</Filter>
    </ClInclude>
    <ClInclude Include="..\src\ai\api\ai_event.hpp">
      <Filter>AI API</Filter>
    </ClInclude>
    <ClInclude Include="..\src\ai\api\ai_event_types.hpp">
      <Filter>AI API</Filter>
    </ClInclude>
    <ClInclude Include="..\src\ai\api\ai_execmode.hpp">
      <Filter>AI API</Filter>
    </ClInclude>
    <ClInclude Include="..\src\ai\api\ai_gamesettings.hpp">
      <Filter>AI API</Filter>
    </ClInclude>
    <ClInclude Include="..\src\ai\api\ai_group.hpp">
      <Filter>AI API</Filter>
    </ClInclude>
    <ClInclude Include="..\src\ai\api\ai_grouplist.hpp">
      <Filter>AI API</Filter>
    </ClInclude>
    <ClInclude Include="..\src\ai\api\ai_industry.hpp">
      <Filter>AI API</Filter>
    </ClInclude>
    <ClInclude Include="..\src\ai\api\ai_industrylist.hpp">
      <Filter>AI API</Filter>
    </ClInclude>
    <ClInclude Include="..\src\ai\api\ai_industrytype.hpp">
      <Filter>AI API</Filter>
    </ClInclude>
    <ClInclude Include="..\src\ai\api\ai_industrytypelist.hpp">
      <Filter>AI API</Filter>
    </ClInclude>
    <ClInclude Include="..\src\ai\api\ai_info_docs.hpp">
      <Filter>AI API</Filter>
    </ClInclude>
    <ClInclude Include="..\src\ai\api\ai_list.hpp">
      <Filter>AI API</Filter>
    </ClInclude>
    <ClInclude Include="..\src\ai\api\ai_log.hpp">
      <Filter>AI API</Filter>
    </ClInclude>
    <ClInclude Include="..\src\ai\api\ai_map.hpp">
      <Filter>AI API</Filter>
    </ClInclude>
    <ClInclude Include="..\src\ai\api\ai_marine.hpp">
      <Filter>AI API</Filter>
    </ClInclude>
    <ClInclude Include="..\src\ai\api\ai_object.hpp">
      <Filter>AI API</Filter>
    </ClInclude>
    <ClInclude Include="..\src\ai\api\ai_order.hpp">
      <Filter>AI API</Filter>
    </ClInclude>
    <ClInclude Include="..\src\ai\api\ai_rail.hpp">
      <Filter>AI API</Filter>
    </ClInclude>
    <ClInclude Include="..\src\ai\api\ai_railtypelist.hpp">
      <Filter>AI API</Filter>
    </ClInclude>
    <ClInclude Include="..\src\ai\api\ai_road.hpp">
      <Filter>AI API</Filter>
    </ClInclude>
    <ClInclude Include="..\src\ai\api\ai_sign.hpp">
      <Filter>AI API</Filter>
    </ClInclude>
    <ClInclude Include="..\src\ai\api\ai_signlist.hpp">
      <Filter>AI API</Filter>
    </ClInclude>
    <ClInclude Include="..\src\ai\api\ai_station.hpp">
      <Filter>AI API</Filter>
    </ClInclude>
    <ClInclude Include="..\src\ai\api\ai_stationlist.hpp">
      <Filter>AI API</Filter>
    </ClInclude>
    <ClInclude Include="..\src\ai\api\ai_subsidy.hpp">
      <Filter>AI API</Filter>
    </ClInclude>
    <ClInclude Include="..\src\ai\api\ai_subsidylist.hpp">
      <Filter>AI API</Filter>
    </ClInclude>
    <ClInclude Include="..\src\ai\api\ai_testmode.hpp">
      <Filter>AI API</Filter>
    </ClInclude>
    <ClInclude Include="..\src\ai\api\ai_tile.hpp">
      <Filter>AI API</Filter>
    </ClInclude>
    <ClInclude Include="..\src\ai\api\ai_tilelist.hpp">
      <Filter>AI API</Filter>
    </ClInclude>
    <ClInclude Include="..\src\ai\api\ai_town.hpp">
      <Filter>AI API</Filter>
    </ClInclude>
    <ClInclude Include="..\src\ai\api\ai_townlist.hpp">
      <Filter>AI API</Filter>
    </ClInclude>
    <ClInclude Include="..\src\ai\api\ai_tunnel.hpp">
      <Filter>AI API</Filter>
    </ClInclude>
    <ClInclude Include="..\src\ai\api\ai_types.hpp">
      <Filter>AI API</Filter>
    </ClInclude>
    <ClInclude Include="..\src\ai\api\ai_vehicle.hpp">
      <Filter>AI API</Filter>
    </ClInclude>
    <ClInclude Include="..\src\ai\api\ai_vehiclelist.hpp">
      <Filter>AI API</Filter>
    </ClInclude>
    <ClInclude Include="..\src\ai\api\ai_waypoint.hpp">
      <Filter>AI API</Filter>
    </ClInclude>
    <ClInclude Include="..\src\ai\api\ai_waypointlist.hpp">
      <Filter>AI API</Filter>
    </ClInclude>
    <ClCompile Include="..\src\ai\api\ai_accounting.cpp">
      <Filter>AI API Implementation</Filter>
    </ClCompile>
    <ClCompile Include="..\src\ai\api\ai_airport.cpp">
      <Filter>AI API Implementation</Filter>
    </ClCompile>
    <ClCompile Include="..\src\ai\api\ai_base.cpp">
      <Filter>AI API Implementation</Filter>
    </ClCompile>
    <ClCompile Include="..\src\ai\api\ai_basestation.cpp">
      <Filter>AI API Implementation</Filter>
    </ClCompile>
    <ClCompile Include="..\src\ai\api\ai_bridge.cpp">
      <Filter>AI API Implementation</Filter>
    </ClCompile>
    <ClCompile Include="..\src\ai\api\ai_bridgelist.cpp">
      <Filter>AI API Implementation</Filter>
    </ClCompile>
    <ClCompile Include="..\src\ai\api\ai_cargo.cpp">
      <Filter>AI API Implementation</Filter>
    </ClCompile>
    <ClCompile Include="..\src\ai\api\ai_cargolist.cpp">
      <Filter>AI API Implementation</Filter>
    </ClCompile>
    <ClCompile Include="..\src\ai\api\ai_company.cpp">
      <Filter>AI API Implementation</Filter>
    </ClCompile>
    <ClCompile Include="..\src\ai\api\ai_controller.cpp">
      <Filter>AI API Implementation</Filter>
    </ClCompile>
    <ClCompile Include="..\src\ai\api\ai_date.cpp">
      <Filter>AI API Implementation</Filter>
    </ClCompile>
    <ClCompile Include="..\src\ai\api\ai_depotlist.cpp">
      <Filter>AI API Implementation</Filter>
    </ClCompile>
    <ClCompile Include="..\src\ai\api\ai_engine.cpp">
      <Filter>AI API Implementation</Filter>
    </ClCompile>
    <ClCompile Include="..\src\ai\api\ai_enginelist.cpp">
      <Filter>AI API Implementation</Filter>
    </ClCompile>
    <ClCompile Include="..\src\ai\api\ai_error.cpp">
      <Filter>AI API Implementation</Filter>
    </ClCompile>
    <ClCompile Include="..\src\ai\api\ai_event.cpp">
      <Filter>AI API Implementation</Filter>
    </ClCompile>
    <ClCompile Include="..\src\ai\api\ai_event_types.cpp">
      <Filter>AI API Implementation</Filter>
    </ClCompile>
    <ClCompile Include="..\src\ai\api\ai_execmode.cpp">
      <Filter>AI API Implementation</Filter>
    </ClCompile>
    <ClCompile Include="..\src\ai\api\ai_gamesettings.cpp">
      <Filter>AI API Implementation</Filter>
    </ClCompile>
    <ClCompile Include="..\src\ai\api\ai_group.cpp">
      <Filter>AI API Implementation</Filter>
    </ClCompile>
    <ClCompile Include="..\src\ai\api\ai_grouplist.cpp">
      <Filter>AI API Implementation</Filter>
    </ClCompile>
    <ClCompile Include="..\src\ai\api\ai_industry.cpp">
      <Filter>AI API Implementation</Filter>
    </ClCompile>
    <ClCompile Include="..\src\ai\api\ai_industrylist.cpp">
      <Filter>AI API Implementation</Filter>
    </ClCompile>
    <ClCompile Include="..\src\ai\api\ai_industrytype.cpp">
      <Filter>AI API Implementation</Filter>
    </ClCompile>
    <ClCompile Include="..\src\ai\api\ai_industrytypelist.cpp">
      <Filter>AI API Implementation</Filter>
    </ClCompile>
    <ClCompile Include="..\src\ai\api\ai_list.cpp">
      <Filter>AI API Implementation</Filter>
    </ClCompile>
    <ClCompile Include="..\src\ai\api\ai_log.cpp">
      <Filter>AI API Implementation</Filter>
    </ClCompile>
    <ClCompile Include="..\src\ai\api\ai_map.cpp">
      <Filter>AI API Implementation</Filter>
    </ClCompile>
    <ClCompile Include="..\src\ai\api\ai_marine.cpp">
      <Filter>AI API Implementation</Filter>
    </ClCompile>
    <ClCompile Include="..\src\ai\api\ai_object.cpp">
      <Filter>AI API Implementation</Filter>
    </ClCompile>
    <ClCompile Include="..\src\ai\api\ai_order.cpp">
      <Filter>AI API Implementation</Filter>
    </ClCompile>
    <ClCompile Include="..\src\ai\api\ai_rail.cpp">
      <Filter>AI API Implementation</Filter>
    </ClCompile>
    <ClCompile Include="..\src\ai\api\ai_railtypelist.cpp">
      <Filter>AI API Implementation</Filter>
    </ClCompile>
    <ClCompile Include="..\src\ai\api\ai_road.cpp">
      <Filter>AI API Implementation</Filter>
    </ClCompile>
    <ClCompile Include="..\src\ai\api\ai_sign.cpp">
      <Filter>AI API Implementation</Filter>
    </ClCompile>
    <ClCompile Include="..\src\ai\api\ai_signlist.cpp">
      <Filter>AI API Implementation</Filter>
    </ClCompile>
    <ClCompile Include="..\src\ai\api\ai_station.cpp">
      <Filter>AI API Implementation</Filter>
    </ClCompile>
    <ClCompile Include="..\src\ai\api\ai_stationlist.cpp">
      <Filter>AI API Implementation</Filter>
    </ClCompile>
    <ClCompile Include="..\src\ai\api\ai_subsidy.cpp">
      <Filter>AI API Implementation</Filter>
    </ClCompile>
    <ClCompile Include="..\src\ai\api\ai_subsidylist.cpp">
      <Filter>AI API Implementation</Filter>
    </ClCompile>
    <ClCompile Include="..\src\ai\api\ai_testmode.cpp">
      <Filter>AI API Implementation</Filter>
    </ClCompile>
    <ClCompile Include="..\src\ai\api\ai_tile.cpp">
      <Filter>AI API Implementation</Filter>
    </ClCompile>
    <ClCompile Include="..\src\ai\api\ai_tilelist.cpp">
      <Filter>AI API Implementation</Filter>
    </ClCompile>
    <ClCompile Include="..\src\ai\api\ai_town.cpp">
      <Filter>AI API Implementation</Filter>
    </ClCompile>
    <ClCompile Include="..\src\ai\api\ai_townlist.cpp">
      <Filter>AI API Implementation</Filter>
    </ClCompile>
    <ClCompile Include="..\src\ai\api\ai_tunnel.cpp">
      <Filter>AI API Implementation</Filter>
    </ClCompile>
    <ClCompile Include="..\src\ai\api\ai_vehicle.cpp">
      <Filter>AI API Implementation</Filter>
    </ClCompile>
    <ClCompile Include="..\src\ai\api\ai_vehiclelist.cpp">
      <Filter>AI API Implementation</Filter>
    </ClCompile>
    <ClCompile Include="..\src\ai\api\ai_waypoint.cpp">
      <Filter>AI API Implementation</Filter>
    </ClCompile>
    <ClCompile Include="..\src\ai\api\ai_waypointlist.cpp">
      <Filter>AI API Implementation</Filter>
    </ClCompile>
    <ClCompile Include="..\src\blitter\32bpp_anim.cpp">
      <Filter>Blitters</Filter>
    </ClCompile>
    <ClInclude Include="..\src\blitter\32bpp_anim.hpp">
      <Filter>Blitters</Filter>
    </ClInclude>
    <ClCompile Include="..\src\blitter\32bpp_base.cpp">
      <Filter>Blitters</Filter>
    </ClCompile>
    <ClInclude Include="..\src\blitter\32bpp_base.hpp">
      <Filter>Blitters</Filter>
    </ClInclude>
    <ClCompile Include="..\src\blitter\32bpp_optimized.cpp">
      <Filter>Blitters</Filter>
    </ClCompile>
    <ClInclude Include="..\src\blitter\32bpp_optimized.hpp">
      <Filter>Blitters</Filter>
    </ClInclude>
    <ClCompile Include="..\src\blitter\32bpp_simple.cpp">
      <Filter>Blitters</Filter>
    </ClCompile>
    <ClInclude Include="..\src\blitter\32bpp_simple.hpp">
      <Filter>Blitters</Filter>
    </ClInclude>
    <ClCompile Include="..\src\blitter\8bpp_base.cpp">
      <Filter>Blitters</Filter>
    </ClCompile>
    <ClInclude Include="..\src\blitter\8bpp_base.hpp">
      <Filter>Blitters</Filter>
    </ClInclude>
    <ClCompile Include="..\src\blitter\8bpp_debug.cpp">
      <Filter>Blitters</Filter>
    </ClCompile>
    <ClInclude Include="..\src\blitter\8bpp_debug.hpp">
      <Filter>Blitters</Filter>
    </ClInclude>
    <ClCompile Include="..\src\blitter\8bpp_optimized.cpp">
      <Filter>Blitters</Filter>
    </ClCompile>
    <ClInclude Include="..\src\blitter\8bpp_optimized.hpp">
      <Filter>Blitters</Filter>
    </ClInclude>
    <ClCompile Include="..\src\blitter\8bpp_simple.cpp">
      <Filter>Blitters</Filter>
    </ClCompile>
    <ClInclude Include="..\src\blitter\8bpp_simple.hpp">
      <Filter>Blitters</Filter>
    </ClInclude>
    <ClInclude Include="..\src\blitter\base.hpp">
      <Filter>Blitters</Filter>
    </ClInclude>
    <ClInclude Include="..\src\blitter\factory.hpp">
      <Filter>Blitters</Filter>
    </ClInclude>
    <ClCompile Include="..\src\blitter\null.cpp">
      <Filter>Blitters</Filter>
    </ClCompile>
    <ClInclude Include="..\src\blitter\null.hpp">
      <Filter>Blitters</Filter>
    </ClInclude>
    <ClInclude Include="..\src\music\music_driver.hpp">
      <Filter>Drivers</Filter>
    </ClInclude>
    <ClInclude Include="..\src\sound\sound_driver.hpp">
      <Filter>Drivers</Filter>
    </ClInclude>
    <ClInclude Include="..\src\video\video_driver.hpp">
      <Filter>Drivers</Filter>
    </ClInclude>
    <ClCompile Include="..\src\spriteloader\grf.cpp">
      <Filter>Sprite loaders</Filter>
    </ClCompile>
    <ClInclude Include="..\src\spriteloader\grf.hpp">
      <Filter>Sprite loaders</Filter>
    </ClInclude>
    <ClCompile Include="..\src\spriteloader\png.cpp">
      <Filter>Sprite loaders</Filter>
    </ClCompile>
    <ClInclude Include="..\src\spriteloader\png.hpp">
      <Filter>Sprite loaders</Filter>
    </ClInclude>
    <ClInclude Include="..\src\spriteloader\spriteloader.hpp">
      <Filter>Sprite loaders</Filter>
    </ClInclude>
    <ClCompile Include="..\src\newgrf.cpp">
      <Filter>NewGRF</Filter>
    </ClCompile>
    <ClCompile Include="..\src\newgrf_airport.cpp">
      <Filter>NewGRF</Filter>
    </ClCompile>
    <ClCompile Include="..\src\newgrf_airporttiles.cpp">
      <Filter>NewGRF</Filter>
    </ClCompile>
    <ClCompile Include="..\src\newgrf_canal.cpp">
      <Filter>NewGRF</Filter>
    </ClCompile>
    <ClCompile Include="..\src\newgrf_cargo.cpp">
      <Filter>NewGRF</Filter>
    </ClCompile>
    <ClCompile Include="..\src\newgrf_commons.cpp">
      <Filter>NewGRF</Filter>
    </ClCompile>
    <ClCompile Include="..\src\newgrf_config.cpp">
      <Filter>NewGRF</Filter>
    </ClCompile>
    <ClCompile Include="..\src\newgrf_engine.cpp">
      <Filter>NewGRF</Filter>
    </ClCompile>
    <ClCompile Include="..\src\newgrf_generic.cpp">
      <Filter>NewGRF</Filter>
    </ClCompile>
    <ClCompile Include="..\src\newgrf_house.cpp">
      <Filter>NewGRF</Filter>
    </ClCompile>
    <ClCompile Include="..\src\newgrf_industries.cpp">
      <Filter>NewGRF</Filter>
    </ClCompile>
    <ClCompile Include="..\src\newgrf_industrytiles.cpp">
      <Filter>NewGRF</Filter>
    </ClCompile>
    <ClCompile Include="..\src\newgrf_object.cpp">
      <Filter>NewGRF</Filter>
    </ClCompile>
    <ClCompile Include="..\src\newgrf_railtype.cpp">
      <Filter>NewGRF</Filter>
    </ClCompile>
    <ClCompile Include="..\src\newgrf_sound.cpp">
      <Filter>NewGRF</Filter>
    </ClCompile>
    <ClCompile Include="..\src\newgrf_spritegroup.cpp">
      <Filter>NewGRF</Filter>
    </ClCompile>
    <ClCompile Include="..\src\newgrf_station.cpp">
      <Filter>NewGRF</Filter>
    </ClCompile>
    <ClCompile Include="..\src\newgrf_storage.cpp">
      <Filter>NewGRF</Filter>
    </ClCompile>
    <ClCompile Include="..\src\newgrf_text.cpp">
      <Filter>NewGRF</Filter>
    </ClCompile>
    <ClCompile Include="..\src\newgrf_town.cpp">
      <Filter>NewGRF</Filter>
    </ClCompile>
    <ClCompile Include="..\src\newgrf_townname.cpp">
      <Filter>NewGRF</Filter>
    </ClCompile>
    <ClCompile Include="..\src\bridge_map.cpp">
      <Filter>Map Accessors</Filter>
    </ClCompile>
    <ClInclude Include="..\src\bridge_map.h">
      <Filter>Map Accessors</Filter>
    </ClInclude>
    <ClInclude Include="..\src\clear_map.h">
      <Filter>Map Accessors</Filter>
    </ClInclude>
    <ClInclude Include="..\src\industry_map.h">
      <Filter>Map Accessors</Filter>
    </ClInclude>
    <ClInclude Include="..\src\object_map.h">
      <Filter>Map Accessors</Filter>
    </ClInclude>
    <ClInclude Include="..\src\rail_map.h">
      <Filter>Map Accessors</Filter>
    </ClInclude>
    <ClCompile Include="..\src\road_map.cpp">
      <Filter>Map Accessors</Filter>
    </ClCompile>
    <ClInclude Include="..\src\road_map.h">
      <Filter>Map Accessors</Filter>
    </ClInclude>
    <ClInclude Include="..\src\station_map.h">
      <Filter>Map Accessors</Filter>
    </ClInclude>
    <ClInclude Include="..\src\tile_map.h">
      <Filter>Map Accessors</Filter>
    </ClInclude>
    <ClInclude Include="..\src\town_map.h">
      <Filter>Map Accessors</Filter>
    </ClInclude>
    <ClInclude Include="..\src\tree_map.h">
      <Filter>Map Accessors</Filter>
    </ClInclude>
    <ClCompile Include="..\src\tunnel_map.cpp">
      <Filter>Map Accessors</Filter>
    </ClCompile>
    <ClInclude Include="..\src\tunnel_map.h">
      <Filter>Map Accessors</Filter>
    </ClInclude>
    <ClInclude Include="..\src\tunnelbridge_map.h">
      <Filter>Map Accessors</Filter>
    </ClInclude>
    <ClInclude Include="..\src\void_map.h">
      <Filter>Map Accessors</Filter>
    </ClInclude>
    <ClInclude Include="..\src\water_map.h">
      <Filter>Map Accessors</Filter>
    </ClInclude>
    <ClInclude Include="..\src\misc\array.hpp">
      <Filter>Misc</Filter>
    </ClInclude>
    <ClInclude Include="..\src\misc\binaryheap.hpp">
      <Filter>Misc</Filter>
    </ClInclude>
    <ClInclude Include="..\src\misc\blob.hpp">
      <Filter>Misc</Filter>
    </ClInclude>
    <ClCompile Include="..\src\misc\countedobj.cpp">
      <Filter>Misc</Filter>
    </ClCompile>
    <ClInclude Include="..\src\misc\countedptr.hpp">
      <Filter>Misc</Filter>
    </ClInclude>
    <ClCompile Include="..\src\misc\dbg_helpers.cpp">
      <Filter>Misc</Filter>
    </ClCompile>
    <ClInclude Include="..\src\misc\dbg_helpers.h">
      <Filter>Misc</Filter>
    </ClInclude>
    <ClInclude Include="..\src\misc\fixedsizearray.hpp">
      <Filter>Misc</Filter>
    </ClInclude>
    <ClInclude Include="..\src\misc\hashtable.hpp">
      <Filter>Misc</Filter>
    </ClInclude>
    <ClInclude Include="..\src\misc\str.hpp">
      <Filter>Misc</Filter>
    </ClInclude>
    <ClCompile Include="..\src\network\core\address.cpp">
      <Filter>Network Core</Filter>
    </ClCompile>
    <ClInclude Include="..\src\network\core\address.h">
      <Filter>Network Core</Filter>
    </ClInclude>
    <ClInclude Include="..\src\network\core\config.h">
      <Filter>Network Core</Filter>
    </ClInclude>
    <ClCompile Include="..\src\network\core\core.cpp">
      <Filter>Network Core</Filter>
    </ClCompile>
    <ClInclude Include="..\src\network\core\core.h">
      <Filter>Network Core</Filter>
    </ClInclude>
    <ClInclude Include="..\src\network\core\game.h">
      <Filter>Network Core</Filter>
    </ClInclude>
    <ClCompile Include="..\src\network\core\host.cpp">
      <Filter>Network Core</Filter>
    </ClCompile>
    <ClInclude Include="..\src\network\core\host.h">
      <Filter>Network Core</Filter>
    </ClInclude>
    <ClInclude Include="..\src\network\core\os_abstraction.h">
      <Filter>Network Core</Filter>
    </ClInclude>
    <ClCompile Include="..\src\network\core\packet.cpp">
      <Filter>Network Core</Filter>
    </ClCompile>
    <ClInclude Include="..\src\network\core\packet.h">
      <Filter>Network Core</Filter>
    </ClInclude>
    <ClCompile Include="..\src\network\core\tcp.cpp">
      <Filter>Network Core</Filter>
    </ClCompile>
    <ClInclude Include="..\src\network\core\tcp.h">
      <Filter>Network Core</Filter>
    </ClInclude>
    <ClCompile Include="..\src\network\core\tcp_connect.cpp">
      <Filter>Network Core</Filter>
    </ClCompile>
    <ClCompile Include="..\src\network\core\tcp_content.cpp">
      <Filter>Network Core</Filter>
    </ClCompile>
    <ClInclude Include="..\src\network\core\tcp_content.h">
      <Filter>Network Core</Filter>
    </ClInclude>
    <ClCompile Include="..\src\network\core\tcp_game.cpp">
      <Filter>Network Core</Filter>
    </ClCompile>
    <ClInclude Include="..\src\network\core\tcp_game.h">
      <Filter>Network Core</Filter>
    </ClInclude>
    <ClCompile Include="..\src\network\core\tcp_admin.cpp">
      <Filter>Network Core</Filter>
    </ClCompile>
    <ClInclude Include="..\src\network\core\tcp_admin.h">
      <Filter>Network Core</Filter>
    </ClInclude>
    <ClCompile Include="..\src\network\core\tcp_http.cpp">
      <Filter>Network Core</Filter>
    </ClCompile>
    <ClInclude Include="..\src\network\core\tcp_http.h">
      <Filter>Network Core</Filter>
    </ClInclude>
    <ClInclude Include="..\src\network\core\tcp_listen.h">
      <Filter>Network Core</Filter>
    </ClInclude>
    <ClCompile Include="..\src\network\core\udp.cpp">
      <Filter>Network Core</Filter>
    </ClCompile>
    <ClInclude Include="..\src\network\core\udp.h">
      <Filter>Network Core</Filter>
    </ClInclude>
    <ClInclude Include="..\src\pathfinder\follow_track.hpp">
      <Filter>Pathfinder</Filter>
    </ClInclude>
    <ClCompile Include="..\src\pathfinder\opf\opf_ship.cpp">
      <Filter>Pathfinder</Filter>
    </ClCompile>
    <ClInclude Include="..\src\pathfinder\opf\opf_ship.h">
      <Filter>Pathfinder</Filter>
    </ClInclude>
    <ClInclude Include="..\src\pathfinder\pathfinder_func.h">
      <Filter>Pathfinder</Filter>
    </ClInclude>
    <ClInclude Include="..\src\pathfinder\pathfinder_type.h">
      <Filter>Pathfinder</Filter>
    </ClInclude>
    <ClInclude Include="..\src\pathfinder\pf_performance_timer.hpp">
      <Filter>Pathfinder</Filter>
    </ClInclude>
    <ClCompile Include="..\src\pathfinder\npf\aystar.cpp">
      <Filter>NPF</Filter>
    </ClCompile>
    <ClInclude Include="..\src\pathfinder\npf\aystar.h">
      <Filter>NPF</Filter>
    </ClInclude>
    <ClCompile Include="..\src\pathfinder\npf\npf.cpp">
      <Filter>NPF</Filter>
    </ClCompile>
    <ClInclude Include="..\src\pathfinder\npf\npf_func.h">
      <Filter>NPF</Filter>
    </ClInclude>
    <ClCompile Include="..\src\pathfinder\npf\queue.cpp">
      <Filter>NPF</Filter>
    </ClCompile>
    <ClInclude Include="..\src\pathfinder\npf\queue.h">
      <Filter>NPF</Filter>
    </ClInclude>
    <ClInclude Include="..\src\pathfinder\yapf\nodelist.hpp">
      <Filter>YAPF</Filter>
    </ClInclude>
    <ClInclude Include="..\src\pathfinder\yapf\yapf.h">
      <Filter>YAPF</Filter>
    </ClInclude>
    <ClInclude Include="..\src\pathfinder\yapf\yapf.hpp">
      <Filter>YAPF</Filter>
    </ClInclude>
    <ClInclude Include="..\src\pathfinder\yapf\yapf_base.hpp">
      <Filter>YAPF</Filter>
    </ClInclude>
    <ClInclude Include="..\src\pathfinder\yapf\yapf_cache.h">
      <Filter>YAPF</Filter>
    </ClInclude>
    <ClInclude Include="..\src\pathfinder\yapf\yapf_common.hpp">
      <Filter>YAPF</Filter>
    </ClInclude>
    <ClInclude Include="..\src\pathfinder\yapf\yapf_costbase.hpp">
      <Filter>YAPF</Filter>
    </ClInclude>
    <ClInclude Include="..\src\pathfinder\yapf\yapf_costcache.hpp">
      <Filter>YAPF</Filter>
    </ClInclude>
    <ClInclude Include="..\src\pathfinder\yapf\yapf_costrail.hpp">
      <Filter>YAPF</Filter>
    </ClInclude>
    <ClInclude Include="..\src\pathfinder\yapf\yapf_destrail.hpp">
      <Filter>YAPF</Filter>
    </ClInclude>
    <ClInclude Include="..\src\pathfinder\yapf\yapf_node.hpp">
      <Filter>YAPF</Filter>
    </ClInclude>
    <ClInclude Include="..\src\pathfinder\yapf\yapf_node_rail.hpp">
      <Filter>YAPF</Filter>
    </ClInclude>
    <ClInclude Include="..\src\pathfinder\yapf\yapf_node_road.hpp">
      <Filter>YAPF</Filter>
    </ClInclude>
    <ClInclude Include="..\src\pathfinder\yapf\yapf_node_ship.hpp">
      <Filter>YAPF</Filter>
    </ClInclude>
    <ClCompile Include="..\src\pathfinder\yapf\yapf_rail.cpp">
      <Filter>YAPF</Filter>
    </ClCompile>
    <ClCompile Include="..\src\pathfinder\yapf\yapf_road.cpp">
      <Filter>YAPF</Filter>
    </ClCompile>
    <ClCompile Include="..\src\pathfinder\yapf\yapf_ship.cpp">
      <Filter>YAPF</Filter>
    </ClCompile>
    <ClCompile Include="..\src\video\dedicated_v.cpp">
      <Filter>Video</Filter>
    </ClCompile>
    <ClCompile Include="..\src\video\null_v.cpp">
      <Filter>Video</Filter>
    </ClCompile>
    <ClCompile Include="..\src\video\sdl_v.cpp">
      <Filter>Video</Filter>
    </ClCompile>
    <ClCompile Include="..\src\video\win32_v.cpp">
      <Filter>Video</Filter>
    </ClCompile>
    <ClCompile Include="..\src\music\dmusic.cpp">
      <Filter>Music</Filter>
    </ClCompile>
    <ClCompile Include="..\src\music\null_m.cpp">
      <Filter>Music</Filter>
    </ClCompile>
    <ClCompile Include="..\src\music\win32_m.cpp">
      <Filter>Music</Filter>
    </ClCompile>
    <ClCompile Include="..\src\sound\null_s.cpp">
      <Filter>Sound</Filter>
    </ClCompile>
    <ClCompile Include="..\src\sound\sdl_s.cpp">
      <Filter>Sound</Filter>
    </ClCompile>
    <ClCompile Include="..\src\sound\win32_s.cpp">
      <Filter>Sound</Filter>
    </ClCompile>
    <ClCompile Include="..\src\os\windows\crashlog_win.cpp">
      <Filter>Windows files</Filter>
    </ClCompile>
    <ResourceCompile Include="..\src\os\windows\ottdres.rc">
      <Filter>Windows files</Filter>
    </ResourceCompile>
    <ClCompile Include="..\src\os\windows\win32.cpp">
      <Filter>Windows files</Filter>
    </ClCompile>
    <ClInclude Include="..\src\thread\thread.h">
      <Filter>Threading</Filter>
    </ClInclude>
    <ClCompile Include="..\src\thread\thread_win32.cpp">
      <Filter>Threading</Filter>
    </ClCompile>
  </ItemGroup>
  <ItemGroup>
    <None Include="..\media\openttd.ico" />
    <None Include="..\readme.txt" />
  </ItemGroup>
</Project>
