Microsoft Visual Studio Solution File, Format Version 8.00
Project("{8BC9CEB8-8B4A-11D0-8D11-00A0C91BC942}") = "strgen", "strgen.vcproj", "{A133A442-BD0A-4ADE-B117-AD7545E4BDD1}"
	ProjectSection(ProjectDependencies) = postProject
	EndProjectSection
EndProject
Project("{8BC9CEB8-8B4A-11D0-8D11-00A0C91BC942}") = "openttd", "openttd.vcproj", "{668328A0-B40E-4CDB-BD72-D0064424414A}"
	ProjectSection(ProjectDependencies) = postProject
		{0F066B23-18DF-4284-8265-F4A5E7E3B966} = {0F066B23-18DF-4284-8265-F4A5E7E3B966}
		{A133A442-BD0A-4ADE-B117-AD7545E4BDD1} = {A133A442-BD0A-4ADE-B117-AD7545E4BDD1}
	EndProjectSection
EndProject
Project("{8BC9CEB8-8B4A-11D0-8D11-00A0C91BC942}") = "langs", "langs.vcproj", "{0F066B23-18DF-4284-8265-F4A5E7E3B966}"
	ProjectSection(ProjectDependencies) = postProject
		{A133A442-BD0A-4ADE-B117-AD7545E4BDD1} = {A133A442-BD0A-4ADE-B117-AD7545E4BDD1}
	EndProjectSection
EndProject
Global
	GlobalSection(SolutionConfiguration) = preSolution
		Debug = Debug
		Release = Release
	EndGlobalSection
	GlobalSection(ProjectDependencies) = postSolution
	EndGlobalSection
	GlobalSection(ProjectConfiguration) = postSolution
		{A133A442-BD0A-4ADE-B117-AD7545E4BDD1}.Debug.ActiveCfg = Release|Win32
		{A133A442-BD0A-4ADE-B117-AD7545E4BDD1}.Debug.Build.0 = Release|Win32
		{A133A442-BD0A-4ADE-B117-AD7545E4BDD1}.Release.ActiveCfg = Release|Win32
		{A133A442-BD0A-4ADE-B117-AD7545E4BDD1}.Release.Build.0 = Release|Win32
		{668328A0-B40E-4CDB-BD72-D0064424414A}.Debug.ActiveCfg = Debug|Win32
		{668328A0-B40E-4CDB-BD72-D0064424414A}.Debug.Build.0 = Debug|Win32
		{668328A0-B40E-4CDB-BD72-D0064424414A}.Release.ActiveCfg = Release|Win32
		{668328A0-B40E-4CDB-BD72-D0064424414A}.Release.Build.0 = Release|Win32
		{0F066B23-18DF-4284-8265-F4A5E7E3B966}.Debug.ActiveCfg = Debug|Win32
		{0F066B23-18DF-4284-8265-F4A5E7E3B966}.Debug.Build.0 = Debug|Win32
		{0F066B23-18DF-4284-8265-F4A5E7E3B966}.Release.ActiveCfg = Debug|Win32
		{0F066B23-18DF-4284-8265-F4A5E7E3B966}.Release.Build.0 = Debug|Win32
	EndGlobalSection
	GlobalSection(ExtensibilityGlobals) = postSolution
	EndGlobalSection
	GlobalSection(ExtensibilityAddIns) = postSolution
	EndGlobalSection
	GlobalSection(DPCodeReviewSolutionGUID) = preSolution
		DPCodeReviewSolutionGUID = {00000000-0000-0000-0000-000000000000}
	EndGlobalSection
EndGlobal
