// !$*UTF8*$!
{
	archiveVersion = 1;
	classes = {
	};
	objectVersion = 39;
	objects = {
		014CEA520018CE5811CA2923 = {
			buildSettings = {
				COPY_PHASE_STRIP = NO;
				GCC_DYNAMIC_NO_PIC = NO;
				GCC_ENABLE_FIX_AND_CONTINUE = YES;
				GCC_GENERATE_DEBUGGING_SYMBOLS = YES;
				GCC_OPTIMIZATION_LEVEL = 0;
				HEADER_SEARCH_PATHS = /sw/include/SDL;
				LIBRARY_SEARCH_PATHS = /sw/include/SDL;
				ZERO_LINK = NO;
			};
			isa = PBXBuildStyle;
			name = Development;
		};
		014CEA530018CE5811CA2923 = {
			buildSettings = {
				COPY_PHASE_STRIP = YES;
				GCC_ENABLE_FIX_AND_CONTINUE = NO;
				ZERO_LINK = NO;
			};
			isa = PBXBuildStyle;
			name = Deployment;
		};
//010
//011
//012
//013
//014
//080
//081
//082
//083
//084
		08FB7793FE84155DC02AAC07 = {
			buildSettings = {
			};
			buildStyles = (
				014CEA520018CE5811CA2923,
				014CEA530018CE5811CA2923,
			);
			hasScannedForEncodings = 1;
			isa = PBXProject;
			mainGroup = 08FB7794FE84155DC02AAC07;
			projectDirPath = "";
			targets = (
				92BA222C07AAF30200DBA913,
			);
		};
		08FB7794FE84155DC02AAC07 = {
			children = (
				08FB7795FE84155DC02AAC07,
				C6A0FF2B0290797F04C91782,
				1AB674ADFE9D54B511CA2CBB,
			);
			isa = PBXGroup;
			name = OpenTTD;
			refType = 4;
			sourceTree = "<group>";
		};
		08FB7795FE84155DC02AAC07 = {
			children = (
				92BA20DF07AAF1EE00DBA913,
				92BA20E007AAF1EE00DBA913,
				92BA20E107AAF1EE00DBA913,
				92BA20E207AAF1EE00DBA913,
				92BA20E307AAF1EE00DBA913,
				92BA20E407AAF1EE00DBA913,
				92BA20E507AAF1EE00DBA913,
				92BA20E607AAF1EE00DBA913,
				92BA20E707AAF1EE00DBA913,
				92BA20E807AAF1EE00DBA913,
				92BA20E907AAF1EE00DBA913,
				92BA20EA07AAF1EE00DBA913,
				92BA20EB07AAF1EE00DBA913,
				92BA20EC07AAF1EE00DBA913,
				92BA20ED07AAF1EE00DBA913,
				92BA20EE07AAF1EE00DBA913,
				92BA20EF07AAF1EE00DBA913,
				92BA20F007AAF1EE00DBA913,
				92BA20F107AAF1EE00DBA913,
				92BA20F207AAF1EE00DBA913,
				92BA20F307AAF1EE00DBA913,
				92BA20F407AAF1EE00DBA913,
				92BA20F507AAF1EE00DBA913,
				92BA20F607AAF1EE00DBA913,
				92BA20F707AAF1EE00DBA913,
				92BA20F807AAF1EE00DBA913,
				92BA20F907AAF1EE00DBA913,
				92BA20FA07AAF1EE00DBA913,
				92BA20FB07AAF1EE00DBA913,
				92BA20FC07AAF1EE00DBA913,
				92BA20FD07AAF1EE00DBA913,
				92BA20FE07AAF1EE00DBA913,
				92BA20FF07AAF1EE00DBA913,
				92BA210007AAF1EE00DBA913,
				92BA210107AAF1EE00DBA913,
				92BA210207AAF1EE00DBA913,
				92BA210307AAF1EE00DBA913,
				92BA210407AAF1EE00DBA913,
				92BA210507AAF1EE00DBA913,
				92BA212107AAF1EE00DBA913,
				92BA212207AAF1EE00DBA913,
				92BA212307AAF1EE00DBA913,
				92BA212407AAF1EE00DBA913,
				92BA212C07AAF1EE00DBA913,
				92BA212D07AAF1EE00DBA913,
				92BA212E07AAF1EE00DBA913,
				92BA212F07AAF1EE00DBA913,
				92BA213007AAF1EE00DBA913,
				92BA213107AAF1EE00DBA913,
				92BA213207AAF1EE00DBA913,
				92BA213307AAF1EE00DBA913,
				92BA213407AAF1EE00DBA913,
				92BA213507AAF1EE00DBA913,
				92BA213607AAF1EE00DBA913,
				92BA213707AAF1EE00DBA913,
				92BA213807AAF1EE00DBA913,
				92BA213907AAF1EE00DBA913,
				92BA213A07AAF1EE00DBA913,
				92BA213B07AAF1EE00DBA913,
				92BA213C07AAF1EE00DBA913,
				92BA213D07AAF1EE00DBA913,
				92BA213E07AAF1EE00DBA913,
				92BA214607AAF1EE00DBA913,
				92BA214707AAF1EE00DBA913,
				92BA214807AAF1EE00DBA913,
				92BA214C07AAF1EE00DBA913,
				92BA214D07AAF1EE00DBA913,
				92BA214E07AAF1EE00DBA913,
				92BA214F07AAF1EE00DBA913,
				92BA215007AAF1EE00DBA913,
				92BA215107AAF1EE00DBA913,
				92BA215207AAF1EE00DBA913,
				92BA215307AAF1EE00DBA913,
				92BA215407AAF1EE00DBA913,
				92BA215507AAF1EE00DBA913,
				92BA215607AAF1EE00DBA913,
				92BA215707AAF1EE00DBA913,
				92BA215807AAF1EE00DBA913,
				92BA215907AAF1EE00DBA913,
				92BA215A07AAF1EE00DBA913,
				92BA215B07AAF1EE00DBA913,
				92BA215C07AAF1EE00DBA913,
				92BA215D07AAF1EE00DBA913,
				92BA215E07AAF1EE00DBA913,
				92BA218807AAF1EF00DBA913,
				92BA218907AAF1EF00DBA913,
				92BA218A07AAF1EF00DBA913,
				92BA218B07AAF1EF00DBA913,
				92BA218C07AAF1EF00DBA913,
				92BA218D07AAF1EF00DBA913,
				92BA218E07AAF1EF00DBA913,
				92BA218F07AAF1EF00DBA913,
				92BA219007AAF1EF00DBA913,
				92BA219107AAF1EF00DBA913,
				92BA219207AAF1EF00DBA913,
				92BA219307AAF1EF00DBA913,
				92BA219407AAF1EF00DBA913,
				92BA219507AAF1EF00DBA913,
				92BA219607AAF1EF00DBA913,
				92BA219707AAF1EF00DBA913,
				92BA219807AAF1EF00DBA913,
				92BA219907AAF1EF00DBA913,
				92BA219A07AAF1EF00DBA913,
				92BA219B07AAF1EF00DBA913,
				92BA219C07AAF1EF00DBA913,
				92BA219D07AAF1EF00DBA913,
				92BA219E07AAF1EF00DBA913,
				92BA219F07AAF1EF00DBA913,
				92BA21A007AAF1EF00DBA913,
				92BA21A107AAF1EF00DBA913,
				92BA21A207AAF1EF00DBA913,
				92BA21A307AAF1EF00DBA913,
				92BA21A407AAF1EF00DBA913,
				92BA21A507AAF1EF00DBA913,
				92BA21AE07AAF1EF00DBA913,
				92BA21AF07AAF1EF00DBA913,
				92BA21B007AAF1EF00DBA913,
				92BA21B107AAF1EF00DBA913,
				92BA21B207AAF1EF00DBA913,
				92BA21B507AAF1EF00DBA913,
				92BA21B607AAF1EF00DBA913,
				92BA21B707AAF1EF00DBA913,
				92BA21B807AAF1EF00DBA913,
				92BA21B907AAF1EF00DBA913,
				92BA21BA07AAF1EF00DBA913,
				92BA21BB07AAF1EF00DBA913,
				92BA21D607AAF1EF00DBA913,
				92BA21D707AAF1EF00DBA913,
				92BA21D807AAF1EF00DBA913,
				92BA21D907AAF1EF00DBA913,
				92BA21DA07AAF1EF00DBA913,
				92BA21DB07AAF1EF00DBA913,
				92BA21DC07AAF1EF00DBA913,
				92BA21DD07AAF1EF00DBA913,
				92BA21DE07AAF1EF00DBA913,
				92BA21DF07AAF1EF00DBA913,
				92BA21E007AAF1EF00DBA913,
				92BA21E107AAF1EF00DBA913,
				92BA21E207AAF1EF00DBA913,
				92BA21E307AAF1EF00DBA913,
				92BA21E407AAF1EF00DBA913,
				92BA21E507AAF1EF00DBA913,
				92BA21E607AAF1EF00DBA913,
				92BA21E707AAF1EF00DBA913,
				92BA21E807AAF1EF00DBA913,
				92BA21E907AAF1EF00DBA913,
				92BA21EA07AAF1EF00DBA913,
				92BA21EB07AAF1EF00DBA913,
				92BA21EC07AAF1EF00DBA913,
				92BA21FC07AAF1EF00DBA913,
				92BA21FD07AAF1EF00DBA913,
				92BA21FE07AAF1EF00DBA913,
				92BA21FF07AAF1EF00DBA913,
				92BA220C07AAF1EF00DBA913,
				92BA220D07AAF1EF00DBA913,
				92BA220E07AAF1EF00DBA913,
				92BA220F07AAF1EF00DBA913,
				92BA221007AAF1EF00DBA913,
				92BA221107AAF1EF00DBA913,
				92BA221207AAF1EF00DBA913,
				92BA221307AAF1EF00DBA913,
				92BA221407AAF1EF00DBA913,
				92BA221507AAF1EF00DBA913,
				92BA221607AAF1EF00DBA913,
				92BA221707AAF1EF00DBA913,
				92BA221807AAF1EF00DBA913,
				92BA221907AAF1EF00DBA913,
				92BA221A07AAF1EF00DBA913,
				92BA221B07AAF1EF00DBA913,
				92BA221C07AAF1EF00DBA913,
				92BA221D07AAF1EF00DBA913,
				92BA221E07AAF1EF00DBA913,
				92BA221F07AAF1EF00DBA913,
				92BA222007AAF1EF00DBA913,
				92BA222107AAF1EF00DBA913,
				92BA222207AAF1EF00DBA913,
			);
			isa = PBXGroup;
			name = Source;
			refType = 4;
			sourceTree = "<group>";
		};
//080
//081
//082
//083
//084
//1A0
//1A1
//1A2
//1A3
//1A4
		1AB674ADFE9D54B511CA2CBB = {
			children = (
			);
			isa = PBXGroup;
			name = Products;
			refType = 4;
			sourceTree = "<group>";
		};
//1A0
//1A1
//1A2
//1A3
//1A4
//920
//921
//922
//923
//924
		92BA20DF07AAF1EE00DBA913 = {
			fileEncoding = 30;
			isa = PBXFileReference;
			lastKnownFileType = sourcecode.c.c;
			path = sdl.c;
			refType = 2;
			sourceTree = SOURCE_ROOT;
		};
		92BA20E007AAF1EE00DBA913 = {
			fileEncoding = 30;
			isa = PBXFileReference;
			lastKnownFileType = sourcecode.c.c;
			path = news_gui.c;
			refType = 2;
			sourceTree = SOURCE_ROOT;
		};
		92BA20E107AAF1EE00DBA913 = {
			fileEncoding = 30;
			isa = PBXFileReference;
			lastKnownFileType = sourcecode.c.h;
			path = news.h;
			refType = 2;
			sourceTree = SOURCE_ROOT;
		};
		92BA20E207AAF1EE00DBA913 = {
			fileEncoding = 30;
			isa = PBXFileReference;
			lastKnownFileType = sourcecode.make;
			path = Makefile;
			refType = 2;
			sourceTree = SOURCE_ROOT;
		};
		92BA20E307AAF1EE00DBA913 = {
			fileEncoding = 30;
			isa = PBXFileReference;
			lastKnownFileType = sourcecode.c.h;
			path = console.h;
			refType = 2;
			sourceTree = SOURCE_ROOT;
		};
		92BA20E407AAF1EE00DBA913 = {
			fileEncoding = 30;
			isa = PBXFileReference;
			lastKnownFileType = sourcecode.c.c;
			path = console.c;
			refType = 2;
			sourceTree = SOURCE_ROOT;
		};
		92BA20E507AAF1EE00DBA913 = {
			fileEncoding = 30;
			isa = PBXFileReference;
			lastKnownFileType = sourcecode.c.h;
			path = window.h;
			refType = 2;
			sourceTree = SOURCE_ROOT;
		};
		92BA20E607AAF1EE00DBA913 = {
			fileEncoding = 30;
			isa = PBXFileReference;
			lastKnownFileType = sourcecode.c.c;
			path = window.c;
			refType = 2;
			sourceTree = SOURCE_ROOT;
		};
		92BA20E707AAF1EE00DBA913 = {
			fileEncoding = 30;
			isa = PBXFileReference;
			lastKnownFileType = sourcecode.c.c;
			path = win32.c;
			refType = 2;
			sourceTree = SOURCE_ROOT;
		};
		92BA20E807AAF1EE00DBA913 = {
			fileEncoding = 30;
			isa = PBXFileReference;
			lastKnownFileType = sourcecode.c.c;
			path = widget.c;
			refType = 2;
			sourceTree = SOURCE_ROOT;
		};
		92BA20E907AAF1EE00DBA913 = {
			fileEncoding = 30;
			isa = PBXFileReference;
			lastKnownFileType = sourcecode.c.c;
			path = water_cmd.c;
			refType = 2;
			sourceTree = SOURCE_ROOT;
		};
		92BA20EA07AAF1EE00DBA913 = {
			fileEncoding = 30;
			isa = PBXFileReference;
			lastKnownFileType = sourcecode.cpp.cpp;
			path = w32dm2.cpp;
			refType = 2;
			sourceTree = SOURCE_ROOT;
		};
		92BA20EB07AAF1EE00DBA913 = {
			fileEncoding = 30;
			isa = PBXFileReference;
			lastKnownFileType = sourcecode.c.c;
			path = w32dm.c;
			refType = 2;
			sourceTree = SOURCE_ROOT;
		};
		92BA20EC07AAF1EE00DBA913 = {
			fileEncoding = 30;
			isa = PBXFileReference;
			lastKnownFileType = sourcecode.c.h;
			path = viewport.h;
			refType = 2;
			sourceTree = SOURCE_ROOT;
		};
		92BA20ED07AAF1EE00DBA913 = {
			fileEncoding = 30;
			isa = PBXFileReference;
			lastKnownFileType = sourcecode.c.c;
			path = viewport.c;
			refType = 2;
			sourceTree = SOURCE_ROOT;
		};
		92BA20EE07AAF1EE00DBA913 = {
			fileEncoding = 30;
			isa = PBXFileReference;
			lastKnownFileType = sourcecode.c.h;
			path = vehicle_gui.h;
			refType = 2;
			sourceTree = SOURCE_ROOT;
		};
		92BA20EF07AAF1EE00DBA913 = {
			fileEncoding = 30;
			isa = PBXFileReference;
			lastKnownFileType = sourcecode.c.c;
			path = vehicle_gui.c;
			refType = 2;
			sourceTree = SOURCE_ROOT;
		};
		92BA20F007AAF1EE00DBA913 = {
			fileEncoding = 30;
			isa = PBXFileReference;
			lastKnownFileType = sourcecode.c.h;
			path = vehicle.h;
			refType = 2;
			sourceTree = SOURCE_ROOT;
		};
		92BA20F107AAF1EE00DBA913 = {
			fileEncoding = 30;
			isa = PBXFileReference;
			lastKnownFileType = sourcecode.c.c;
			path = vehicle.c;
			refType = 2;
			sourceTree = SOURCE_ROOT;
		};
		92BA20F207AAF1EE00DBA913 = {
			fileEncoding = 30;
			isa = PBXFileReference;
			lastKnownFileType = sourcecode.c.h;
			path = variables.h;
			refType = 2;
			sourceTree = SOURCE_ROOT;
		};
		92BA20F307AAF1EE00DBA913 = {
			fileEncoding = 30;
			isa = PBXFileReference;
			lastKnownFileType = sourcecode.c.c;
			path = unmovable_cmd.c;
			refType = 2;
			sourceTree = SOURCE_ROOT;
		};
		92BA20F407AAF1EE00DBA913 = {
			fileEncoding = 30;
			isa = PBXFileReference;
			lastKnownFileType = sourcecode.c.c;
			path = unix.c;
			refType = 2;
			sourceTree = SOURCE_ROOT;
		};
		92BA20F507AAF1EE00DBA913 = {
			fileEncoding = 30;
			isa = PBXFileReference;
			lastKnownFileType = sourcecode.c.c;
			path = tunnelbridge_cmd.c;
			refType = 2;
			sourceTree = SOURCE_ROOT;
		};
		92BA20F607AAF1EE00DBA913 = {
			fileEncoding = 30;
			isa = PBXFileReference;
			lastKnownFileType = text.plist.xml;
			path = ttd.vcproj;
			refType = 2;
			sourceTree = SOURCE_ROOT;
		};
		92BA20F707AAF1EE00DBA913 = {
			fileEncoding = 30;
			isa = PBXFileReference;
			lastKnownFileType = text;
			path = ttd.sln;
			refType = 2;
			sourceTree = SOURCE_ROOT;
		};
		92BA20F807AAF1EE00DBA913 = {
			fileEncoding = 30;
			isa = PBXFileReference;
			lastKnownFileType = text;
			path = ttd.rc;
			refType = 2;
			sourceTree = SOURCE_ROOT;
		};
		92BA20F907AAF1EE00DBA913 = {
			fileEncoding = 30;
			isa = PBXFileReference;
			lastKnownFileType = sourcecode.c.h;
			path = ttd.h;
			refType = 2;
			sourceTree = SOURCE_ROOT;
		};
		92BA20FA07AAF1EE00DBA913 = {
			fileEncoding = 30;
			isa = PBXFileReference;
			lastKnownFileType = text;
			path = ttd.dsw;
			refType = 2;
			sourceTree = SOURCE_ROOT;
		};
		92BA20FB07AAF1EE00DBA913 = {
			fileEncoding = 30;
			isa = PBXFileReference;
			lastKnownFileType = text;
			path = ttd.dsp;
			refType = 2;
			sourceTree = SOURCE_ROOT;
		};
		92BA20FC07AAF1EE00DBA913 = {
			fileEncoding = 30;
			isa = PBXFileReference;
			lastKnownFileType = sourcecode.c.c;
			path = ttd.c;
			refType = 2;
			sourceTree = SOURCE_ROOT;
		};
		92BA20FD07AAF1EE00DBA913 = {
			fileEncoding = 30;
			isa = PBXFileReference;
			lastKnownFileType = sourcecode.c.c;
			path = tree_cmd.c;
			refType = 2;
			sourceTree = SOURCE_ROOT;
		};
		92BA20FE07AAF1EE00DBA913 = {
			fileEncoding = 30;
			isa = PBXFileReference;
			lastKnownFileType = sourcecode.c.c;
			path = train_gui.c;
			refType = 2;
			sourceTree = SOURCE_ROOT;
		};
		92BA20FF07AAF1EE00DBA913 = {
			fileEncoding = 30;
			isa = PBXFileReference;
			lastKnownFileType = sourcecode.c.c;
			path = train_cmd.c;
			refType = 2;
			sourceTree = SOURCE_ROOT;
		};
		92BA210007AAF1EE00DBA913 = {
			fileEncoding = 30;
			isa = PBXFileReference;
			lastKnownFileType = sourcecode.c.c;
			path = town_gui.c;
			refType = 2;
			sourceTree = SOURCE_ROOT;
		};
		92BA210107AAF1EE00DBA913 = {
			fileEncoding = 30;
			isa = PBXFileReference;
			lastKnownFileType = sourcecode.c.c;
			path = town_cmd.c;
			refType = 2;
			sourceTree = SOURCE_ROOT;
		};
		92BA210207AAF1EE00DBA913 = {
			fileEncoding = 30;
			isa = PBXFileReference;
			lastKnownFileType = sourcecode.c.h;
			path = town.h;
			refType = 2;
			sourceTree = SOURCE_ROOT;
		};
		92BA210307AAF1EE00DBA913 = {
			fileEncoding = 30;
			isa = PBXFileReference;
			lastKnownFileType = sourcecode.c.c;
			path = texteff.c;
			refType = 2;
			sourceTree = SOURCE_ROOT;
		};
		92BA210407AAF1EE00DBA913 = {
			fileEncoding = 30;
			isa = PBXFileReference;
			lastKnownFileType = sourcecode.c.c;
			path = terraform_gui.c;
			refType = 2;
			sourceTree = SOURCE_ROOT;
		};
		92BA210507AAF1EE00DBA913 = {
			children = (
				92BA210607AAF1EE00DBA913,
				92BA210707AAF1EE00DBA913,
				92BA210807AAF1EE00DBA913,
				92BA210907AAF1EE00DBA913,
				92BA210A07AAF1EE00DBA913,
				92BA210B07AAF1EE00DBA913,
				92BA210C07AAF1EE00DBA913,
				92BA210D07AAF1EE00DBA913,
				92BA210E07AAF1EE00DBA913,
				92BA210F07AAF1EE00DBA913,
				92BA211007AAF1EE00DBA913,
				92BA211107AAF1EE00DBA913,
				92BA211207AAF1EE00DBA913,
				92BA211307AAF1EE00DBA913,
				92BA211407AAF1EE00DBA913,
				92BA211507AAF1EE00DBA913,
				92BA211607AAF1EE00DBA913,
				92BA211707AAF1EE00DBA913,
				92BA211807AAF1EE00DBA913,
				92BA211907AAF1EE00DBA913,
				92BA211A07AAF1EE00DBA913,
				92BA211B07AAF1EE00DBA913,
				92BA211C07AAF1EE00DBA913,
				92BA211D07AAF1EE00DBA913,
				92BA211E07AAF1EE00DBA913,
				92BA211F07AAF1EE00DBA913,
				92BA212007AAF1EE00DBA913,
			);
			isa = PBXGroup;
			path = table;
			refType = 2;
			sourceTree = SOURCE_ROOT;
		};
		92BA210607AAF1EE00DBA913 = {
			fileEncoding = 30;
			isa = PBXFileReference;
			lastKnownFileType = sourcecode.c.h;
			name = ai_rail.h;
			path = table/ai_rail.h;
			refType = 2;
			sourceTree = SOURCE_ROOT;
		};
		92BA210707AAF1EE00DBA913 = {
			fileEncoding = 30;
			isa = PBXFileReference;
			lastKnownFileType = sourcecode.c.h;
			name = animcursors.h;
			path = table/animcursors.h;
			refType = 2;
			sourceTree = SOURCE_ROOT;
		};
		92BA210807AAF1EE00DBA913 = {
			fileEncoding = 30;
			isa = PBXFileReference;
			lastKnownFileType = sourcecode.c.h;
			name = autorail.h;
			path = table/autorail.h;
			refType = 2;
			sourceTree = SOURCE_ROOT;
		};
		92BA210907AAF1EE00DBA913 = {
			fileEncoding = 30;
			isa = PBXFileReference;
			lastKnownFileType = sourcecode.c.h;
			name = bridge_land.h;
			path = table/bridge_land.h;
			refType = 2;
			sourceTree = SOURCE_ROOT;
		};
		92BA210A07AAF1EE00DBA913 = {
			fileEncoding = 30;
			isa = PBXFileReference;
			lastKnownFileType = sourcecode.c.h;
			name = build_industry.h;
			path = table/build_industry.h;
			refType = 2;
			sourceTree = SOURCE_ROOT;
		};
		92BA210B07AAF1EE00DBA913 = {
			fileEncoding = 30;
			isa = PBXFileReference;
			lastKnownFileType = sourcecode.c.h;
			name = clear_land.h;
			path = table/clear_land.h;
			refType = 2;
			sourceTree = SOURCE_ROOT;
		};
		92BA210C07AAF1EE00DBA913 = {
			fileEncoding = 30;
			isa = PBXFileReference;
			lastKnownFileType = sourcecode.c.h;
			name = currency.h;
			path = table/currency.h;
			refType = 2;
			sourceTree = SOURCE_ROOT;
		};
		92BA210D07AAF1EE00DBA913 = {
			fileEncoding = 30;
			isa = PBXFileReference;
			lastKnownFileType = sourcecode.c.h;
			name = directions.h;
			path = table/directions.h;
			refType = 2;
			sourceTree = SOURCE_ROOT;
		};
		92BA210E07AAF1EE00DBA913 = {
			fileEncoding = 30;
			isa = PBXFileReference;
			lastKnownFileType = sourcecode.c.h;
			name = engines.h;
			path = table/engines.h;
			refType = 2;
			sourceTree = SOURCE_ROOT;
		};
		92BA210F07AAF1EE00DBA913 = {
			fileEncoding = 30;
			isa = PBXFileReference;
			lastKnownFileType = sourcecode.c.h;
			name = files.h;
			path = table/files.h;
			refType = 2;
			sourceTree = SOURCE_ROOT;
		};
		92BA211007AAF1EE00DBA913 = {
			fileEncoding = 30;
			isa = PBXFileReference;
			lastKnownFileType = sourcecode.c.h;
			name = genland.h;
			path = table/genland.h;
			refType = 2;
			sourceTree = SOURCE_ROOT;
		};
		92BA211107AAF1EE00DBA913 = {
			fileEncoding = 30;
			isa = PBXFileReference;
			lastKnownFileType = sourcecode.c.h;
			name = industry_land.h;
			path = table/industry_land.h;
			refType = 2;
			sourceTree = SOURCE_ROOT;
		};
		92BA211207AAF1EE00DBA913 = {
			fileEncoding = 30;
			isa = PBXFileReference;
			lastKnownFileType = sourcecode.c.h;
			name = landscape_const.h;
			path = table/landscape_const.h;
			refType = 2;
			sourceTree = SOURCE_ROOT;
		};
		92BA211307AAF1EE00DBA913 = {
			fileEncoding = 30;
			isa = PBXFileReference;
			lastKnownFileType = sourcecode.c.h;
			name = landscape_sprite.h;
			path = table/landscape_sprite.h;
			refType = 2;
			sourceTree = SOURCE_ROOT;
		};
		92BA211407AAF1EE00DBA913 = {
			fileEncoding = 30;
			isa = PBXFileReference;
			lastKnownFileType = sourcecode.c.h;
			name = namegen.h;
			path = table/namegen.h;
			refType = 2;
			sourceTree = SOURCE_ROOT;
		};
		92BA211507AAF1EE00DBA913 = {
			fileEncoding = 30;
			isa = PBXFileReference;
			lastKnownFileType = sourcecode.c.h;
			name = palettes.h;
			path = table/palettes.h;
			refType = 2;
			sourceTree = SOURCE_ROOT;
		};
		92BA211607AAF1EE00DBA913 = {
			fileEncoding = 30;
			isa = PBXFileReference;
			lastKnownFileType = sourcecode.c.h;
			name = road_land.h;
			path = table/road_land.h;
			refType = 2;
			sourceTree = SOURCE_ROOT;
		};
		92BA211707AAF1EE00DBA913 = {
			fileEncoding = 30;
			isa = PBXFileReference;
			lastKnownFileType = sourcecode.c.h;
			name = roadveh.h;
			path = table/roadveh.h;
			refType = 2;
			sourceTree = SOURCE_ROOT;
		};
		92BA211807AAF1EE00DBA913 = {
			fileEncoding = 30;
			isa = PBXFileReference;
			lastKnownFileType = sourcecode.c.h;
			name = sprites.h;
			path = table/sprites.h;
			refType = 2;
			sourceTree = SOURCE_ROOT;
		};
		92BA211907AAF1EE00DBA913 = {
			fileEncoding = 30;
			isa = PBXFileReference;
			lastKnownFileType = sourcecode.c.h;
			name = station_land.h;
			path = table/station_land.h;
			refType = 2;
			sourceTree = SOURCE_ROOT;
		};
		92BA211A07AAF1EE00DBA913 = {
			fileEncoding = 30;
			isa = PBXFileReference;
			lastKnownFileType = sourcecode.c.h;
			name = town_land.h;
			path = table/town_land.h;
			refType = 2;
			sourceTree = SOURCE_ROOT;
		};
		92BA211B07AAF1EE00DBA913 = {
			fileEncoding = 30;
			isa = PBXFileReference;
			lastKnownFileType = sourcecode.c.h;
			name = track_land.h;
			path = table/track_land.h;
			refType = 2;
			sourceTree = SOURCE_ROOT;
		};
		92BA211C07AAF1EE00DBA913 = {
			fileEncoding = 30;
			isa = PBXFileReference;
			lastKnownFileType = sourcecode.c.h;
			name = train_cmd.h;
			path = table/train_cmd.h;
			refType = 2;
			sourceTree = SOURCE_ROOT;
		};
		92BA211D07AAF1EE00DBA913 = {
			fileEncoding = 30;
			isa = PBXFileReference;
			lastKnownFileType = sourcecode.c.h;
			name = tree_land.h;
			path = table/tree_land.h;
			refType = 2;
			sourceTree = SOURCE_ROOT;
		};
		92BA211E07AAF1EE00DBA913 = {
			fileEncoding = 30;
			isa = PBXFileReference;
			lastKnownFileType = sourcecode.c.h;
			name = tunnel_land.h;
			path = table/tunnel_land.h;
			refType = 2;
			sourceTree = SOURCE_ROOT;
		};
		92BA211F07AAF1EE00DBA913 = {
			fileEncoding = 30;
			isa = PBXFileReference;
			lastKnownFileType = sourcecode.c.h;
			name = unmovable_land.h;
			path = table/unmovable_land.h;
			refType = 2;
			sourceTree = SOURCE_ROOT;
		};
		92BA212007AAF1EE00DBA913 = {
			fileEncoding = 30;
			isa = PBXFileReference;
			lastKnownFileType = sourcecode.c.h;
			name = water_land.h;
			path = table/water_land.h;
			refType = 2;
			sourceTree = SOURCE_ROOT;
		};
		92BA212107AAF1EE00DBA913 = {
			fileEncoding = 30;
			isa = PBXFileReference;
			lastKnownFileType = text.script.sh;
			path = svnup.sh;
			refType = 2;
			sourceTree = SOURCE_ROOT;
		};
		92BA212207AAF1EE00DBA913 = {
			fileEncoding = 30;
			isa = PBXFileReference;
			lastKnownFileType = sourcecode.c.c;
			path = subsidy_gui.c;
			refType = 2;
			sourceTree = SOURCE_ROOT;
		};
		92BA212307AAF1EE00DBA913 = {
			fileEncoding = 30;
			isa = PBXFileReference;
			lastKnownFileType = sourcecode.c.c;
			path = strings.c;
			refType = 2;
			sourceTree = SOURCE_ROOT;
		};
		92BA212407AAF1EE00DBA913 = {
			children = (
				92BA212507AAF1EE00DBA913,
				92BA212607AAF1EE00DBA913,
				92BA212707AAF1EE00DBA913,
				92BA212807AAF1EE00DBA913,
				92BA212907AAF1EE00DBA913,
				92BA212A07AAF1EE00DBA913,
				92BA212B07AAF1EE00DBA913,
			);
			isa = PBXGroup;
			path = strgen;
			refType = 2;
			sourceTree = SOURCE_ROOT;
		};
		92BA212507AAF1EE00DBA913 = {
			fileEncoding = 30;
			isa = PBXFileReference;
			lastKnownFileType = sourcecode.c.c;
			name = stdafx.c;
			path = strgen/stdafx.c;
			refType = 2;
			sourceTree = SOURCE_ROOT;
		};
		92BA212607AAF1EE00DBA913 = {
			fileEncoding = 30;
			isa = PBXFileReference;
			lastKnownFileType = sourcecode.c.h;
			name = stdafx.h;
			path = strgen/stdafx.h;
			refType = 2;
			sourceTree = SOURCE_ROOT;
		};
		92BA212707AAF1EE00DBA913 = {
			fileEncoding = 30;
			isa = PBXFileReference;
			lastKnownFileType = sourcecode.c.c;
			name = strgen.c;
			path = strgen/strgen.c;
			refType = 2;
			sourceTree = SOURCE_ROOT;
		};
		92BA212807AAF1EE00DBA913 = {
			fileEncoding = 30;
			isa = PBXFileReference;
			lastKnownFileType = text;
			name = strgen.dsp;
			path = strgen/strgen.dsp;
			refType = 2;
			sourceTree = SOURCE_ROOT;
		};
		92BA212907AAF1EE00DBA913 = {
			fileEncoding = 30;
			isa = PBXFileReference;
			lastKnownFileType = text;
			name = strgen.dsw;
			path = strgen/strgen.dsw;
			refType = 2;
			sourceTree = SOURCE_ROOT;
		};
		92BA212A07AAF1EE00DBA913 = {
			fileEncoding = 30;
			isa = PBXFileReference;
			lastKnownFileType = text;
			name = strgen.tgt;
			path = strgen/strgen.tgt;
			refType = 2;
			sourceTree = SOURCE_ROOT;
		};
		92BA212B07AAF1EE00DBA913 = {
			fileEncoding = 30;
			isa = PBXFileReference;
			lastKnownFileType = text.plist.xml;
			name = strgen.vcproj;
			path = strgen/strgen.vcproj;
			refType = 2;
			sourceTree = SOURCE_ROOT;
		};
		92BA212C07AAF1EE00DBA913 = {
			fileEncoding = 30;
			isa = PBXFileReference;
			lastKnownFileType = sourcecode.c.h;
			path = stdafx.h;
			refType = 2;
			sourceTree = SOURCE_ROOT;
		};
		92BA212D07AAF1EE00DBA913 = {
			fileEncoding = 30;
			isa = PBXFileReference;
			lastKnownFileType = sourcecode.c.c;
			path = StdAfx.c;
			refType = 2;
			sourceTree = SOURCE_ROOT;
		};
		92BA212E07AAF1EE00DBA913 = {
			fileEncoding = 30;
			isa = PBXFileReference;
			lastKnownFileType = sourcecode.c.c;
			path = station_gui.c;
			refType = 2;
			sourceTree = SOURCE_ROOT;
		};
		92BA212F07AAF1EE00DBA913 = {
			fileEncoding = 30;
			isa = PBXFileReference;
			lastKnownFileType = sourcecode.c.c;
			path = station_cmd.c;
			refType = 2;
			sourceTree = SOURCE_ROOT;
		};
		92BA213007AAF1EE00DBA913 = {
			fileEncoding = 30;
			isa = PBXFileReference;
			lastKnownFileType = sourcecode.c.h;
			path = station.h;
			refType = 2;
			sourceTree = SOURCE_ROOT;
		};
		92BA213107AAF1EE00DBA913 = {
			fileEncoding = 30;
			isa = PBXFileReference;
			lastKnownFileType = sourcecode.c.c;
			path = spritecache.c;
			refType = 2;
			sourceTree = SOURCE_ROOT;
		};
		92BA213207AAF1EE00DBA913 = {
			fileEncoding = 30;
			isa = PBXFileReference;
			lastKnownFileType = sourcecode.c.h;
			path = sprite.h;
			refType = 2;
			sourceTree = SOURCE_ROOT;
		};
		92BA213307AAF1EE00DBA913 = {
			fileEncoding = 30;
			isa = PBXFileReference;
			lastKnownFileType = sourcecode.c.c;
			path = sprite.c;
			refType = 2;
			sourceTree = SOURCE_ROOT;
		};
		92BA213407AAF1EE00DBA913 = {
			fileEncoding = 30;
			isa = PBXFileReference;
			lastKnownFileType = sourcecode.c.h;
			path = sound.h;
			refType = 2;
			sourceTree = SOURCE_ROOT;
		};
		92BA213507AAF1EE00DBA913 = {
			fileEncoding = 30;
			isa = PBXFileReference;
			lastKnownFileType = sourcecode.c.c;
			path = sound.c;
			refType = 2;
			sourceTree = SOURCE_ROOT;
		};
		92BA213607AAF1EE00DBA913 = {
			fileEncoding = 30;
			isa = PBXFileReference;
			lastKnownFileType = sourcecode.c.c;
			path = smallmap_gui.c;
			refType = 2;
			sourceTree = SOURCE_ROOT;
		};
		92BA213707AAF1EE00DBA913 = {
			fileEncoding = 30;
			isa = PBXFileReference;
			lastKnownFileType = sourcecode.c.h;
			path = signs.h;
			refType = 2;
			sourceTree = SOURCE_ROOT;
		};
		92BA213807AAF1EE00DBA913 = {
			fileEncoding = 30;
			isa = PBXFileReference;
			lastKnownFileType = sourcecode.c.c;
			path = signs.c;
			refType = 2;
			sourceTree = SOURCE_ROOT;
		};
		92BA213907AAF1EE00DBA913 = {
			fileEncoding = 30;
			isa = PBXFileReference;
			lastKnownFileType = sourcecode.c.c;
			path = ship_gui.c;
			refType = 2;
			sourceTree = SOURCE_ROOT;
		};
		92BA213A07AAF1EE00DBA913 = {
			fileEncoding = 30;
			isa = PBXFileReference;
			lastKnownFileType = sourcecode.c.c;
			path = ship_cmd.c;
			refType = 2;
			sourceTree = SOURCE_ROOT;
		};
		92BA213B07AAF1EE00DBA913 = {
			fileEncoding = 30;
			isa = PBXFileReference;
			lastKnownFileType = sourcecode.c.c;
			path = settings_gui.c;
			refType = 2;
			sourceTree = SOURCE_ROOT;
		};
		92BA213C07AAF1EE00DBA913 = {
			fileEncoding = 30;
			isa = PBXFileReference;
			lastKnownFileType = sourcecode.c.h;
			path = settings.h;
			refType = 2;
			sourceTree = SOURCE_ROOT;
		};
		92BA213D07AAF1EE00DBA913 = {
			fileEncoding = 30;
			isa = PBXFileReference;
			lastKnownFileType = sourcecode.c.c;
			path = settings.c;
			refType = 2;
			sourceTree = SOURCE_ROOT;
		};
		92BA213E07AAF1EE00DBA913 = {
			children = (
				92BA213F07AAF1EE00DBA913,
				92BA214007AAF1EE00DBA913,
				92BA214107AAF1EE00DBA913,
				92BA214207AAF1EE00DBA913,
				92BA214307AAF1EE00DBA913,
				92BA214407AAF1EE00DBA913,
				92BA214507AAF1EE00DBA913,
			);
			isa = PBXGroup;
			path = scripts;
			refType = 2;
			sourceTree = SOURCE_ROOT;
		};
		92BA213F07AAF1EE00DBA913 = {
			fileEncoding = 30;
			isa = PBXFileReference;
			lastKnownFileType = text;
			name = autoexec.scr.example;
			path = scripts/autoexec.scr.example;
			refType = 2;
			sourceTree = SOURCE_ROOT;
		};
		92BA214007AAF1EE00DBA913 = {
			fileEncoding = 30;
			isa = PBXFileReference;
			lastKnownFileType = text;
			name = on_client.scr.example;
			path = scripts/on_client.scr.example;
			refType = 2;
			sourceTree = SOURCE_ROOT;
		};
		92BA214107AAF1EE00DBA913 = {
			fileEncoding = 30;
			isa = PBXFileReference;
			lastKnownFileType = text;
			name = on_dedicated.scr.example;
			path = scripts/on_dedicated.scr.example;
			refType = 2;
			sourceTree = SOURCE_ROOT;
		};
		92BA214207AAF1EE00DBA913 = {
			fileEncoding = 30;
			isa = PBXFileReference;
			lastKnownFileType = text;
			name = on_server.scr.example;
			path = scripts/on_server.scr.example;
			refType = 2;
			sourceTree = SOURCE_ROOT;
		};
		92BA214307AAF1EE00DBA913 = {
			fileEncoding = 30;
			isa = PBXFileReference;
			lastKnownFileType = text;
			name = pre_dedicated.scr.example;
			path = scripts/pre_dedicated.scr.example;
			refType = 2;
			sourceTree = SOURCE_ROOT;
		};
		92BA214407AAF1EE00DBA913 = {
			fileEncoding = 30;
			isa = PBXFileReference;
			lastKnownFileType = text;
			name = pre_server.scr.example;
			path = scripts/pre_server.scr.example;
			refType = 2;
			sourceTree = SOURCE_ROOT;
		};
		92BA214507AAF1EE00DBA913 = {
			fileEncoding = 30;
			isa = PBXFileReference;
			lastKnownFileType = text;
			name = readme.txt;
			path = scripts/readme.txt;
			refType = 2;
			sourceTree = SOURCE_ROOT;
		};
		92BA214607AAF1EE00DBA913 = {
			fileEncoding = 30;
			isa = PBXFileReference;
			lastKnownFileType = sourcecode.c.h;
			path = screenshot.h;
			refType = 2;
			sourceTree = SOURCE_ROOT;
		};
		92BA214707AAF1EE00DBA913 = {
			fileEncoding = 30;
			isa = PBXFileReference;
			lastKnownFileType = sourcecode.c.c;
			path = screenshot.c;
			refType = 2;
			sourceTree = SOURCE_ROOT;
		};
		92BA214807AAF1EE00DBA913 = {
			children = (
				92BA214907AAF1EE00DBA913,
				92BA214A07AAF1EE00DBA913,
				92BA214B07AAF1EE00DBA913,
			);
			isa = PBXGroup;
			path = scenario;
			refType = 2;
			sourceTree = SOURCE_ROOT;
		};
		92BA214907AAF1EE00DBA913 = {
			isa = PBXFileReference;
			lastKnownFileType = file;
			name = "Linkgame Islands 2004.scn";
			path = "scenario/Linkgame Islands 2004.scn";
			refType = 2;
			sourceTree = SOURCE_ROOT;
		};
		92BA214A07AAF1EE00DBA913 = {
			isa = PBXFileReference;
			lastKnownFileType = file;
			name = "Mountain Pass.scn";
			path = "scenario/Mountain Pass.scn";
			refType = 2;
			sourceTree = SOURCE_ROOT;
		};
		92BA214B07AAF1EE00DBA913 = {
			isa = PBXFileReference;
			lastKnownFileType = file;
			name = "Volcano City.scn";
			path = "scenario/Volcano City.scn";
			refType = 2;
			sourceTree = SOURCE_ROOT;
		};
		92BA214C07AAF1EE00DBA913 = {
			fileEncoding = 30;
			isa = PBXFileReference;
			lastKnownFileType = sourcecode.c.h;
			path = saveload.h;
			refType = 2;
			sourceTree = SOURCE_ROOT;
		};
		92BA214D07AAF1EE00DBA913 = {
			fileEncoding = 30;
			isa = PBXFileReference;
			lastKnownFileType = sourcecode.c.c;
			path = saveload.c;
			refType = 2;
			sourceTree = SOURCE_ROOT;
		};
		92BA214E07AAF1EE00DBA913 = {
			fileEncoding = 30;
			isa = PBXFileReference;
			lastKnownFileType = sourcecode.c.c;
			path = roadveh_gui.c;
			refType = 2;
			sourceTree = SOURCE_ROOT;
		};
		92BA214F07AAF1EE00DBA913 = {
			fileEncoding = 30;
			isa = PBXFileReference;
			lastKnownFileType = sourcecode.c.c;
			path = roadveh_cmd.c;
			refType = 2;
			sourceTree = SOURCE_ROOT;
		};
		92BA215007AAF1EE00DBA913 = {
			fileEncoding = 30;
			isa = PBXFileReference;
			lastKnownFileType = sourcecode.c.c;
			path = road_gui.c;
			refType = 2;
			sourceTree = SOURCE_ROOT;
		};
		92BA215107AAF1EE00DBA913 = {
			fileEncoding = 30;
			isa = PBXFileReference;
			lastKnownFileType = sourcecode.c.c;
			path = road_cmd.c;
			refType = 2;
			sourceTree = SOURCE_ROOT;
		};
		92BA215207AAF1EE00DBA913 = {
			fileEncoding = 30;
			isa = PBXFileReference;
			lastKnownFileType = sourcecode.c.h;
			path = resource.h;
			refType = 2;
			sourceTree = SOURCE_ROOT;
		};
		92BA215307AAF1EE00DBA913 = {
			fileEncoding = 30;
			isa = PBXFileReference;
			lastKnownFileType = text;
			path = readme.txt;
			refType = 2;
			sourceTree = SOURCE_ROOT;
		};
		92BA215407AAF1EE00DBA913 = {
			fileEncoding = 30;
			isa = PBXFileReference;
			lastKnownFileType = sourcecode.c.c;
			path = rail_gui.c;
			refType = 2;
			sourceTree = SOURCE_ROOT;
		};
		92BA215507AAF1EE00DBA913 = {
			fileEncoding = 30;
			isa = PBXFileReference;
			lastKnownFileType = sourcecode.c.c;
			path = rail_cmd.c;
			refType = 2;
			sourceTree = SOURCE_ROOT;
		};
		92BA215607AAF1EE00DBA913 = {
			fileEncoding = 30;
			isa = PBXFileReference;
			lastKnownFileType = sourcecode.c.h;
			path = queue.h;
			refType = 2;
			sourceTree = SOURCE_ROOT;
		};
		92BA215707AAF1EE00DBA913 = {
			fileEncoding = 30;
			isa = PBXFileReference;
			lastKnownFileType = sourcecode.c.c;
			path = queue.c;
			refType = 2;
			sourceTree = SOURCE_ROOT;
		};
		92BA215807AAF1EE00DBA913 = {
			fileEncoding = 30;
			isa = PBXFileReference;
			lastKnownFileType = sourcecode.c.c;
			path = players.c;
			refType = 2;
			sourceTree = SOURCE_ROOT;
		};
		92BA215907AAF1EE00DBA913 = {
			fileEncoding = 30;
			isa = PBXFileReference;
			lastKnownFileType = sourcecode.c.c;
			path = player_gui.c;
			refType = 2;
			sourceTree = SOURCE_ROOT;
		};
		92BA215A07AAF1EE00DBA913 = {
			fileEncoding = 30;
			isa = PBXFileReference;
			lastKnownFileType = sourcecode.c.h;
			path = player.h;
			refType = 2;
			sourceTree = SOURCE_ROOT;
		};
		92BA215B07AAF1EE00DBA913 = {
			fileEncoding = 30;
			isa = PBXFileReference;
			lastKnownFileType = sourcecode.c.h;
			path = pathfind.h;
			refType = 2;
			sourceTree = SOURCE_ROOT;
		};
		92BA215C07AAF1EE00DBA913 = {
			fileEncoding = 30;
			isa = PBXFileReference;
			lastKnownFileType = sourcecode.c.c;
			path = pathfind.c;
			refType = 2;
			sourceTree = SOURCE_ROOT;
		};
		92BA215D07AAF1EE00DBA913 = {
			fileEncoding = 30;
			isa = PBXFileReference;
			lastKnownFileType = sourcecode.c.c;
			path = os2.c;
			refType = 2;
			sourceTree = SOURCE_ROOT;
		};
		92BA215E07AAF1EE00DBA913 = {
			children = (
				92BA215F07AAF1EE00DBA913,
				92BA216107AAF1EE00DBA913,
				92BA216C07AAF1EE00DBA913,
				92BA216F07AAF1EE00DBA913,
				92BA217707AAF1EE00DBA913,
				92BA217D07AAF1EE00DBA913,
				92BA218107AAF1EE00DBA913,
			);
			isa = PBXGroup;
			path = os;
			refType = 2;
			sourceTree = SOURCE_ROOT;
		};
		92BA215F07AAF1EE00DBA913 = {
			children = (
				92BA216007AAF1EE00DBA913,
			);
			isa = PBXGroup;
			path = beos;
			refType = 4;
			sourceTree = "<group>";
		};
		92BA216007AAF1EE00DBA913 = {
			fileEncoding = 30;
			isa = PBXFileReference;
			lastKnownFileType = sourcecode.cpp.cpp;
			name = bemidi.cpp;
			path = os/beos/bemidi.cpp;
			refType = 2;
			sourceTree = SOURCE_ROOT;
		};
		92BA216107AAF1EE00DBA913 = {
			children = (
				92BA216207AAF1EE00DBA913,
				92BA216307AAF1EE00DBA913,
				92BA216407AAF1EE00DBA913,
				92BA216507AAF1EE00DBA913,
				92BA216607AAF1EE00DBA913,
				92BA216707AAF1EE00DBA913,
				92BA216807AAF1EE00DBA913,
				92BA216907AAF1EE00DBA913,
				92BA216A07AAF1EE00DBA913,
				92BA216B07AAF1EE00DBA913,
			);
			isa = PBXGroup;
			path = debian;
			refType = 4;
			sourceTree = "<group>";
		};
		92BA216207AAF1EE00DBA913 = {
			fileEncoding = 30;
			isa = PBXFileReference;
			lastKnownFileType = text;
			name = changelog;
			path = os/debian/changelog;
			refType = 2;
			sourceTree = SOURCE_ROOT;
		};
		92BA216307AAF1EE00DBA913 = {
			fileEncoding = 30;
			isa = PBXFileReference;
			lastKnownFileType = text;
			name = compat;
			path = os/debian/compat;
			refType = 2;
			sourceTree = SOURCE_ROOT;
		};
		92BA216407AAF1EE00DBA913 = {
			fileEncoding = 30;
			isa = PBXFileReference;
			lastKnownFileType = text;
			name = control;
			path = os/debian/control;
			refType = 2;
			sourceTree = SOURCE_ROOT;
		};
		92BA216507AAF1EE00DBA913 = {
			fileEncoding = 30;
			isa = PBXFileReference;
			lastKnownFileType = text;
			name = copyright;
			path = os/debian/copyright;
			refType = 2;
			sourceTree = SOURCE_ROOT;
		};
		92BA216607AAF1EE00DBA913 = {
			fileEncoding = 30;
			isa = PBXFileReference;
			lastKnownFileType = text;
			name = docs;
			path = os/debian/docs;
			refType = 2;
			sourceTree = SOURCE_ROOT;
		};
		92BA216707AAF1EE00DBA913 = {
			fileEncoding = 30;
			isa = PBXFileReference;
			lastKnownFileType = text;
			name = menu;
			path = os/debian/menu;
			refType = 2;
			sourceTree = SOURCE_ROOT;
		};
		92BA216807AAF1EE00DBA913 = {
			fileEncoding = 30;
			isa = PBXFileReference;
			lastKnownFileType = text.script.sh;
			name = postinst;
			path = os/debian/postinst;
			refType = 2;
			sourceTree = SOURCE_ROOT;
		};
		92BA216907AAF1EE00DBA913 = {
			fileEncoding = 30;
			isa = PBXFileReference;
			lastKnownFileType = text.script.sh;
			name = postrm;
			path = os/debian/postrm;
			refType = 2;
			sourceTree = SOURCE_ROOT;
		};
		92BA216A07AAF1EE00DBA913 = {
			fileEncoding = 30;
			isa = PBXFileReference;
			lastKnownFileType = text;
			name = README.Debian;
			path = os/debian/README.Debian;
			refType = 2;
			sourceTree = SOURCE_ROOT;
		};
		92BA216B07AAF1EE00DBA913 = {
			fileEncoding = 30;
			isa = PBXFileReference;
			lastKnownFileType = text;
			name = rules;
			path = os/debian/rules;
			refType = 2;
			sourceTree = SOURCE_ROOT;
		};
		92BA216C07AAF1EE00DBA913 = {
			children = (
				92BA216D07AAF1EE00DBA913,
				92BA216E07AAF1EE00DBA913,
			);
			isa = PBXGroup;
			path = linux;
			refType = 4;
			sourceTree = "<group>";
		};
		92BA216D07AAF1EE00DBA913 = {
			fileEncoding = 30;
			isa = PBXFileReference;
			lastKnownFileType = text;
			name = openttd.spec;
			path = os/linux/openttd.spec;
			refType = 2;
			sourceTree = SOURCE_ROOT;
		};
		92BA216E07AAF1EE00DBA913 = {
			fileEncoding = 30;
			isa = PBXFileReference;
			lastKnownFileType = text;
			name = README.urpmi;
			path = os/linux/README.urpmi;
			refType = 2;
			sourceTree = SOURCE_ROOT;
		};
		92BA216F07AAF1EE00DBA913 = {
			children = (
				92BA217007AAF1EE00DBA913,
				92BA217107AAF1EE00DBA913,
				92BA217207AAF1EE00DBA913,
				92BA217307AAF1EE00DBA913,
				92BA217407AAF1EE00DBA913,
				92BA217507AAF1EE00DBA913,
				92BA217607AAF1EE00DBA913,
			);
			isa = PBXGroup;
			path = macos;
			refType = 4;
			sourceTree = "<group>";
		};
		92BA217007AAF1EE00DBA913 = {
			fileEncoding = 30;
			isa = PBXFileReference;
			lastKnownFileType = text;
			name = Open_Transport_Tycoon_Forum.webloc;
			path = os/macos/Open_Transport_Tycoon_Forum.webloc;
			refType = 2;
			sourceTree = SOURCE_ROOT;
		};
		92BA217107AAF1EE00DBA913 = {
			fileEncoding = 30;
			isa = PBXFileReference;
			lastKnownFileType = text;
			name = Open_Transport_Tycoon_Homepage.webloc;
			path = os/macos/Open_Transport_Tycoon_Homepage.webloc;
			refType = 2;
			sourceTree = SOURCE_ROOT;
		};
		92BA217207AAF1EE00DBA913 = {
			isa = PBXFileReference;
			lastKnownFileType = image.icns;
			name = openttd.icns;
			path = os/macos/openttd.icns;
			refType = 2;
			sourceTree = SOURCE_ROOT;
		};
		92BA217307AAF1EE00DBA913 = {
			fileEncoding = 30;
			isa = PBXFileReference;
			lastKnownFileType = sourcecode.java;
			name = openttdmidi.java;
			path = os/macos/openttdmidi.java;
			refType = 2;
			sourceTree = SOURCE_ROOT;
		};
		92BA217407AAF1EE00DBA913 = {
			fileEncoding = 30;
			isa = PBXFileReference;
			lastKnownFileType = text.script.sh;
			name = plistgen.sh;
			path = os/macos/plistgen.sh;
			refType = 2;
			sourceTree = SOURCE_ROOT;
		};
		92BA217507AAF1EE00DBA913 = {
			fileEncoding = 30;
			isa = PBXFileReference;
			lastKnownFileType = text;
			name = SourceForge_OpenTTD_project_homepage.webloc;
			path = os/macos/SourceForge_OpenTTD_project_homepage.webloc;
			refType = 2;
			sourceTree = SOURCE_ROOT;
		};
		92BA217607AAF1EE00DBA913 = {
			fileEncoding = 30;
			isa = PBXFileReference;
			lastKnownFileType = text.script.sh;
			name = track_starter;
			path = os/macos/track_starter;
			refType = 2;
			sourceTree = SOURCE_ROOT;
		};
		92BA217707AAF1EE00DBA913 = {
			children = (
				92BA217807AAF1EE00DBA913,
			);
			isa = PBXGroup;
			path = morphos;
			refType = 4;
			sourceTree = "<group>";
		};
		92BA217807AAF1EE00DBA913 = {
			children = (
				92BA217907AAF1EE00DBA913,
				92BA217A07AAF1EE00DBA913,
				92BA217B07AAF1EE00DBA913,
				92BA217C07AAF1EE00DBA913,
			);
			isa = PBXGroup;
			path = icons;
			refType = 4;
			sourceTree = "<group>";
		};
		92BA217907AAF1EE00DBA913 = {
			isa = PBXFileReference;
			lastKnownFileType = file;
			name = docs.info;
			path = os/morphos/icons/docs.info;
			refType = 2;
			sourceTree = SOURCE_ROOT;
		};
		92BA217A07AAF1EE00DBA913 = {
			isa = PBXFileReference;
			lastKnownFileType = file;
			name = document.info;
			path = os/morphos/icons/document.info;
			refType = 2;
			sourceTree = SOURCE_ROOT;
		};
		92BA217B07AAF1EE00DBA913 = {
			isa = PBXFileReference;
			lastKnownFileType = file;
			name = drawer.info;
			path = os/morphos/icons/drawer.info;
			refType = 2;
			sourceTree = SOURCE_ROOT;
		};
		92BA217C07AAF1EE00DBA913 = {
			isa = PBXFileReference;
			lastKnownFileType = file;
			name = OpenTTD.info;
			path = os/morphos/icons/OpenTTD.info;
			refType = 2;
			sourceTree = SOURCE_ROOT;
		};
		92BA217D07AAF1EE00DBA913 = {
			children = (
				92BA217E07AAF1EE00DBA913,
				92BA217F07AAF1EE00DBA913,
				92BA218007AAF1EE00DBA913,
			);
			isa = PBXGroup;
			path = os2;
			refType = 4;
			sourceTree = "<group>";
		};
		92BA217E07AAF1EE00DBA913 = {
			fileEncoding = 30;
			isa = PBXFileReference;
			lastKnownFileType = text;
			name = build_lang.cmd;
			path = os/os2/build_lang.cmd;
			refType = 2;
			sourceTree = SOURCE_ROOT;
		};
		92BA217F07AAF1EE00DBA913 = {
			fileEncoding = 30;
			isa = PBXFileReference;
			lastKnownFileType = text;
			name = dedicated.cmd;
			path = os/os2/dedicated.cmd;
			refType = 2;
			sourceTree = SOURCE_ROOT;
		};
		92BA218007AAF1EE00DBA913 = {
			fileEncoding = 30;
			isa = PBXFileReference;
			lastKnownFileType = text;
			name = openttd.wpj;
			path = os/os2/openttd.wpj;
			refType = 2;
			sourceTree = SOURCE_ROOT;
		};
		92BA218107AAF1EE00DBA913 = {
			children = (
				92BA218207AAF1EE00DBA913,
			);
			isa = PBXGroup;
			path = win32;
			refType = 4;
			sourceTree = "<group>";
		};
		92BA218207AAF1EE00DBA913 = {
			children = (
				92BA218307AAF1EE00DBA913,
				92BA218407AAF1EE00DBA913,
				92BA218507AAF1EE00DBA913,
				92BA218607AAF1EF00DBA913,
				92BA218707AAF1EF00DBA913,
			);
			isa = PBXGroup;
			path = installer;
			refType = 4;
			sourceTree = "<group>";
		};
		92BA218307AAF1EE00DBA913 = {
			fileEncoding = 30;
			isa = PBXFileReference;
			lastKnownFileType = text;
			name = CDFinder.ini;
			path = os/win32/installer/CDFinder.ini;
			refType = 2;
			sourceTree = SOURCE_ROOT;
		};
		92BA218407AAF1EE00DBA913 = {
			fileEncoding = 30;
			isa = PBXFileReference;
			lastKnownFileType = text;
			name = gpl.txt;
			path = os/win32/installer/gpl.txt;
			refType = 2;
			sourceTree = SOURCE_ROOT;
		};
		92BA218507AAF1EE00DBA913 = {
			fileEncoding = 30;
			isa = PBXFileReference;
			lastKnownFileType = text;
			name = install.nsi;
			path = os/win32/installer/install.nsi;
			refType = 2;
			sourceTree = SOURCE_ROOT;
		};
		92BA218607AAF1EF00DBA913 = {
			fileEncoding = 30;
			isa = PBXFileReference;
			lastKnownFileType = text;
			name = InstallChoices.ini;
			path = os/win32/installer/InstallChoices.ini;
			refType = 2;
			sourceTree = SOURCE_ROOT;
		};
		92BA218707AAF1EF00DBA913 = {
			fileEncoding = 30;
			isa = PBXFileReference;
			lastKnownFileType = text;
			name = "TTD to OpenTTD Transition Guide.txt";
			path = "os/win32/installer/TTD to OpenTTD Transition Guide.txt";
			refType = 2;
			sourceTree = SOURCE_ROOT;
		};
		92BA218807AAF1EF00DBA913 = {
			fileEncoding = 30;
			isa = PBXFileReference;
			lastKnownFileType = sourcecode.c.c;
			path = order_gui.c;
			refType = 2;
			sourceTree = SOURCE_ROOT;
		};
		92BA218907AAF1EF00DBA913 = {
			fileEncoding = 30;
			isa = PBXFileReference;
			lastKnownFileType = sourcecode.c.c;
			path = order_cmd.c;
			refType = 2;
			sourceTree = SOURCE_ROOT;
		};
		92BA218A07AAF1EF00DBA913 = {
			fileEncoding = 30;
			isa = PBXFileReference;
			lastKnownFileType = sourcecode.c.h;
			path = order.h;
			refType = 2;
			sourceTree = SOURCE_ROOT;
		};
		92BA218B07AAF1EF00DBA913 = {
			fileEncoding = 30;
			isa = PBXFileReference;
			lastKnownFileType = text;
			path = openttd.tgt;
			refType = 2;
			sourceTree = SOURCE_ROOT;
		};
		92BA218C07AAF1EF00DBA913 = {
			isa = PBXFileReference;
			lastKnownFileType = image.ico;
			path = openttd.ico;
			refType = 2;
			sourceTree = SOURCE_ROOT;
		};
		92BA218D07AAF1EF00DBA913 = {
			fileEncoding = 30;
			isa = PBXFileReference;
			lastKnownFileType = sourcecode.c.c;
			path = oldloader.c;
			refType = 2;
			sourceTree = SOURCE_ROOT;
		};
		92BA218E07AAF1EF00DBA913 = {
			fileEncoding = 30;
			isa = PBXFileReference;
			lastKnownFileType = sourcecode.c.h;
			path = newgrf.h;
			refType = 2;
			sourceTree = SOURCE_ROOT;
		};
		92BA218F07AAF1EF00DBA913 = {
			fileEncoding = 30;
			isa = PBXFileReference;
			lastKnownFileType = sourcecode.c.c;
			path = newgrf.c;
			refType = 2;
			sourceTree = SOURCE_ROOT;
		};
		92BA219007AAF1EF00DBA913 = {
			fileEncoding = 30;
			isa = PBXFileReference;
			lastKnownFileType = sourcecode.c.h;
			path = network_udp.h;
			refType = 2;
			sourceTree = SOURCE_ROOT;
		};
		92BA219107AAF1EF00DBA913 = {
			fileEncoding = 30;
			isa = PBXFileReference;
			lastKnownFileType = sourcecode.c.c;
			path = network_udp.c;
			refType = 2;
			sourceTree = SOURCE_ROOT;
		};
		92BA219207AAF1EF00DBA913 = {
			fileEncoding = 30;
			isa = PBXFileReference;
			lastKnownFileType = sourcecode.c.h;
			path = network_server.h;
			refType = 2;
			sourceTree = SOURCE_ROOT;
		};
		92BA219307AAF1EF00DBA913 = {
			fileEncoding = 30;
			isa = PBXFileReference;
			lastKnownFileType = sourcecode.c.c;
			path = network_server.c;
			refType = 2;
			sourceTree = SOURCE_ROOT;
		};
		92BA219407AAF1EF00DBA913 = {
			fileEncoding = 30;
			isa = PBXFileReference;
			lastKnownFileType = sourcecode.c.c;
			path = network_gui.c;
			refType = 2;
			sourceTree = SOURCE_ROOT;
		};
		92BA219507AAF1EF00DBA913 = {
			fileEncoding = 30;
			isa = PBXFileReference;
			lastKnownFileType = sourcecode.c.h;
			path = network_gamelist.h;
			refType = 2;
			sourceTree = SOURCE_ROOT;
		};
		92BA219607AAF1EF00DBA913 = {
			fileEncoding = 30;
			isa = PBXFileReference;
			lastKnownFileType = sourcecode.c.c;
			path = network_gamelist.c;
			refType = 2;
			sourceTree = SOURCE_ROOT;
		};
		92BA219707AAF1EF00DBA913 = {
			fileEncoding = 30;
			isa = PBXFileReference;
			lastKnownFileType = sourcecode.c.h;
			path = network_data.h;
			refType = 2;
			sourceTree = SOURCE_ROOT;
		};
		92BA219807AAF1EF00DBA913 = {
			fileEncoding = 30;
			isa = PBXFileReference;
			lastKnownFileType = sourcecode.c.c;
			path = network_data.c;
			refType = 2;
			sourceTree = SOURCE_ROOT;
		};
		92BA219907AAF1EF00DBA913 = {
			fileEncoding = 30;
			isa = PBXFileReference;
			lastKnownFileType = sourcecode.c.h;
			path = network_core.h;
			refType = 2;
			sourceTree = SOURCE_ROOT;
		};
		92BA219A07AAF1EF00DBA913 = {
			fileEncoding = 30;
			isa = PBXFileReference;
			lastKnownFileType = sourcecode.c.h;
			path = network_client.h;
			refType = 2;
			sourceTree = SOURCE_ROOT;
		};
		92BA219B07AAF1EF00DBA913 = {
			fileEncoding = 30;
			isa = PBXFileReference;
			lastKnownFileType = sourcecode.c.c;
			path = network_client.c;
			refType = 2;
			sourceTree = SOURCE_ROOT;
		};
		92BA219C07AAF1EF00DBA913 = {
			fileEncoding = 30;
			isa = PBXFileReference;
			lastKnownFileType = sourcecode.c.h;
			path = network.h;
			refType = 2;
			sourceTree = SOURCE_ROOT;
		};
		92BA219D07AAF1EF00DBA913 = {
			fileEncoding = 30;
			isa = PBXFileReference;
			lastKnownFileType = sourcecode.c.c;
			path = network.c;
			refType = 2;
			sourceTree = SOURCE_ROOT;
		};
		92BA219E07AAF1EF00DBA913 = {
			fileEncoding = 30;
			isa = PBXFileReference;
			lastKnownFileType = sourcecode.c.c;
			path = namegen.c;
			refType = 2;
			sourceTree = SOURCE_ROOT;
		};
		92BA219F07AAF1EF00DBA913 = {
			fileEncoding = 30;
			isa = PBXFileReference;
			lastKnownFileType = sourcecode.c.c;
			path = music_gui.c;
			refType = 2;
			sourceTree = SOURCE_ROOT;
		};
		92BA21A007AAF1EF00DBA913 = {
			fileEncoding = 30;
			isa = PBXFileReference;
			lastKnownFileType = sourcecode.c.c;
			path = misc_gui.c;
			refType = 2;
			sourceTree = SOURCE_ROOT;
		};
		92BA21A107AAF1EF00DBA913 = {
			fileEncoding = 30;
			isa = PBXFileReference;
			lastKnownFileType = sourcecode.c.c;
			path = misc_cmd.c;
			refType = 2;
			sourceTree = SOURCE_ROOT;
		};
		92BA21A207AAF1EF00DBA913 = {
			fileEncoding = 30;
			isa = PBXFileReference;
			lastKnownFileType = sourcecode.c.c;
			path = misc.c;
			refType = 2;
			sourceTree = SOURCE_ROOT;
		};
		92BA21A307AAF1EF00DBA913 = {
			fileEncoding = 30;
			isa = PBXFileReference;
			lastKnownFileType = sourcecode.c.h;
			path = minilzo.h;
			refType = 2;
			sourceTree = SOURCE_ROOT;
		};
		92BA21A407AAF1EF00DBA913 = {
			fileEncoding = 30;
			isa = PBXFileReference;
			lastKnownFileType = sourcecode.c.c;
			path = minilzo.c;
			refType = 2;
			sourceTree = SOURCE_ROOT;
		};
		92BA21A507AAF1EF00DBA913 = {
			children = (
				92BA21A607AAF1EF00DBA913,
				92BA21A707AAF1EF00DBA913,
				92BA21A807AAF1EF00DBA913,
				92BA21A907AAF1EF00DBA913,
				92BA21AA07AAF1EF00DBA913,
				92BA21AB07AAF1EF00DBA913,
				92BA21AC07AAF1EF00DBA913,
				92BA21AD07AAF1EF00DBA913,
			);
			isa = PBXGroup;
			path = media;
			refType = 2;
			sourceTree = SOURCE_ROOT;
		};
		92BA21A607AAF1EF00DBA913 = {
			isa = PBXFileReference;
			lastKnownFileType = image.png;
			name = openttd.128.png;
			path = media/openttd.128.png;
			refType = 2;
			sourceTree = SOURCE_ROOT;
		};
		92BA21A707AAF1EF00DBA913 = {
			isa = PBXFileReference;
			lastKnownFileType = image.png;
			name = openttd.16.png;
			path = media/openttd.16.png;
			refType = 2;
			sourceTree = SOURCE_ROOT;
		};
		92BA21A807AAF1EF00DBA913 = {
			isa = PBXFileReference;
			lastKnownFileType = image.png;
			name = openttd.256.png;
			path = media/openttd.256.png;
			refType = 2;
			sourceTree = SOURCE_ROOT;
		};
		92BA21A907AAF1EF00DBA913 = {
			isa = PBXFileReference;
			lastKnownFileType = image.png;
			name = openttd.32.png;
			path = media/openttd.32.png;
			refType = 2;
			sourceTree = SOURCE_ROOT;
		};
		92BA21AA07AAF1EF00DBA913 = {
			isa = PBXFileReference;
			lastKnownFileType = image.png;
			name = openttd.48.png;
			path = media/openttd.48.png;
			refType = 2;
			sourceTree = SOURCE_ROOT;
		};
		92BA21AB07AAF1EF00DBA913 = {
			isa = PBXFileReference;
			lastKnownFileType = image.png;
			name = openttd.64.png;
			path = media/openttd.64.png;
			refType = 2;
			sourceTree = SOURCE_ROOT;
		};
		92BA21AC07AAF1EF00DBA913 = {
			fileEncoding = 30;
			isa = PBXFileReference;
			lastKnownFileType = text;
			name = openttd.64.xpm;
			path = media/openttd.64.xpm;
			refType = 2;
			sourceTree = SOURCE_ROOT;
		};
		92BA21AD07AAF1EF00DBA913 = {
			isa = PBXFileReference;
			lastKnownFileType = file;
			name = palette.act;
			path = media/palette.act;
			refType = 2;
			sourceTree = SOURCE_ROOT;
		};
		92BA21AE07AAF1EF00DBA913 = {
			fileEncoding = 30;
			isa = PBXFileReference;
			lastKnownFileType = sourcecode.c.h;
			path = md5.h;
			refType = 2;
			sourceTree = SOURCE_ROOT;
		};
		92BA21AF07AAF1EF00DBA913 = {
			fileEncoding = 30;
			isa = PBXFileReference;
			lastKnownFileType = sourcecode.c.c;
			path = md5.c;
			refType = 2;
			sourceTree = SOURCE_ROOT;
		};
		92BA21B007AAF1EF00DBA913 = {
			fileEncoding = 30;
			isa = PBXFileReference;
			lastKnownFileType = sourcecode.c.h;
			path = map.h;
			refType = 2;
			sourceTree = SOURCE_ROOT;
		};
		92BA21B107AAF1EF00DBA913 = {
			fileEncoding = 30;
			isa = PBXFileReference;
			lastKnownFileType = sourcecode.c.c;
			path = map.c;
			refType = 2;
			sourceTree = SOURCE_ROOT;
		};
		92BA21B207AAF1EF00DBA913 = {
			children = (
				92BA21B307AAF1EF00DBA913,
				92BA21B407AAF1EF00DBA913,
			);
			isa = PBXGroup;
			path = makefiledir;
			refType = 2;
			sourceTree = SOURCE_ROOT;
		};
		92BA21B307AAF1EF00DBA913 = {
			fileEncoding = 30;
			isa = PBXFileReference;
			lastKnownFileType = text;
			name = Makefile.config_writer;
			path = makefiledir/Makefile.config_writer;
			refType = 2;
			sourceTree = SOURCE_ROOT;
		};
		92BA21B407AAF1EF00DBA913 = {
			fileEncoding = 30;
			isa = PBXFileReference;
			lastKnownFileType = text;
			name = Makefile.libdetection;
			path = makefiledir/Makefile.libdetection;
			refType = 2;
			sourceTree = SOURCE_ROOT;
		};
		92BA21B507AAF1EF00DBA913 = {
			isa = PBXFileReference;
			lastKnownFileType = image.ico;
			path = mainicon.ico;
			refType = 2;
			sourceTree = SOURCE_ROOT;
		};
		92BA21B607AAF1EF00DBA913 = {
			fileEncoding = 30;
			isa = PBXFileReference;
			lastKnownFileType = sourcecode.c.c;
			path = main_gui.c;
			refType = 2;
			sourceTree = SOURCE_ROOT;
		};
		92BA21B707AAF1EF00DBA913 = {
			fileEncoding = 30;
			isa = PBXFileReference;
			lastKnownFileType = sourcecode.c.h;
			path = macros.h;
			refType = 2;
			sourceTree = SOURCE_ROOT;
		};
		92BA21B807AAF1EF00DBA913 = {
			fileEncoding = 30;
			isa = PBXFileReference;
			lastKnownFileType = sourcecode.c.h;
			path = lzoconf.h;
			refType = 2;
			sourceTree = SOURCE_ROOT;
		};
		92BA21B907AAF1EF00DBA913 = {
			fileEncoding = 30;
			isa = PBXFileReference;
			lastKnownFileType = text.plist.xml;
			path = langs.vcproj;
			refType = 2;
			sourceTree = SOURCE_ROOT;
		};
		92BA21BA07AAF1EF00DBA913 = {
			fileEncoding = 30;
			isa = PBXFileReference;
			lastKnownFileType = text;
			path = langs.dsp;
			refType = 2;
			sourceTree = SOURCE_ROOT;
		};
		92BA21BB07AAF1EF00DBA913 = {
			children = (
				92BA21BC07AAF1EF00DBA913,
				92BA21BD07AAF1EF00DBA913,
				92BA21BE07AAF1EF00DBA913,
				92BA21BF07AAF1EF00DBA913,
				92BA21C007AAF1EF00DBA913,
				92BA21C107AAF1EF00DBA913,
				92BA21C207AAF1EF00DBA913,
				92BA21C307AAF1EF00DBA913,
				92BA21C407AAF1EF00DBA913,
				92BA21C507AAF1EF00DBA913,
				92BA21C607AAF1EF00DBA913,
				92BA21C707AAF1EF00DBA913,
				92BA21C807AAF1EF00DBA913,
				92BA21C907AAF1EF00DBA913,
				92BA21CA07AAF1EF00DBA913,
				92BA21CB07AAF1EF00DBA913,
				92BA21CC07AAF1EF00DBA913,
				92BA21CD07AAF1EF00DBA913,
				92BA21CE07AAF1EF00DBA913,
				92BA21CF07AAF1EF00DBA913,
				92BA21D007AAF1EF00DBA913,
				92BA21D107AAF1EF00DBA913,
			);
			isa = PBXGroup;
			path = lang;
			refType = 2;
			sourceTree = SOURCE_ROOT;
		};
		92BA21BC07AAF1EF00DBA913 = {
			fileEncoding = 30;
			isa = PBXFileReference;
			lastKnownFileType = text;
			name = american.txt;
			path = lang/american.txt;
			refType = 2;
			sourceTree = SOURCE_ROOT;
		};
		92BA21BD07AAF1EF00DBA913 = {
			fileEncoding = 30;
			isa = PBXFileReference;
			lastKnownFileType = text;
			name = catalan.txt;
			path = lang/catalan.txt;
			refType = 2;
			sourceTree = SOURCE_ROOT;
		};
		92BA21BE07AAF1EF00DBA913 = {
			fileEncoding = 30;
			isa = PBXFileReference;
			lastKnownFileType = text;
			name = czech.txt;
			path = lang/czech.txt;
			refType = 2;
			sourceTree = SOURCE_ROOT;
		};
		92BA21BF07AAF1EF00DBA913 = {
			fileEncoding = 30;
			isa = PBXFileReference;
			lastKnownFileType = text;
			name = danish.txt;
			path = lang/danish.txt;
			refType = 2;
			sourceTree = SOURCE_ROOT;
		};
		92BA21C007AAF1EF00DBA913 = {
			fileEncoding = 30;
			isa = PBXFileReference;
			lastKnownFileType = text;
			name = dutch.txt;
			path = lang/dutch.txt;
			refType = 2;
			sourceTree = SOURCE_ROOT;
		};
		92BA21C107AAF1EF00DBA913 = {
			fileEncoding = 30;
			isa = PBXFileReference;
			lastKnownFileType = text;
			name = english.txt;
			path = lang/english.txt;
			refType = 2;
			sourceTree = SOURCE_ROOT;
		};
		92BA21C207AAF1EF00DBA913 = {
			fileEncoding = 30;
			isa = PBXFileReference;
			lastKnownFileType = text;
			name = finnish.txt;
			path = lang/finnish.txt;
			refType = 2;
			sourceTree = SOURCE_ROOT;
		};
		92BA21C307AAF1EF00DBA913 = {
			fileEncoding = 30;
			isa = PBXFileReference;
			lastKnownFileType = text;
			name = french.txt;
			path = lang/french.txt;
			refType = 2;
			sourceTree = SOURCE_ROOT;
		};
		92BA21C407AAF1EF00DBA913 = {
			fileEncoding = 30;
			isa = PBXFileReference;
			lastKnownFileType = text;
			name = galician.txt;
			path = lang/galician.txt;
			refType = 2;
			sourceTree = SOURCE_ROOT;
		};
		92BA21C507AAF1EF00DBA913 = {
			fileEncoding = 30;
			isa = PBXFileReference;
			lastKnownFileType = text;
			name = german.txt;
			path = lang/german.txt;
			refType = 2;
			sourceTree = SOURCE_ROOT;
		};
		92BA21C607AAF1EF00DBA913 = {
			fileEncoding = 30;
			isa = PBXFileReference;
			lastKnownFileType = text;
			name = hungarian.txt;
			path = lang/hungarian.txt;
			refType = 2;
			sourceTree = SOURCE_ROOT;
		};
		92BA21C707AAF1EF00DBA913 = {
			fileEncoding = 30;
			isa = PBXFileReference;
			lastKnownFileType = text;
			name = icelandic.txt;
			path = lang/icelandic.txt;
			refType = 2;
			sourceTree = SOURCE_ROOT;
		};
		92BA21C807AAF1EF00DBA913 = {
			fileEncoding = 30;
			isa = PBXFileReference;
			lastKnownFileType = text;
			name = italian.txt;
			path = lang/italian.txt;
			refType = 2;
			sourceTree = SOURCE_ROOT;
		};
		92BA21C907AAF1EF00DBA913 = {
			fileEncoding = 30;
			isa = PBXFileReference;
			lastKnownFileType = text;
			name = norwegian.txt;
			path = lang/norwegian.txt;
			refType = 2;
			sourceTree = SOURCE_ROOT;
		};
		92BA21CA07AAF1EF00DBA913 = {
			fileEncoding = 30;
			isa = PBXFileReference;
			lastKnownFileType = text;
			name = origveh.txt;
			path = lang/origveh.txt;
			refType = 2;
			sourceTree = SOURCE_ROOT;
		};
		92BA21CB07AAF1EF00DBA913 = {
			fileEncoding = 30;
			isa = PBXFileReference;
			lastKnownFileType = text;
			name = polish.txt;
			path = lang/polish.txt;
			refType = 2;
			sourceTree = SOURCE_ROOT;
		};
		92BA21CC07AAF1EF00DBA913 = {
			fileEncoding = 30;
			isa = PBXFileReference;
			lastKnownFileType = text;
			name = portuguese.txt;
			path = lang/portuguese.txt;
			refType = 2;
			sourceTree = SOURCE_ROOT;
		};
		92BA21CD07AAF1EF00DBA913 = {
			fileEncoding = 30;
			isa = PBXFileReference;
			lastKnownFileType = text;
			name = romanian.txt;
			path = lang/romanian.txt;
			refType = 2;
			sourceTree = SOURCE_ROOT;
		};
		92BA21CE07AAF1EF00DBA913 = {
			fileEncoding = 30;
			isa = PBXFileReference;
			lastKnownFileType = text;
			name = slovak.txt;
			path = lang/slovak.txt;
			refType = 2;
			sourceTree = SOURCE_ROOT;
		};
		92BA21CF07AAF1EF00DBA913 = {
			fileEncoding = 30;
			isa = PBXFileReference;
			lastKnownFileType = text;
			name = spanish.txt;
			path = lang/spanish.txt;
			refType = 2;
			sourceTree = SOURCE_ROOT;
		};
		92BA21D007AAF1EF00DBA913 = {
			fileEncoding = 30;
			isa = PBXFileReference;
			lastKnownFileType = text;
			name = swedish.txt;
			path = lang/swedish.txt;
			refType = 2;
			sourceTree = SOURCE_ROOT;
		};
		92BA21D107AAF1EF00DBA913 = {
			children = (
				92BA21D207AAF1EF00DBA913,
				92BA21D307AAF1EF00DBA913,
				92BA21D407AAF1EF00DBA913,
				92BA21D507AAF1EF00DBA913,
			);
			isa = PBXGroup;
			path = unfinished;
			refType = 4;
			sourceTree = "<group>";
		};
		92BA21D207AAF1EF00DBA913 = {
			fileEncoding = 30;
			isa = PBXFileReference;
			lastKnownFileType = text;
			name = estonian.txt;
			path = lang/unfinished/estonian.txt;
			refType = 2;
			sourceTree = SOURCE_ROOT;
		};
		92BA21D307AAF1EF00DBA913 = {
			fileEncoding = 30;
			isa = PBXFileReference;
			lastKnownFileType = text;
			name = latvian.txt;
			path = lang/unfinished/latvian.txt;
			refType = 2;
			sourceTree = SOURCE_ROOT;
		};
		92BA21D407AAF1EF00DBA913 = {
			fileEncoding = 30;
			isa = PBXFileReference;
			lastKnownFileType = text;
			name = russian.txt;
			path = lang/unfinished/russian.txt;
			refType = 2;
			sourceTree = SOURCE_ROOT;
		};
		92BA21D507AAF1EF00DBA913 = {
			fileEncoding = 30;
			isa = PBXFileReference;
			lastKnownFileType = text;
			name = turkish.txt;
			path = lang/unfinished/turkish.txt;
			refType = 2;
			sourceTree = SOURCE_ROOT;
		};
		92BA21D607AAF1EF00DBA913 = {
			fileEncoding = 30;
			isa = PBXFileReference;
			lastKnownFileType = sourcecode.c.c;
			path = landscape.c;
			refType = 2;
			sourceTree = SOURCE_ROOT;
		};
		92BA21D707AAF1EF00DBA913 = {
			fileEncoding = 30;
			isa = PBXFileReference;
			lastKnownFileType = text;
			path = "known-bugs.txt";
			refType = 2;
			sourceTree = SOURCE_ROOT;
		};
		92BA21D807AAF1EF00DBA913 = {
			fileEncoding = 30;
			isa = PBXFileReference;
			lastKnownFileType = sourcecode.c.c;
			path = intro_gui.c;
			refType = 2;
			sourceTree = SOURCE_ROOT;
		};
		92BA21D907AAF1EF00DBA913 = {
			fileEncoding = 30;
			isa = PBXFileReference;
			lastKnownFileType = sourcecode.c.c;
			path = industry_gui.c;
			refType = 2;
			sourceTree = SOURCE_ROOT;
		};
		92BA21DA07AAF1EF00DBA913 = {
			fileEncoding = 30;
			isa = PBXFileReference;
			lastKnownFileType = sourcecode.c.c;
			path = industry_cmd.c;
			refType = 2;
			sourceTree = SOURCE_ROOT;
		};
		92BA21DB07AAF1EF00DBA913 = {
			fileEncoding = 30;
			isa = PBXFileReference;
			lastKnownFileType = sourcecode.c.h;
			path = industry.h;
			refType = 2;
			sourceTree = SOURCE_ROOT;
		};
		92BA21DC07AAF1EF00DBA913 = {
			fileEncoding = 30;
			isa = PBXFileReference;
			lastKnownFileType = sourcecode.c.h;
			path = hal.h;
			refType = 2;
			sourceTree = SOURCE_ROOT;
		};
		92BA21DD07AAF1EF00DBA913 = {
			fileEncoding = 30;
			isa = PBXFileReference;
			lastKnownFileType = sourcecode.c.h;
			path = gui.h;
			refType = 2;
			sourceTree = SOURCE_ROOT;
		};
		92BA21DE07AAF1EF00DBA913 = {
			fileEncoding = 30;
			isa = PBXFileReference;
			lastKnownFileType = sourcecode.c.c;
			path = graph_gui.c;
			refType = 2;
			sourceTree = SOURCE_ROOT;
		};
		92BA21DF07AAF1EF00DBA913 = {
			fileEncoding = 30;
			isa = PBXFileReference;
			lastKnownFileType = sourcecode.c.h;
			path = gfx.h;
			refType = 2;
			sourceTree = SOURCE_ROOT;
		};
		92BA21E007AAF1EF00DBA913 = {
			fileEncoding = 30;
			isa = PBXFileReference;
			lastKnownFileType = sourcecode.c.c;
			path = gfx.c;
			refType = 2;
			sourceTree = SOURCE_ROOT;
		};
		92BA21E107AAF1EF00DBA913 = {
			fileEncoding = 30;
			isa = PBXFileReference;
			lastKnownFileType = sourcecode.c.h;
			path = functions.h;
			refType = 2;
			sourceTree = SOURCE_ROOT;
		};
		92BA21E207AAF1EF00DBA913 = {
			fileEncoding = 30;
			isa = PBXFileReference;
			lastKnownFileType = sourcecode.c.h;
			path = fileio.h;
			refType = 2;
			sourceTree = SOURCE_ROOT;
		};
		92BA21E307AAF1EF00DBA913 = {
			fileEncoding = 30;
			isa = PBXFileReference;
			lastKnownFileType = sourcecode.c.c;
			path = fileio.c;
			refType = 2;
			sourceTree = SOURCE_ROOT;
		};
		92BA21E407AAF1EF00DBA913 = {
			fileEncoding = 30;
			isa = PBXFileReference;
			lastKnownFileType = sourcecode.c.c;
			path = extmidi.c;
			refType = 2;
			sourceTree = SOURCE_ROOT;
		};
		92BA21E507AAF1EF00DBA913 = {
			fileEncoding = 30;
			isa = PBXFileReference;
			lastKnownFileType = sourcecode.c.c;
			path = engine_gui.c;
			refType = 2;
			sourceTree = SOURCE_ROOT;
		};
		92BA21E607AAF1EF00DBA913 = {
			fileEncoding = 30;
			isa = PBXFileReference;
			lastKnownFileType = sourcecode.c.h;
			path = engine.h;
			refType = 2;
			sourceTree = SOURCE_ROOT;
		};
		92BA21E707AAF1EF00DBA913 = {
			fileEncoding = 30;
			isa = PBXFileReference;
			lastKnownFileType = sourcecode.c.c;
			path = engine.c;
			refType = 2;
			sourceTree = SOURCE_ROOT;
		};
		92BA21E807AAF1EF00DBA913 = {
			fileEncoding = 30;
			isa = PBXFileReference;
			lastKnownFileType = sourcecode.c.c;
			path = endian_check.c;
			refType = 2;
			sourceTree = SOURCE_ROOT;
		};
		92BA21E907AAF1EF00DBA913 = {
			fileEncoding = 30;
			isa = PBXFileReference;
			lastKnownFileType = sourcecode.c.h;
			path = economy.h;
			refType = 2;
			sourceTree = SOURCE_ROOT;
		};
		92BA21EA07AAF1EF00DBA913 = {
			fileEncoding = 30;
			isa = PBXFileReference;
			lastKnownFileType = sourcecode.c.c;
			path = economy.c;
			refType = 2;
			sourceTree = SOURCE_ROOT;
		};
		92BA21EB07AAF1EF00DBA913 = {
			fileEncoding = 30;
			isa = PBXFileReference;
			lastKnownFileType = sourcecode.c.c;
			path = dummy_land.c;
			refType = 2;
			sourceTree = SOURCE_ROOT;
		};
		92BA21EC07AAF1EF00DBA913 = {
			children = (
				92BA21ED07AAF1EF00DBA913,
				92BA21EE07AAF1EF00DBA913,
				92BA21EF07AAF1EF00DBA913,
				92BA21F007AAF1EF00DBA913,
				92BA21F107AAF1EF00DBA913,
				92BA21F207AAF1EF00DBA913,
				92BA21F307AAF1EF00DBA913,
				92BA21F407AAF1EF00DBA913,
				92BA21F507AAF1EF00DBA913,
				92BA21F607AAF1EF00DBA913,
				92BA21F707AAF1EF00DBA913,
				92BA21F807AAF1EF00DBA913,
				92BA21F907AAF1EF00DBA913,
				92BA21FA07AAF1EF00DBA913,
				92BA21FB07AAF1EF00DBA913,
			);
			isa = PBXGroup;
			path = docs;
			refType = 2;
			sourceTree = SOURCE_ROOT;
		};
		92BA21ED07AAF1EF00DBA913 = {
			fileEncoding = 30;
			isa = PBXFileReference;
			lastKnownFileType = text;
			name = console.txt;
			path = docs/console.txt;
			refType = 2;
			sourceTree = SOURCE_ROOT;
		};
		92BA21EE07AAF1EF00DBA913 = {
			fileEncoding = 30;
			isa = PBXFileReference;
			lastKnownFileType = text;
			name = directmusic.txt;
			path = docs/directmusic.txt;
			refType = 2;
			sourceTree = SOURCE_ROOT;
		};
		92BA21EF07AAF1EF00DBA913 = {
			fileEncoding = 30;
			isa = PBXFileReference;
			lastKnownFileType = text;
			name = Howto_compile_lng_files_from_CLI.txt;
			path = docs/Howto_compile_lng_files_from_CLI.txt;
			refType = 2;
			sourceTree = SOURCE_ROOT;
		};
		92BA21F007AAF1EF00DBA913 = {
			fileEncoding = 30;
			isa = PBXFileReference;
			lastKnownFileType = text.html;
			name = landscape.html;
			path = docs/landscape.html;
			refType = 2;
			sourceTree = SOURCE_ROOT;
		};
		92BA21F107AAF1EF00DBA913 = {
			fileEncoding = 30;
			isa = PBXFileReference;
			lastKnownFileType = text;
			name = Manual.txt;
			path = docs/Manual.txt;
			refType = 2;
			sourceTree = SOURCE_ROOT;
		};
		92BA21F207AAF1EF00DBA913 = {
			fileEncoding = 30;
			isa = PBXFileReference;
			lastKnownFileType = text;
			name = multiplayer.txt;
			path = docs/multiplayer.txt;
			refType = 2;
			sourceTree = SOURCE_ROOT;
		};
		92BA21F307AAF1EF00DBA913 = {
			fileEncoding = 30;
			isa = PBXFileReference;
			lastKnownFileType = text;
			name = openttd.6;
			path = docs/openttd.6;
			refType = 2;
			sourceTree = SOURCE_ROOT;
		};
		92BA21F407AAF1EF00DBA913 = {
			fileEncoding = 30;
			isa = PBXFileReference;
			lastKnownFileType = text;
			name = OSX_where_did_the_package_go.txt;
			path = docs/OSX_where_did_the_package_go.txt;
			refType = 2;
			sourceTree = SOURCE_ROOT;
		};
		92BA21F507AAF1EF00DBA913 = {
			isa = PBXFileReference;
			lastKnownFileType = image.gif;
			name = "ottd-colour-palette.gif";
			path = "docs/ottd-colour-palette.gif";
			refType = 2;
			sourceTree = SOURCE_ROOT;
		};
		92BA21F607AAF1EF00DBA913 = {
			fileEncoding = 30;
			isa = PBXFileReference;
			lastKnownFileType = text;
			name = README_if_game_crashed_on_OSX.txt;
			path = docs/README_if_game_crashed_on_OSX.txt;
			refType = 2;
			sourceTree = SOURCE_ROOT;
		};
		92BA21F707AAF1EF00DBA913 = {
			fileEncoding = 30;
			isa = PBXFileReference;
			lastKnownFileType = text;
			name = Readme_Mandrake_Linux.txt;
			path = docs/Readme_Mandrake_Linux.txt;
			refType = 2;
			sourceTree = SOURCE_ROOT;
		};
		92BA21F807AAF1EF00DBA913 = {
			fileEncoding = 30;
			isa = PBXFileReference;
			lastKnownFileType = text;
			name = Readme_OS2.txt;
			path = docs/Readme_OS2.txt;
			refType = 2;
			sourceTree = SOURCE_ROOT;
		};
		92BA21F907AAF1EF00DBA913 = {
			fileEncoding = 30;
			isa = PBXFileReference;
			lastKnownFileType = text;
			name = Readme_Windows_MSVC6.0.txt;
			path = docs/Readme_Windows_MSVC6.0.txt;
			refType = 2;
			sourceTree = SOURCE_ROOT;
		};
		92BA21FA07AAF1EF00DBA913 = {
			fileEncoding = 30;
			isa = PBXFileReference;
			lastKnownFileType = text;
			name = textcolor.txt;
			path = docs/textcolor.txt;
			refType = 2;
			sourceTree = SOURCE_ROOT;
		};
		92BA21FB07AAF1EF00DBA913 = {
			isa = PBXFileReference;
			lastKnownFileType = image.png;
			name = tileh.png;
			path = docs/tileh.png;
			refType = 2;
			sourceTree = SOURCE_ROOT;
		};
		92BA21FC07AAF1EF00DBA913 = {
			fileEncoding = 30;
			isa = PBXFileReference;
			lastKnownFileType = sourcecode.c.c;
			path = dock_gui.c;
			refType = 2;
			sourceTree = SOURCE_ROOT;
		};
		92BA21FD07AAF1EF00DBA913 = {
			fileEncoding = 30;
			isa = PBXFileReference;
			lastKnownFileType = sourcecode.c.c;
			path = disaster_cmd.c;
			refType = 2;
			sourceTree = SOURCE_ROOT;
		};
		92BA21FE07AAF1EF00DBA913 = {
			fileEncoding = 30;
			isa = PBXFileReference;
			lastKnownFileType = sourcecode.c.c;
			path = dedicated.c;
			refType = 2;
			sourceTree = SOURCE_ROOT;
		};
		92BA21FF07AAF1EF00DBA913 = {
			children = (
				92BA220007AAF1EF00DBA913,
				92BA220107AAF1EF00DBA913,
				92BA220207AAF1EF00DBA913,
				92BA220307AAF1EF00DBA913,
				92BA220407AAF1EF00DBA913,
				92BA220507AAF1EF00DBA913,
				92BA220607AAF1EF00DBA913,
				92BA220707AAF1EF00DBA913,
				92BA220807AAF1EF00DBA913,
				92BA220907AAF1EF00DBA913,
				92BA220A07AAF1EF00DBA913,
				92BA220B07AAF1EF00DBA913,
			);
			isa = PBXGroup;
			path = data;
			refType = 2;
			sourceTree = SOURCE_ROOT;
		};
		92BA220007AAF1EF00DBA913 = {
			isa = PBXFileReference;
			lastKnownFileType = file;
			name = autorail.grf;
			path = data/autorail.grf;
			refType = 2;
			sourceTree = SOURCE_ROOT;
		};
		92BA220107AAF1EF00DBA913 = {
			isa = PBXFileReference;
			lastKnownFileType = file;
			name = canalsw.grf;
			path = data/canalsw.grf;
			refType = 2;
			sourceTree = SOURCE_ROOT;
		};
		92BA220207AAF1EF00DBA913 = {
			isa = PBXFileReference;
			lastKnownFileType = file;
			name = openttd.grf;
			path = data/openttd.grf;
			refType = 2;
			sourceTree = SOURCE_ROOT;
		};
		92BA220307AAF1EF00DBA913 = {
			isa = PBXFileReference;
			lastKnownFileType = file;
			name = opntitle.dat;
			path = data/opntitle.dat;
			refType = 2;
			sourceTree = SOURCE_ROOT;
		};
		92BA220407AAF1EF00DBA913 = {
			isa = PBXFileReference;
			lastKnownFileType = file;
			name = sample.cat;
			path = data/sample.cat;
			refType = 2;
			sourceTree = SOURCE_ROOT;
		};
		92BA220507AAF1EF00DBA913 = {
			isa = PBXFileReference;
			lastKnownFileType = file;
			name = signalsw.grf;
			path = data/signalsw.grf;
			refType = 2;
			sourceTree = SOURCE_ROOT;
		};
		92BA220607AAF1EF00DBA913 = {
			isa = PBXFileReference;
			lastKnownFileType = file;
			name = trg1r.grf;
			path = data/trg1r.grf;
			refType = 2;
			sourceTree = SOURCE_ROOT;
		};
		92BA220707AAF1EF00DBA913 = {
			isa = PBXFileReference;
			lastKnownFileType = file;
			name = trgcr.grf;
			path = data/trgcr.grf;
			refType = 2;
			sourceTree = SOURCE_ROOT;
		};
		92BA220807AAF1EF00DBA913 = {
			isa = PBXFileReference;
			lastKnownFileType = file;
			name = trghr.grf;
			path = data/trghr.grf;
			refType = 2;
			sourceTree = SOURCE_ROOT;
		};
		92BA220907AAF1EF00DBA913 = {
			isa = PBXFileReference;
			lastKnownFileType = file;
			name = trgir.grf;
			path = data/trgir.grf;
			refType = 2;
			sourceTree = SOURCE_ROOT;
		};
		92BA220A07AAF1EF00DBA913 = {
			isa = PBXFileReference;
			lastKnownFileType = file;
			name = trgtr.grf;
			path = data/trgtr.grf;
			refType = 2;
			sourceTree = SOURCE_ROOT;
		};
		92BA220B07AAF1EF00DBA913 = {
			isa = PBXFileReference;
			lastKnownFileType = file;
			name = trkfoundw.grf;
			path = data/trkfoundw.grf;
			refType = 2;
			sourceTree = SOURCE_ROOT;
		};
		92BA220C07AAF1EF00DBA913 = {
			fileEncoding = 30;
			isa = PBXFileReference;
			lastKnownFileType = text;
			path = COPYING;
			refType = 2;
			sourceTree = SOURCE_ROOT;
		};
		92BA220D07AAF1EF00DBA913 = {
			fileEncoding = 30;
			isa = PBXFileReference;
			lastKnownFileType = sourcecode.c.c;
			path = console_cmds.c;
			refType = 2;
			sourceTree = SOURCE_ROOT;
		};
		92BA220E07AAF1EF00DBA913 = {
			fileEncoding = 30;
			isa = PBXFileReference;
			lastKnownFileType = sourcecode.c.h;
			path = command.h;
			refType = 2;
			sourceTree = SOURCE_ROOT;
		};
		92BA220F07AAF1EF00DBA913 = {
			fileEncoding = 30;
			isa = PBXFileReference;
			lastKnownFileType = sourcecode.c.c;
			path = command.c;
			refType = 2;
			sourceTree = SOURCE_ROOT;
		};
		92BA221007AAF1EF00DBA913 = {
			fileEncoding = 30;
			isa = PBXFileReference;
			lastKnownFileType = sourcecode.c.c;
			path = clear_cmd.c;
			refType = 2;
			sourceTree = SOURCE_ROOT;
		};
		92BA221107AAF1EF00DBA913 = {
			fileEncoding = 30;
			isa = PBXFileReference;
			lastKnownFileType = text;
			path = changelog.txt;
			refType = 2;
			sourceTree = SOURCE_ROOT;
		};
		92BA221207AAF1EF00DBA913 = {
			fileEncoding = 30;
			isa = PBXFileReference;
			lastKnownFileType = sourcecode.c.h;
			path = callback_table.h;
			refType = 2;
			sourceTree = SOURCE_ROOT;
		};
		92BA221307AAF1EF00DBA913 = {
			fileEncoding = 30;
			isa = PBXFileReference;
			lastKnownFileType = sourcecode.c.c;
			path = callback_table.c;
			refType = 2;
			sourceTree = SOURCE_ROOT;
		};
		92BA221407AAF1EF00DBA913 = {
			fileEncoding = 30;
			isa = PBXFileReference;
			lastKnownFileType = sourcecode.c.c;
			path = bridge_gui.c;
			refType = 2;
			sourceTree = SOURCE_ROOT;
		};
		92BA221507AAF1EF00DBA913 = {
			fileEncoding = 30;
			isa = PBXFileReference;
			lastKnownFileType = sourcecode.c.h;
			path = aystar.h;
			refType = 2;
			sourceTree = SOURCE_ROOT;
		};
		92BA221607AAF1EF00DBA913 = {
			fileEncoding = 30;
			isa = PBXFileReference;
			lastKnownFileType = sourcecode.c.c;
			path = aystar.c;
			refType = 2;
			sourceTree = SOURCE_ROOT;
		};
		92BA221707AAF1EF00DBA913 = {
			fileEncoding = 30;
			isa = PBXFileReference;
			lastKnownFileType = sourcecode.c.h;
			path = airport_movement.h;
			refType = 2;
			sourceTree = SOURCE_ROOT;
		};
		92BA221807AAF1EF00DBA913 = {
			fileEncoding = 30;
			isa = PBXFileReference;
			lastKnownFileType = sourcecode.c.c;
			path = airport_gui.c;
			refType = 2;
			sourceTree = SOURCE_ROOT;
		};
		92BA221907AAF1EF00DBA913 = {
			fileEncoding = 30;
			isa = PBXFileReference;
			lastKnownFileType = sourcecode.c.h;
			path = airport.h;
			refType = 2;
			sourceTree = SOURCE_ROOT;
		};
		92BA221A07AAF1EF00DBA913 = {
			fileEncoding = 30;
			isa = PBXFileReference;
			lastKnownFileType = sourcecode.c.c;
			path = airport.c;
			refType = 2;
			sourceTree = SOURCE_ROOT;
		};
		92BA221B07AAF1EF00DBA913 = {
			fileEncoding = 30;
			isa = PBXFileReference;
			lastKnownFileType = sourcecode.c.c;
			path = aircraft_gui.c;
			refType = 2;
			sourceTree = SOURCE_ROOT;
		};
		92BA221C07AAF1EF00DBA913 = {
			fileEncoding = 30;
			isa = PBXFileReference;
			lastKnownFileType = sourcecode.c.c;
			path = aircraft_cmd.c;
			refType = 2;
			sourceTree = SOURCE_ROOT;
		};
		92BA221D07AAF1EF00DBA913 = {
			fileEncoding = 30;
			isa = PBXFileReference;
			lastKnownFileType = sourcecode.c.c;
			path = ai_shared.c;
			refType = 2;
			sourceTree = SOURCE_ROOT;
		};
		92BA221E07AAF1EF00DBA913 = {
			fileEncoding = 30;
			isa = PBXFileReference;
			lastKnownFileType = sourcecode.c.c;
			path = ai_pathfinder.c;
			refType = 2;
			sourceTree = SOURCE_ROOT;
		};
		92BA221F07AAF1EF00DBA913 = {
			fileEncoding = 30;
			isa = PBXFileReference;
			lastKnownFileType = sourcecode.c.c;
			path = ai_new.c;
			refType = 2;
			sourceTree = SOURCE_ROOT;
		};
		92BA222007AAF1EF00DBA913 = {
			fileEncoding = 30;
			isa = PBXFileReference;
			lastKnownFileType = sourcecode.c.c;
			path = ai_build.c;
			refType = 2;
			sourceTree = SOURCE_ROOT;
		};
		92BA222107AAF1EF00DBA913 = {
			fileEncoding = 30;
			isa = PBXFileReference;
			lastKnownFileType = sourcecode.c.h;
			path = ai_new.h;
			refType = 2;
			sourceTree = SOURCE_ROOT;
		};
		92BA222207AAF1EF00DBA913 = {
			fileEncoding = 30;
			isa = PBXFileReference;
			lastKnownFileType = sourcecode.c.c;
			path = ai_old.c;
			refType = 2;
			sourceTree = SOURCE_ROOT;
		};
		92BA222C07AAF30200DBA913 = {
			buildArgumentsString = "$(ACTION) OSX=1 STATIC=1 DEBUG=1";
			buildPhases = (
			);
			buildSettings = {
				C_INCLUDE_PATH = "/sw/include:/sw/include/SDL";
				OTHER_LDFLAGS = "";
				OTHER_REZFLAGS = "";
				PATH = "/sw/bin:/sw/sbin:/bin:/sbin:/usr/bin:/usr/sbin";
				PRODUCT_NAME = openttd;
				SECTORDER_FLAGS = "";
				WARNING_CFLAGS = "";
			};
			buildToolPath = /usr/bin/make;
			buildWorkingDirectory = "";
			dependencies = (
			);
			isa = PBXLegacyTarget;
			name = openttd;
			passBuildSettingsInEnvironment = 1;
			productName = open;
		};
//920
//921
//922
//923
//924
//C60
//C61
//C62
//C63
//C64
		C6A0FF2B0290797F04C91782 = {
			children = (
			);
			isa = PBXGroup;
			name = Documentation;
			refType = 4;
			sourceTree = "<group>";
		};
	};
	rootObject = 08FB7793FE84155DC02AAC07;
}
